
Microsoft Visual Studio Solution File, Format Version 12.00
# Visual Studio Version 17
VisualStudioVersion = 17.2.32630.192
MinimumVisualStudioVersion = 10.0.40219.1
Project("{2150E333-8FDC-42A3-9474-1A3956D46DE8}") = "01.First Steps in Coding-Lab", "01.First Steps in Coding-Lab", "{F381346F-CB49-4CAF-A918-8FD38443DCE5}"
EndProject
Project("{9A19103F-16F7-4668-BE54-9A1E7A4F7556}") = "01. Hello SoftUni", "01. Hello SoftUni\01. Hello SoftUni.csproj", "{60BE2971-F7CD-49A9-BB74-F809D5EF82C0}"
EndProject
Project("{9A19103F-16F7-4668-BE54-9A1E7A4F7556}") = "02. Nums 1to10", "02. Nums 1to10\02. Nums 1to10.csproj", "{805746A5-42D1-4BAA-A758-784FAFF3A2C9}"
EndProject
Project("{9A19103F-16F7-4668-BE54-9A1E7A4F7556}") = "03. Rectangle Area", "03. Rectangle Area\03. Rectangle Area.csproj", "{7440A620-1CB4-4AE0-951D-A2A9A990AB2E}"
EndProject
Project("{9A19103F-16F7-4668-BE54-9A1E7A4F7556}") = "04. Inches to Centimeters", "04. Inches to Centimeters\04. Inches to Centimeters.csproj", "{8D397DB0-317B-4038-88E1-192D3F9C93C0}"
EndProject
Project("{9A19103F-16F7-4668-BE54-9A1E7A4F7556}") = "05. Greeting by Name", "05. Greeting by Name\05. Greeting by Name.csproj", "{64D8C3CE-70B1-44B2-8FDE-7EA3FDA3E5AE}"
EndProject
Project("{9A19103F-16F7-4668-BE54-9A1E7A4F7556}") = "06. Concatenate Data", "06. Concatenate Data\06. Concatenate Data.csproj", "{FA59AA1C-F857-4065-B41E-A87DBE490073}"
EndProject
Project("{9A19103F-16F7-4668-BE54-9A1E7A4F7556}") = "07. Projects Creation", "07. Projects Creation\07. Projects Creation.csproj", "{081C77EE-FE6A-46AB-A791-5F75A6207F19}"
EndProject
Project("{9A19103F-16F7-4668-BE54-9A1E7A4F7556}") = "08. Pet Shop", "08. Pet Shop\08. Pet Shop.csproj", "{0FA0BD18-719B-4A84-A12A-9E76C508EA2F}"
EndProject
Project("{9A19103F-16F7-4668-BE54-9A1E7A4F7556}") = "09. Yard Greening", "09. Yard Greening\09. Yard Greening.csproj", "{F8A11544-BB7A-4E75-AB2B-E7AADDBF3686}"
EndProject
Project("{2150E333-8FDC-42A3-9474-1A3956D46DE8}") = "01.First Steps in Coding-Exersice", "01.First Steps in Coding-Exersice", "{8E962A73-9F01-4EF3-9F6F-02B7A8F4BA0D}"
EndProject
Project("{9A19103F-16F7-4668-BE54-9A1E7A4F7556}") = "01. USD to BGN", "01. USD to BGN\01. USD to BGN.csproj", "{95CC91D9-F210-4524-A1DB-CE32F9FA46EF}"
EndProject
Project("{9A19103F-16F7-4668-BE54-9A1E7A4F7556}") = "02. Radians to Degrees", "02. Radians to Degrees\02. Radians to Degrees.csproj", "{DD52DD6B-EEC3-47CE-96AF-52F30AB035DE}"
EndProject
Project("{9A19103F-16F7-4668-BE54-9A1E7A4F7556}") = "03. Deposit Calculator", "03. Deposit Calculator\03. Deposit Calculator.csproj", "{0C42DDA3-B6F2-4031-AF12-B13A591A61B3}"
EndProject
Project("{9A19103F-16F7-4668-BE54-9A1E7A4F7556}") = "04. Vacation Books List", "04. Vacation Books List\04. Vacation Books List.csproj", "{20A15A87-7C7D-44B9-8B60-F37CE26B82F4}"
EndProject
Project("{9A19103F-16F7-4668-BE54-9A1E7A4F7556}") = "05. Supplies for School", "05. Supplies for School\05. Supplies for School.csproj", "{E3A22309-B2C5-46E1-8BBB-07995C0A272F}"
EndProject
Project("{9A19103F-16F7-4668-BE54-9A1E7A4F7556}") = "06. Repainting", "06. Repainting\06. Repainting.csproj", "{330C9C32-2CB2-4CE0-A58E-D16E3F68820E}"
EndProject
Project("{9A19103F-16F7-4668-BE54-9A1E7A4F7556}") = "07. Food Delivery", "07. Food Delivery\07. Food Delivery.csproj", "{7037CED2-9498-4445-AC1D-BC0F268141DA}"
EndProject
Project("{9A19103F-16F7-4668-BE54-9A1E7A4F7556}") = "08. Basketball Equipment", "08. Basketball Equipment\08. Basketball Equipment.csproj", "{B671281A-244B-40C0-8011-E3042D4B20C8}"
EndProject
Project("{9A19103F-16F7-4668-BE54-9A1E7A4F7556}") = "09.Fish Tank", "09.Fish Tank\09.Fish Tank.csproj", "{2861CE2D-26AB-40CB-93BB-323326999239}"
EndProject
Project("{9A19103F-16F7-4668-BE54-9A1E7A4F7556}") = "091.Tasks", "091.Tasks\091.Tasks.csproj", "{FF9D1642-660E-47FB-A5BF-1708991C63FD}"
EndProject
Project("{2150E333-8FDC-42A3-9474-1A3956D46DE8}") = "02.Conditional Statements-Lab", "02.Conditional Statements-Lab", "{FC9ED863-B440-430A-8549-1CFB5EAC8D7E}"
EndProject
Project("{2150E333-8FDC-42A3-9474-1A3956D46DE8}") = "02.Conditional Statements-Exe", "02.Conditional Statements-Exe", "{DD6D8C6F-2256-4E43-83D7-A18FD033A02C}"
EndProject
Project("{9A19103F-16F7-4668-BE54-9A1E7A4F7556}") = "01. Excellent Resulttt", "01. Excellent Resulttt\01. Excellent Resulttt.csproj", "{95A1B955-6D6F-4CB9-9772-C07541416A3D}"
EndProject
Project("{9A19103F-16F7-4668-BE54-9A1E7A4F7556}") = "02. Greater Number", "02. Greater Number\02. Greater Number.csproj", "{2E3B78C0-8833-4AA2-8031-70E82FBAACCC}"
EndProject
Project("{9A19103F-16F7-4668-BE54-9A1E7A4F7556}") = "03. Even or Odd", "03. Even or Odd\03. Even or Odd.csproj", "{C5AA8D15-AE54-44FC-BBE4-5B044BEF4A78}"
EndProject
Project("{9A19103F-16F7-4668-BE54-9A1E7A4F7556}") = "04. Password Guess", "04. Password Guess\04. Password Guess.csproj", "{C61F8C53-7D61-4AB1-B162-93D9DEA68ABE}"
EndProject
Project("{9A19103F-16F7-4668-BE54-9A1E7A4F7556}") = "05. Number 100 to 200", "05. Number 100 to 200\05. Number 100 to 200.csproj", "{308E92ED-F8FA-4319-BE72-358D4D0F9146}"
EndProject
Project("{9A19103F-16F7-4668-BE54-9A1E7A4F7556}") = "06. Speed Info", "06. Speed Info\06. Speed Info.csproj", "{6911C848-3856-45DD-AC0F-ED7929F38358}"
EndProject
Project("{9A19103F-16F7-4668-BE54-9A1E7A4F7556}") = "07. Area of Figures", "07. Area of Figures\07. Area of Figures.csproj", "{DF406328-7D44-438F-897C-679E06C87F4F}"
EndProject
Project("{9A19103F-16F7-4668-BE54-9A1E7A4F7556}") = "01. Sum Seconds", "01. Sum Seconds\01. Sum Seconds.csproj", "{BC786B12-3B4E-4B1D-BC93-09476B466B6F}"
EndProject
Project("{9A19103F-16F7-4668-BE54-9A1E7A4F7556}") = "02. Bonus Score", "02. Bonus Score\02. Bonus Score.csproj", "{C21E4660-335E-4426-A3F9-A7257A21483B}"
EndProject
Project("{9A19103F-16F7-4668-BE54-9A1E7A4F7556}") = "03. Time + 15 Minutes", "03. Time + 15 Minutes\03. Time + 15 Minutes.csproj", "{C54B9483-AD74-4AA6-BF45-EC0D8FD348CF}"
EndProject
Project("{9A19103F-16F7-4668-BE54-9A1E7A4F7556}") = "04. Toy Shop", "04. Toy Shop\04. Toy Shop.csproj", "{D0386707-6A0E-4740-839A-E10307F405F2}"
EndProject
Project("{9A19103F-16F7-4668-BE54-9A1E7A4F7556}") = "05. Godzilla vs. Kong", "05. Godzilla vs. Kong\05. Godzilla vs. Kong.csproj", "{268182A2-D14C-4A42-BA4A-F8DD7BADC32B}"
EndProject
Project("{9A19103F-16F7-4668-BE54-9A1E7A4F7556}") = "06. World Swimming Record", "06. World Swimming Record\06. World Swimming Record.csproj", "{469F164D-83AA-4AF5-A4B3-F429CC104417}"
EndProject
Project("{9A19103F-16F7-4668-BE54-9A1E7A4F7556}") = "07. Shopping", "07. Shopping\07. Shopping.csproj", "{2D1EAFCB-B061-4D23-8703-47E5EA1D06F4}"
EndProject
Project("{9A19103F-16F7-4668-BE54-9A1E7A4F7556}") = "08. Lunch Break", "08. Lunch Break\08. Lunch Break.csproj", "{42570FEF-64EC-47C3-9E93-B994A18AD8FF}"
EndProject
Project("{2150E333-8FDC-42A3-9474-1A3956D46DE8}") = "03.Conditional Statements Advanced-Lab", "03.Conditional Statements Advanced-Lab", "{6F218E2A-4C89-4A24-A1FF-BD648DB95BEF}"
EndProject
Project("{2150E333-8FDC-42A3-9474-1A3956D46DE8}") = "03.Conditional Statements Advanced-Exe", "03.Conditional Statements Advanced-Exe", "{7F1F4F02-23FC-4347-A379-70C04A27BBB8}"
EndProject
Project("{9A19103F-16F7-4668-BE54-9A1E7A4F7556}") = "01. Day of Week", "01. Day of Week\01. Day of Week.csproj", "{AF7D42DE-0506-482E-9FEE-78C0ED186F47}"
EndProject
Project("{9A19103F-16F7-4668-BE54-9A1E7A4F7556}") = "02.Weekend or Working Day", "02.Weekend or Working Day\02.Weekend or Working Day.csproj", "{762BD9FF-1C4A-4C0F-BBB9-B85D6FDBEBE1}"
EndProject
Project("{9A19103F-16F7-4668-BE54-9A1E7A4F7556}") = "03. Animal Type", "03. Animal Type\03. Animal Type.csproj", "{EF39AA5D-3191-4B02-BB27-2BCFB6AD9A5E}"
EndProject
Project("{9A19103F-16F7-4668-BE54-9A1E7A4F7556}") = "04. Personal Titles", "04. Personal Titles\04. Personal Titles.csproj", "{346EDDAF-BF4E-4EAD-BD44-BACC9EC3BFB9}"
EndProject
Project("{9A19103F-16F7-4668-BE54-9A1E7A4F7556}") = "05. Small Shop", "05. Small Shop\05. Small Shop.csproj", "{609AB37E-C261-4515-88D7-225F8FCEDE32}"
EndProject
Project("{9A19103F-16F7-4668-BE54-9A1E7A4F7556}") = "06. Number in Range", "06. Number in Range\06. Number in Range.csproj", "{828E208B-A3AC-425B-81C2-D2905983313C}"
EndProject
Project("{9A19103F-16F7-4668-BE54-9A1E7A4F7556}") = "07.Working Hours", "07.Working Hours\07.Working Hours.csproj", "{38FD33A4-4570-41E2-B5B0-7513FD12DF4C}"
EndProject
Project("{9A19103F-16F7-4668-BE54-9A1E7A4F7556}") = "08.Cinema Ticket", "08.Cinema Ticket\08.Cinema Ticket.csproj", "{CD58EB77-18F4-4A57-A092-B30F1C3B7E86}"
EndProject
Project("{9A19103F-16F7-4668-BE54-9A1E7A4F7556}") = "09. Fruit or Vegetable", "09. Fruit or Vegetable\09. Fruit or Vegetable.csproj", "{D11C70EB-D5BC-4F69-91D8-749BC7B91723}"
EndProject
Project("{9A19103F-16F7-4668-BE54-9A1E7A4F7556}") = "10. Invalid Number", "10. Invalid Number\10. Invalid Number.csproj", "{504C73A9-FEBD-461E-BC7E-27E700F9BEF2}"
EndProject
Project("{9A19103F-16F7-4668-BE54-9A1E7A4F7556}") = "11. Fruit Shop", "11. Fruit Shop\11. Fruit Shop.csproj", "{CEB068E3-6F30-4F01-93AE-B76F3CEF473C}"
EndProject
Project("{9A19103F-16F7-4668-BE54-9A1E7A4F7556}") = "12. Trade Commissions", "12. Trade Commissions\12. Trade Commissions.csproj", "{0E05DD2A-72C5-4E21-8163-A6EF7D34C64C}"
EndProject
Project("{9A19103F-16F7-4668-BE54-9A1E7A4F7556}") = "01. Cinema", "01. Cinema\01. Cinema.csproj", "{740893B8-F43C-46F9-9169-1D004FB41861}"
EndProject
Project("{9A19103F-16F7-4668-BE54-9A1E7A4F7556}") = "02. Summer Outfit", "02. Summer Outfit\02. Summer Outfit.csproj", "{F56F52BD-58EE-451B-A4FC-4D56CF5D26BD}"
EndProject
Project("{9A19103F-16F7-4668-BE54-9A1E7A4F7556}") = "03. New House", "03. New House\03. New House.csproj", "{BCD46425-7CDC-4DB1-AEAA-2571673930C0}"
EndProject
Project("{9A19103F-16F7-4668-BE54-9A1E7A4F7556}") = "04. Fishing Boat", "04. Fishing Boat\04. Fishing Boat.csproj", "{F5D3B873-B9EC-4713-900A-F1E673440E0F}"
EndProject
Project("{9A19103F-16F7-4668-BE54-9A1E7A4F7556}") = "05. Journey", "05. Journey\05. Journey.csproj", "{3A901877-3C3D-49AB-BC77-B65360D15529}"
EndProject
Project("{9A19103F-16F7-4668-BE54-9A1E7A4F7556}") = "06. Operations Between Numbers", "06. Operations Between Numbers\06. Operations Between Numbers.csproj", "{73B19A4B-2D10-4FC2-B231-8FC779956DB3}"
EndProject
Project("{9A19103F-16F7-4668-BE54-9A1E7A4F7556}") = "07. Hotel Room", "07. Hotel Room\07. Hotel Room.csproj", "{5B3A934D-1AC3-4300-A83E-6C70A5FAADBB}"
EndProject
Project("{9A19103F-16F7-4668-BE54-9A1E7A4F7556}") = "08. On Time for the Exam", "08. On Time for the Exam\08. On Time for the Exam.csproj", "{1F608DE6-E0D8-4289-B142-6D6C4097B47F}"
EndProject
Project("{9A19103F-16F7-4668-BE54-9A1E7A4F7556}") = "09. Ski Trip", "09. Ski Trip\09. Ski Trip.csproj", "{57016186-AC24-4705-9C78-B19348AAD635}"
EndProject
Project("{2150E333-8FDC-42A3-9474-1A3956D46DE8}") = "04.For Loop-Lab", "04.For Loop-Lab", "{5512518C-D303-4DAE-BF02-EB7E0C59CEFD}"
EndProject
Project("{2150E333-8FDC-42A3-9474-1A3956D46DE8}") = "04.For Loop-Exe", "04.For Loop-Exe", "{49F0DADE-8BF5-4F6E-BDD5-21AB50B077DE}"
EndProject
Project("{9A19103F-16F7-4668-BE54-9A1E7A4F7556}") = "01. Numbers from 1 to 100", "01. Numbers from 1 to 100\01. Numbers from 1 to 100.csproj", "{D76B2A5A-7034-46A7-A450-BCCB389773BB}"
EndProject
Project("{9A19103F-16F7-4668-BE54-9A1E7A4F7556}") = "02. Numbers N. to 1", "02. Numbers N. to 1\02. Numbers N. to 1.csproj", "{AA492CD0-8DFC-4D90-AEE1-A6D835F6CF22}"
EndProject
Project("{9A19103F-16F7-4668-BE54-9A1E7A4F7556}") = "03. Numbers 1.N with Step 3", "03. Numbers 1.N with Step 3\03. Numbers 1.N with Step 3.csproj", "{E6378E65-F49E-4059-A91D-59390AAA9DD7}"
EndProject
Project("{9A19103F-16F7-4668-BE54-9A1E7A4F7556}") = "04. Even Powers of 2", "04. Even Powers of 2\04. Even Powers of 2.csproj", "{B3F1BA14-BC08-424B-B00F-C58E46725F44}"
EndProject
Project("{9A19103F-16F7-4668-BE54-9A1E7A4F7556}") = "05. Character Sequence", "05. Character Sequence\05. Character Sequence.csproj", "{22F6C06E-786C-4E27-90BA-C5E13B071E99}"
EndProject
Project("{9A19103F-16F7-4668-BE54-9A1E7A4F7556}") = "06. Vowels Sum", "06. Vowels Sum\06. Vowels Sum.csproj", "{7858850A-7B8F-4067-AEE2-CF3EE9E82323}"
EndProject
Project("{9A19103F-16F7-4668-BE54-9A1E7A4F7556}") = "07. Sum Numbers", "07. Sum Numbers\07. Sum Numbers.csproj", "{4ABB6951-1C9E-42D7-BE92-88CA84ADDDDC}"
EndProject
Project("{9A19103F-16F7-4668-BE54-9A1E7A4F7556}") = "08. Number sequence", "08. Number sequence\08. Number sequence.csproj", "{D93BC387-0E3B-4A4B-B3D0-E8A3E25F4653}"
EndProject
Project("{9A19103F-16F7-4668-BE54-9A1E7A4F7556}") = "09. Left and Right Sum", "09. Left and Right Sum\09. Left and Right Sum.csproj", "{8F296CC2-F411-421D-9BFD-AEE77548BD5F}"
EndProject
Project("{9A19103F-16F7-4668-BE54-9A1E7A4F7556}") = "10. Odd Even Sum", "10. Odd Even Sum\10. Odd Even Sum.csproj", "{513CFDF3-995D-4505-A9F0-FE7A10B6FF6B}"
EndProject
Project("{9A19103F-16F7-4668-BE54-9A1E7A4F7556}") = "01. Numbers Ending in 7", "01. Numbers Ending in 7\01. Numbers Ending in 7.csproj", "{A268D202-87D0-4B7A-ACBA-FDC2F9535EF9}"
EndProject
Project("{9A19103F-16F7-4668-BE54-9A1E7A4F7556}") = "02. Half Sum Element", "02. Half Sum Element\02. Half Sum Element.csproj", "{FC250DF8-EEB1-4857-A5F5-AE0E4806CAE6}"
EndProject
Project("{9A19103F-16F7-4668-BE54-9A1E7A4F7556}") = "03. Histogram", "03. Histogram\03. Histogram.csproj", "{70969129-2153-470A-8AB3-C0B590FC588E}"
EndProject
Project("{9A19103F-16F7-4668-BE54-9A1E7A4F7556}") = "04. Clever Lily", "04. Clever Lily\04. Clever Lily.csproj", "{0C41DF9F-A1B8-4D26-90C2-20E447573C80}"
EndProject
Project("{9A19103F-16F7-4668-BE54-9A1E7A4F7556}") = "05. Salary", "05. Salary\05. Salary.csproj", "{BEB52278-65A6-4142-B1F4-1B5F079EC1F6}"
EndProject
Project("{9A19103F-16F7-4668-BE54-9A1E7A4F7556}") = "06. Oscars", "06. Oscars\06. Oscars.csproj", "{8C1606DD-EB08-423A-B2F6-66D4DC06E18D}"
EndProject
Project("{9A19103F-16F7-4668-BE54-9A1E7A4F7556}") = "07. Trekking Mania", "07. Trekking Mania\07. Trekking Mania.csproj", "{8CD00116-0D88-4472-B219-FCC242AAA4B0}"
EndProject
Project("{9A19103F-16F7-4668-BE54-9A1E7A4F7556}") = "08. Tennis Ranklist", "08. Tennis Ranklist\08. Tennis Ranklist.csproj", "{A89F46E0-5233-4042-AF96-81FB8455D385}"
EndProject
Project("{2150E333-8FDC-42A3-9474-1A3956D46DE8}") = "05. While Loop-Lab", "05. While Loop-Lab", "{115AEA38-196D-4683-A1FB-9A8E3A4BF298}"
EndProject
Project("{2150E333-8FDC-42A3-9474-1A3956D46DE8}") = "05.While Loop-Exe", "05.While Loop-Exe", "{6BC99A86-5965-4E11-9B84-601B4A463F85}"
EndProject
Project("{9A19103F-16F7-4668-BE54-9A1E7A4F7556}") = "01. Read Text", "01. Read Text\01. Read Text.csproj", "{7CB577D1-2E6E-45E8-9F53-CD86D29C4202}"
EndProject
Project("{9A19103F-16F7-4668-BE54-9A1E7A4F7556}") = "02. Password", "02. Password\02. Password.csproj", "{145014E1-E789-480F-91C5-2820159516B4}"
EndProject
Project("{9A19103F-16F7-4668-BE54-9A1E7A4F7556}") = "03. Sum Numbers", "03. Sum Numbers\03. Sum Numbers.csproj", "{210E607B-B035-48B3-933C-0B7B78F1401C}"
EndProject
Project("{9A19103F-16F7-4668-BE54-9A1E7A4F7556}") = "04. Sequence 2k+1", "04. Sequence 2k+1\04. Sequence 2k+1.csproj", "{F66DBD0A-9529-4800-BA96-10872E0AE80B}"
EndProject
Project("{9A19103F-16F7-4668-BE54-9A1E7A4F7556}") = "05. Account Balance", "05. Account Balance\05. Account Balance.csproj", "{35AD46FC-6EDA-4747-8B44-A7E0A8A85D10}"
EndProject
Project("{9A19103F-16F7-4668-BE54-9A1E7A4F7556}") = "06. Max Number", "06. Max Number\06. Max Number.csproj", "{808241A1-328D-4715-B88D-5F5AC34AF5E7}"
EndProject
Project("{9A19103F-16F7-4668-BE54-9A1E7A4F7556}") = "07. Min Number", "07. Min Number\07. Min Number.csproj", "{11B38090-563C-4450-BDC8-A84FD011E06F}"
EndProject
Project("{9A19103F-16F7-4668-BE54-9A1E7A4F7556}") = "08. Graduation", "08. Graduation\08. Graduation.csproj", "{44D8DCBE-CD68-4529-AEB4-C57027753A0E}"
EndProject
Project("{9A19103F-16F7-4668-BE54-9A1E7A4F7556}") = "01. Old Books", "01. Old Books\01. Old Books.csproj", "{516B73D2-AD08-4EB6-A592-AC517D5CBA09}"
EndProject
Project("{9A19103F-16F7-4668-BE54-9A1E7A4F7556}") = "02. Exam Preparation", "02. Exam Preparation\02. Exam Preparation.csproj", "{5871CE87-2CD8-4273-903F-EA2AE33FAA95}"
EndProject
Project("{9A19103F-16F7-4668-BE54-9A1E7A4F7556}") = "03. Vacation", "03. Vacation\03. Vacation.csproj", "{5AD0D316-29D5-408B-8186-4368519F6DA2}"
EndProject
Project("{9A19103F-16F7-4668-BE54-9A1E7A4F7556}") = "04. Walking", "04. Walking\04. Walking.csproj", "{BDA85C38-55E2-4A89-9B3C-BB0294C52F29}"
EndProject
Project("{9A19103F-16F7-4668-BE54-9A1E7A4F7556}") = "05. Coins", "05. Coins\05. Coins.csproj", "{B3C2278D-D1FF-4779-B937-B00BF38882FB}"
EndProject
Project("{9A19103F-16F7-4668-BE54-9A1E7A4F7556}") = "06. Cake", "06. Cake\06. Cake.csproj", "{2B478EA3-D6E6-4C5D-ABF1-EDE5667BB281}"
EndProject
Project("{9A19103F-16F7-4668-BE54-9A1E7A4F7556}") = "07. Moving", "07. Moving\07. Moving.csproj", "{A3B41B63-78DC-49DF-9758-71CB3DFADBC9}"
EndProject
Project("{2150E333-8FDC-42A3-9474-1A3956D46DE8}") = "06.Nested Loops-Lab", "06.Nested Loops-Lab", "{A3B60715-0DA1-4E51-A87A-F2B5ED51EA75}"
EndProject
Project("{2150E333-8FDC-42A3-9474-1A3956D46DE8}") = "06.Nested Loops-Exe", "06.Nested Loops-Exe", "{901AFC11-E3FF-470B-AB0A-7585A56BB42E}"
EndProject
Project("{9A19103F-16F7-4668-BE54-9A1E7A4F7556}") = "01. Clock", "01. Clock\01. Clock.csproj", "{DB2E98E6-D367-4057-A2E7-7BA178B099B6}"
EndProject
Project("{9A19103F-16F7-4668-BE54-9A1E7A4F7556}") = "02. Multiplication Table", "02. Multiplication Table\02. Multiplication Table.csproj", "{49530869-3985-469E-8BD9-7120934755E4}"
EndProject
Project("{9A19103F-16F7-4668-BE54-9A1E7A4F7556}") = "03. Combinations", "03. Combinations\03. Combinations.csproj", "{E26761A7-322B-4C8D-B32A-FE3EBD82E630}"
EndProject
Project("{9A19103F-16F7-4668-BE54-9A1E7A4F7556}") = "04. Sum of Two Numbers", "04. Sum of Two Numbers\04. Sum of Two Numbers.csproj", "{7D8B8E02-0063-4EB6-AD86-4BED6065936D}"
EndProject
Project("{9A19103F-16F7-4668-BE54-9A1E7A4F7556}") = "05. Travelling", "05. Travelling\05. Travelling.csproj", "{89284CDF-829F-47DA-8E2D-274E57BE437B}"
EndProject
Project("{9A19103F-16F7-4668-BE54-9A1E7A4F7556}") = "06. Building", "06. Building\06. Building.csproj", "{6D71FF8C-F2E1-488D-8D0B-84AB6B49F490}"
EndProject
Project("{9A19103F-16F7-4668-BE54-9A1E7A4F7556}") = "01. Number Pyramid", "01. Number Pyramid\01. Number Pyramid.csproj", "{F8481320-AF73-4D13-A696-41B7E5DB536A}"
EndProject
Project("{9A19103F-16F7-4668-BE54-9A1E7A4F7556}") = "02. Equal Sums Even Odd Position", "02. Equal Sums Even Odd Position\02. Equal Sums Even Odd Position.csproj", "{1ED8BBED-1F05-41E9-8AB0-B938F27A0D8E}"
EndProject
Project("{9A19103F-16F7-4668-BE54-9A1E7A4F7556}") = "03. Sum Prime Non Prime", "03. Sum Prime Non Prime\03. Sum Prime Non Prime.csproj", "{F46D16DF-15F8-45E2-B4CC-34A7CB457A3F}"
EndProject
Project("{9A19103F-16F7-4668-BE54-9A1E7A4F7556}") = "04. Train The Trainers", "04. Train The Trainers\04. Train The Trainers.csproj", "{A61107FD-0BFF-4C13-871C-F6830A75C967}"
EndProject
Project("{9A19103F-16F7-4668-BE54-9A1E7A4F7556}") = "05. Special Numbers", "05. Special Numbers\05. Special Numbers.csproj", "{CF14C20A-F70D-41D4-91A2-B4751495640D}"
EndProject
Project("{9A19103F-16F7-4668-BE54-9A1E7A4F7556}") = "06. Cinema Tickets", "06. Cinema Tickets\06. Cinema Tickets.csproj", "{BDE99F02-9C46-4AC0-8904-B3B49398D176}"
EndProject
Project("{2150E333-8FDC-42A3-9474-1A3956D46DE8}") = "01.First Steps in Coding More Exersice", "01.First Steps in Coding More Exersice", "{5A48384C-5F52-417D-90D7-0F6FA184FBAA}"
EndProject
Project("{2150E333-8FDC-42A3-9474-1A3956D46DE8}") = "02.Conditional Statements-More Exersice", "02.Conditional Statements-More Exersice", "{C4DF4E9A-3CB4-48CE-93B2-1E3CA21463DD}"
EndProject
Project("{2150E333-8FDC-42A3-9474-1A3956D46DE8}") = "03.Conditional Statements-Advanced-More Ex", "03.Conditional Statements-Advanced-More Ex", "{B024A72F-798B-4E26-A6DC-C20D57BC187B}"
EndProject
Project("{2150E333-8FDC-42A3-9474-1A3956D46DE8}") = "04.For Loop-More Ex", "04.For Loop-More Ex", "{0934B832-D505-43B7-AAF3-B49BEBA9457A}"
EndProject
Project("{2150E333-8FDC-42A3-9474-1A3956D46DE8}") = "05.While Loop-More Ex", "05.While Loop-More Ex", "{9CF70B41-E007-4053-83DA-B4D0728ABD76}"
EndProject
Project("{2150E333-8FDC-42A3-9474-1A3956D46DE8}") = "06.Nested Loops-More Ex", "06.Nested Loops-More Ex", "{ACE9B9DD-6570-4D61-9645-6329DA205987}"
EndProject
Project("{9A19103F-16F7-4668-BE54-9A1E7A4F7556}") = "01. Trapeziod Area", "01. Trapeziod Area\01. Trapeziod Area.csproj", "{DCDD71F1-614D-48B8-8F54-338EA22859AF}"
EndProject
Project("{9A19103F-16F7-4668-BE54-9A1E7A4F7556}") = "02. Triangle Area", "02. Triangle Area\02. Triangle Area.csproj", "{637CB485-7EC7-421D-B1ED-1A1ED7029F70}"
EndProject
Project("{9A19103F-16F7-4668-BE54-9A1E7A4F7556}") = "03. Celsius to Fahrenheit", "03. Celsius to Fahrenheit\03. Celsius to Fahrenheit.csproj", "{67D89321-2AB5-490E-B9D0-74B84D203AEA}"
EndProject
Project("{9A19103F-16F7-4668-BE54-9A1E7A4F7556}") = "04. Vegetable Market", "04. Vegetable Market\04. Vegetable Market.csproj", "{46FD017B-DA8A-458A-A76B-1D020CBCC777}"
EndProject
Project("{9A19103F-16F7-4668-BE54-9A1E7A4F7556}") = "05. Training Lab", "05. Training Lab\05. Training Lab.csproj", "{36FE4C67-5A38-4966-AE86-682702C779F7}"
EndProject
Project("{9A19103F-16F7-4668-BE54-9A1E7A4F7556}") = "06. Fishland", "06. Fishland\06. Fishland.csproj", "{528C9D04-B0CE-49CD-8CD6-0C0FC6C205CE}"
EndProject
Project("{9A19103F-16F7-4668-BE54-9A1E7A4F7556}") = "07. House Painting", "07. House Painting\07. House Painting.csproj", "{88C77B4F-E76F-4E93-99BD-81AA3BAE8DB5}"
EndProject
Project("{9A19103F-16F7-4668-BE54-9A1E7A4F7556}") = "08. Circle Area and Perimeter", "08. Circle Area and Perimeter\08. Circle Area and Perimeter.csproj", "{C3BB1F5D-179F-443F-AD67-E467B13EFD42}"
EndProject
Project("{9A19103F-16F7-4668-BE54-9A1E7A4F7556}") = "09. Weather Forecast", "09. Weather Forecast\09. Weather Forecast.csproj", "{62D97570-01A3-4748-A808-C321805C7F1C}"
EndProject
Project("{9A19103F-16F7-4668-BE54-9A1E7A4F7556}") = "10. Weather Forecast - Part 2", "10. Weather Forecast - Part 2\10. Weather Forecast - Part 2.csproj", "{5896FBC4-34B9-4DED-A264-A8A893A983E9}"
EndProject
Project("{9A19103F-16F7-4668-BE54-9A1E7A4F7556}") = "01. Pipes In Pool", "01. Pipes In Pool\01. Pipes In Pool.csproj", "{DE9AE442-C3FE-4268-90DE-ECA5226ED81E}"
EndProject
Project("{9A19103F-16F7-4668-BE54-9A1E7A4F7556}") = "02. Sleepy Tom Cat", "02. Sleepy Tom Cat\02. Sleepy Tom Cat.csproj", "{8D219853-752F-401F-987C-A7B8B7190A9F}"
EndProject
Project("{9A19103F-16F7-4668-BE54-9A1E7A4F7556}") = "03. Harvest", "03. Harvest\03. Harvest.csproj", "{5760884E-258C-433A-B459-6655DB9BBCB7}"
EndProject
Project("{9A19103F-16F7-4668-BE54-9A1E7A4F7556}") = "04. Transport Price", "04. Transport Price\04. Transport Price.csproj", "{B586C44B-B9F0-44F7-A122-D44B11431882}"
EndProject
Project("{9A19103F-16F7-4668-BE54-9A1E7A4F7556}") = "05. Pets", "05. Pets\05. Pets.csproj", "{E7998684-1725-4B41-9479-AFDD0876A456}"
EndProject
Project("{9A19103F-16F7-4668-BE54-9A1E7A4F7556}") = "06. Flower Shop", "06. Flower Shop\06. Flower Shop.csproj", "{0B61837B-DF98-45AC-AF53-7D93FE505E53}"
EndProject
Project("{9A19103F-16F7-4668-BE54-9A1E7A4F7556}") = "07. Fuel Tank", "07. Fuel Tank\07. Fuel Tank.csproj", "{4B0FF8F6-C8C1-4FF6-BD5C-8E50E223D9B1}"
EndProject
Project("{9A19103F-16F7-4668-BE54-9A1E7A4F7556}") = "08. Fuel Tank - Part 2", "08. Fuel Tank - Part 2\08. Fuel Tank - Part 2.csproj", "{E8410C5C-A074-4D6D-A80B-EF3238CE0186}"
EndProject
Project("{9A19103F-16F7-4668-BE54-9A1E7A4F7556}") = "01. Match Tickets", "01. Match Tickets\01. Match Tickets.csproj", "{EAE2C7C1-076E-4FC7-BC96-E714028E4888}"
EndProject
Project("{9A19103F-16F7-4668-BE54-9A1E7A4F7556}") = "02. Bike Race", "02. Bike Race\02. Bike Race.csproj", "{7A050C59-A793-4158-ADA0-B899875C8A5A}"
EndProject
Project("{9A19103F-16F7-4668-BE54-9A1E7A4F7556}") = "03. Flowers", "03. Flowers\03. Flowers.csproj", "{7CEF60E2-5A92-4C40-B4C5-29715BB1AAB4}"
EndProject
Project("{9A19103F-16F7-4668-BE54-9A1E7A4F7556}") = "04. Car To Go", "04. Car To Go\04. Car To Go.csproj", "{ED2304F5-F74B-4D35-BC52-A9736196E6AD}"
EndProject
Project("{9A19103F-16F7-4668-BE54-9A1E7A4F7556}") = "05. Vacation", "05. Vacation\05. Vacation.csproj", "{2BFDFDF4-CC29-4622-A613-C00538DFEE7D}"
EndProject
Project("{9A19103F-16F7-4668-BE54-9A1E7A4F7556}") = "06. Truck Driver", "06. Truck Driver\06. Truck Driver.csproj", "{22277E76-7600-4883-9F30-2DAEC6073735}"
EndProject
Project("{9A19103F-16F7-4668-BE54-9A1E7A4F7556}") = "07. School Camp", "07. School Camp\07. School Camp.csproj", "{8BFBA7D1-31DB-4B99-9DCE-567B92D14C90}"
EndProject
Project("{9A19103F-16F7-4668-BE54-9A1E7A4F7556}") = "08. Point on Rectangle Border", "08. Point on Rectangle Border\08. Point on Rectangle Border.csproj", "{68C72521-39BD-41F8-9BD2-762DD2E9F768}"
EndProject
Project("{9A19103F-16F7-4668-BE54-9A1E7A4F7556}") = "09. Numbers from 1 to 10", "09. Numbers from 1 to 10\09. Numbers from 1 to 10.csproj", "{735C31C8-93C5-44C8-85ED-D1AF29045C71}"
EndProject
Project("{9A19103F-16F7-4668-BE54-9A1E7A4F7556}") = "10. Multiply by 2", "10. Multiply by 2\10. Multiply by 2.csproj", "{9315DFD9-6455-4CF4-9A32-D54FD6C9C831}"
EndProject
Project("{9A19103F-16F7-4668-BE54-9A1E7A4F7556}") = "01. Dishwasher", "01. Dishwasher\01. Dishwasher.csproj", "{8EBD44DD-CA55-4A36-9F8A-50AE4058812F}"
EndProject
Project("{9A19103F-16F7-4668-BE54-9A1E7A4F7556}") = "02. Report System", "02. Report System\02. Report System.csproj", "{D7DF7929-E1B5-4A4C-A846-8B37254707A2}"
EndProject
Project("{9A19103F-16F7-4668-BE54-9A1E7A4F7556}") = "03. Stream Of Letters", "03. Stream Of Letters\03. Stream Of Letters.csproj", "{D7158CF6-C6AB-4025-920A-0B0C8AF6F7C9}"
EndProject
Project("{9A19103F-16F7-4668-BE54-9A1E7A4F7556}") = "04. Numbers Divided by 3 Without Reminder", "04. Numbers Divided by 3 Without Reminder\04. Numbers Divided by 3 Without Reminder.csproj", "{48C8CCEE-2C9F-4D65-87C6-772206863416}"
EndProject
Project("{9A19103F-16F7-4668-BE54-9A1E7A4F7556}") = "05. Average Number", "05. Average Number\05. Average Number.csproj", "{61389443-7080-4598-BE4D-DA86B3005EA4}"
EndProject
Project("{9A19103F-16F7-4668-BE54-9A1E7A4F7556}") = "01. Back To The Past", "01. Back To The Past\01. Back To The Past.csproj", "{2CC93345-329F-454C-9E6A-7FDD287C8FEA}"
EndProject
Project("{9A19103F-16F7-4668-BE54-9A1E7A4F7556}") = "02. Hospital", "02. Hospital\02. Hospital.csproj", "{0F2518D0-A06A-42AA-9423-4D6FB94F34F2}"
EndProject
Project("{9A19103F-16F7-4668-BE54-9A1E7A4F7556}") = "03. Logistics", "03. Logistics\03. Logistics.csproj", "{6A7CBD78-B839-4627-9498-92190F678D86}"
EndProject
Project("{9A19103F-16F7-4668-BE54-9A1E7A4F7556}") = "04. Grades", "04. Grades\04. Grades.csproj", "{3FB1F14E-4C85-48E9-BBD3-DF687692ADC8}"
EndProject
Project("{9A19103F-16F7-4668-BE54-9A1E7A4F7556}") = "05. Game Of Intervals", "05. Game Of Intervals\05. Game Of Intervals.csproj", "{20664696-413E-49ED-A40A-01A59209728C}"
EndProject
Project("{9A19103F-16F7-4668-BE54-9A1E7A4F7556}") = "06. Bills", "06. Bills\06. Bills.csproj", "{E6F0B516-38E0-481B-B4F8-AED839B91301}"
EndProject
Project("{9A19103F-16F7-4668-BE54-9A1E7A4F7556}") = "07. Football League", "07. Football League\07. Football League.csproj", "{E4FE7A2C-5612-46B1-9102-CDE77F27F3E7}"
EndProject
Project("{9A19103F-16F7-4668-BE54-9A1E7A4F7556}") = "08. Equal Pairs", "08. Equal Pairs\08. Equal Pairs.csproj", "{76201572-CD1B-4710-8FD3-3E121A28BD1A}"
EndProject
Project("{9A19103F-16F7-4668-BE54-9A1E7A4F7556}") = "09. Clock", "09. Clock\09. Clock.csproj", "{1A1A94B9-CD61-4710-AC71-F9DAE5266330}"
EndProject
Project("{9A19103F-16F7-4668-BE54-9A1E7A4F7556}") = "10. Clock - part 2", "10. Clock - part 2\10. Clock - part 2.csproj", "{D775E8DB-4873-4911-994C-9C94CEF08E88}"
EndProject
Project("{9A19103F-16F7-4668-BE54-9A1E7A4F7556}") = "11. Odd  Even Position", "11. Odd  Even Position\11. Odd  Even Position.csproj", "{A36F765B-0996-473A-9939-6DB1AB3AD459}"
EndProject
Project("{FAE04EC0-301F-11D3-BF4B-00C04F79EFBC}") = "01. Unique PIN Codes", "01. Unique PIN Codes\01. Unique PIN Codes.csproj", "{11D4562F-C57C-4689-A440-7BE05C897C43}"
EndProject
Project("{FAE04EC0-301F-11D3-BF4B-00C04F79EFBC}") = "02. Letters Combinations", "02. Letters Combinations\02. Letters Combinations.csproj", "{716376DC-E77B-45C6-B954-B5A672428517}"
EndProject
Project("{FAE04EC0-301F-11D3-BF4B-00C04F79EFBC}") = "03. Lucky Numbers", "03. Lucky Numbers\03. Lucky Numbers.csproj", "{CD60247C-D563-4278-8CA1-327F906989D9}"
EndProject
Project("{FAE04EC0-301F-11D3-BF4B-00C04F79EFBC}") = "04. Car Number", "04. Car Number\04. Car Number.csproj", "{22C37054-2A00-4968-9967-DDAC703EB981}"
EndProject
Project("{FAE04EC0-301F-11D3-BF4B-00C04F79EFBC}") = "05. Challenge the Wedding", "05. Challenge the Wedding\05. Challenge the Wedding.csproj", "{8D07D6CE-FB9B-43CA-A323-F82339C93812}"
EndProject
Project("{FAE04EC0-301F-11D3-BF4B-00C04F79EFBC}") = "06. Wedding Seats", "06. Wedding Seats\06. Wedding Seats.csproj", "{BB3F5F17-E9D2-4DC2-A2DB-CA77C349D72D}"
EndProject
Project("{FAE04EC0-301F-11D3-BF4B-00C04F79EFBC}") = "07. Safe Passwords Generator", "07. Safe Passwords Generator\07. Safe Passwords Generator.csproj", "{C9B2E73F-FA18-4ECC-9567-FFF700F5C49C}"
EndProject
Project("{FAE04EC0-301F-11D3-BF4B-00C04F79EFBC}") = "08. Secret Door's Lock", "08. Secret Door's Lock\08. Secret Door's Lock.csproj", "{03AC1230-E3E8-40B9-971E-366B45ECD322}"
EndProject
Project("{FAE04EC0-301F-11D3-BF4B-00C04F79EFBC}") = "09. Sum of Two Numbers", "09. Sum of Two Numbers\09. Sum of Two Numbers.csproj", "{252AEE86-C9AB-4E07-8FC8-0C1CF4C25A96}"
EndProject
Project("{FAE04EC0-301F-11D3-BF4B-00C04F79EFBC}") = "10. Profit", "10. Profit\10. Profit.csproj", "{49D4BD8F-4B3D-4717-9C2E-BF879BB9851D}"
EndProject
Project("{FAE04EC0-301F-11D3-BF4B-00C04F79EFBC}") = "11. HappyCat Parking", "11. HappyCat Parking\11. HappyCat Parking.csproj", "{37D3C4CF-44D5-4638-AF5F-F20B6D62DA4B}"
EndProject
Project("{FAE04EC0-301F-11D3-BF4B-00C04F79EFBC}") = "12. The song of the wheels", "12. The song of the wheels\12. The song of the wheels.csproj", "{235718ED-7428-4352-B51D-6ADDCF945C03}"
EndProject
Project("{FAE04EC0-301F-11D3-BF4B-00C04F79EFBC}") = "13. Prime Pairs", "13. Prime Pairs\13. Prime Pairs.csproj", "{5F0453D1-67B0-4198-869E-F7401815A29F}"
EndProject
Project("{FAE04EC0-301F-11D3-BF4B-00C04F79EFBC}") = "14. Password Generator", "14. Password Generator\14. Password Generator.csproj", "{6E92A701-F2F7-4D06-99FE-CF6DB6F3CD91}"
EndProject
Global
	GlobalSection(SolutionConfigurationPlatforms) = preSolution
		Debug|Any CPU = Debug|Any CPU
		Release|Any CPU = Release|Any CPU
	EndGlobalSection
	GlobalSection(ProjectConfigurationPlatforms) = postSolution
		{60BE2971-F7CD-49A9-BB74-F809D5EF82C0}.Debug|Any CPU.ActiveCfg = Debug|Any CPU
		{60BE2971-F7CD-49A9-BB74-F809D5EF82C0}.Debug|Any CPU.Build.0 = Debug|Any CPU
		{60BE2971-F7CD-49A9-BB74-F809D5EF82C0}.Release|Any CPU.ActiveCfg = Release|Any CPU
		{60BE2971-F7CD-49A9-BB74-F809D5EF82C0}.Release|Any CPU.Build.0 = Release|Any CPU
		{805746A5-42D1-4BAA-A758-784FAFF3A2C9}.Debug|Any CPU.ActiveCfg = Debug|Any CPU
		{805746A5-42D1-4BAA-A758-784FAFF3A2C9}.Debug|Any CPU.Build.0 = Debug|Any CPU
		{805746A5-42D1-4BAA-A758-784FAFF3A2C9}.Release|Any CPU.ActiveCfg = Release|Any CPU
		{805746A5-42D1-4BAA-A758-784FAFF3A2C9}.Release|Any CPU.Build.0 = Release|Any CPU
		{7440A620-1CB4-4AE0-951D-A2A9A990AB2E}.Debug|Any CPU.ActiveCfg = Debug|Any CPU
		{7440A620-1CB4-4AE0-951D-A2A9A990AB2E}.Debug|Any CPU.Build.0 = Debug|Any CPU
		{7440A620-1CB4-4AE0-951D-A2A9A990AB2E}.Release|Any CPU.ActiveCfg = Release|Any CPU
		{7440A620-1CB4-4AE0-951D-A2A9A990AB2E}.Release|Any CPU.Build.0 = Release|Any CPU
		{8D397DB0-317B-4038-88E1-192D3F9C93C0}.Debug|Any CPU.ActiveCfg = Debug|Any CPU
		{8D397DB0-317B-4038-88E1-192D3F9C93C0}.Debug|Any CPU.Build.0 = Debug|Any CPU
		{8D397DB0-317B-4038-88E1-192D3F9C93C0}.Release|Any CPU.ActiveCfg = Release|Any CPU
		{8D397DB0-317B-4038-88E1-192D3F9C93C0}.Release|Any CPU.Build.0 = Release|Any CPU
		{64D8C3CE-70B1-44B2-8FDE-7EA3FDA3E5AE}.Debug|Any CPU.ActiveCfg = Debug|Any CPU
		{64D8C3CE-70B1-44B2-8FDE-7EA3FDA3E5AE}.Debug|Any CPU.Build.0 = Debug|Any CPU
		{64D8C3CE-70B1-44B2-8FDE-7EA3FDA3E5AE}.Release|Any CPU.ActiveCfg = Release|Any CPU
		{64D8C3CE-70B1-44B2-8FDE-7EA3FDA3E5AE}.Release|Any CPU.Build.0 = Release|Any CPU
		{FA59AA1C-F857-4065-B41E-A87DBE490073}.Debug|Any CPU.ActiveCfg = Debug|Any CPU
		{FA59AA1C-F857-4065-B41E-A87DBE490073}.Debug|Any CPU.Build.0 = Debug|Any CPU
		{FA59AA1C-F857-4065-B41E-A87DBE490073}.Release|Any CPU.ActiveCfg = Release|Any CPU
		{FA59AA1C-F857-4065-B41E-A87DBE490073}.Release|Any CPU.Build.0 = Release|Any CPU
		{081C77EE-FE6A-46AB-A791-5F75A6207F19}.Debug|Any CPU.ActiveCfg = Debug|Any CPU
		{081C77EE-FE6A-46AB-A791-5F75A6207F19}.Debug|Any CPU.Build.0 = Debug|Any CPU
		{081C77EE-FE6A-46AB-A791-5F75A6207F19}.Release|Any CPU.ActiveCfg = Release|Any CPU
		{081C77EE-FE6A-46AB-A791-5F75A6207F19}.Release|Any CPU.Build.0 = Release|Any CPU
		{0FA0BD18-719B-4A84-A12A-9E76C508EA2F}.Debug|Any CPU.ActiveCfg = Debug|Any CPU
		{0FA0BD18-719B-4A84-A12A-9E76C508EA2F}.Debug|Any CPU.Build.0 = Debug|Any CPU
		{0FA0BD18-719B-4A84-A12A-9E76C508EA2F}.Release|Any CPU.ActiveCfg = Release|Any CPU
		{0FA0BD18-719B-4A84-A12A-9E76C508EA2F}.Release|Any CPU.Build.0 = Release|Any CPU
		{F8A11544-BB7A-4E75-AB2B-E7AADDBF3686}.Debug|Any CPU.ActiveCfg = Debug|Any CPU
		{F8A11544-BB7A-4E75-AB2B-E7AADDBF3686}.Debug|Any CPU.Build.0 = Debug|Any CPU
		{F8A11544-BB7A-4E75-AB2B-E7AADDBF3686}.Release|Any CPU.ActiveCfg = Release|Any CPU
		{F8A11544-BB7A-4E75-AB2B-E7AADDBF3686}.Release|Any CPU.Build.0 = Release|Any CPU
		{95CC91D9-F210-4524-A1DB-CE32F9FA46EF}.Debug|Any CPU.ActiveCfg = Debug|Any CPU
		{95CC91D9-F210-4524-A1DB-CE32F9FA46EF}.Debug|Any CPU.Build.0 = Debug|Any CPU
		{95CC91D9-F210-4524-A1DB-CE32F9FA46EF}.Release|Any CPU.ActiveCfg = Release|Any CPU
		{95CC91D9-F210-4524-A1DB-CE32F9FA46EF}.Release|Any CPU.Build.0 = Release|Any CPU
		{DD52DD6B-EEC3-47CE-96AF-52F30AB035DE}.Debug|Any CPU.ActiveCfg = Debug|Any CPU
		{DD52DD6B-EEC3-47CE-96AF-52F30AB035DE}.Debug|Any CPU.Build.0 = Debug|Any CPU
		{DD52DD6B-EEC3-47CE-96AF-52F30AB035DE}.Release|Any CPU.ActiveCfg = Release|Any CPU
		{DD52DD6B-EEC3-47CE-96AF-52F30AB035DE}.Release|Any CPU.Build.0 = Release|Any CPU
		{0C42DDA3-B6F2-4031-AF12-B13A591A61B3}.Debug|Any CPU.ActiveCfg = Debug|Any CPU
		{0C42DDA3-B6F2-4031-AF12-B13A591A61B3}.Debug|Any CPU.Build.0 = Debug|Any CPU
		{0C42DDA3-B6F2-4031-AF12-B13A591A61B3}.Release|Any CPU.ActiveCfg = Release|Any CPU
		{0C42DDA3-B6F2-4031-AF12-B13A591A61B3}.Release|Any CPU.Build.0 = Release|Any CPU
		{20A15A87-7C7D-44B9-8B60-F37CE26B82F4}.Debug|Any CPU.ActiveCfg = Debug|Any CPU
		{20A15A87-7C7D-44B9-8B60-F37CE26B82F4}.Debug|Any CPU.Build.0 = Debug|Any CPU
		{20A15A87-7C7D-44B9-8B60-F37CE26B82F4}.Release|Any CPU.ActiveCfg = Release|Any CPU
		{20A15A87-7C7D-44B9-8B60-F37CE26B82F4}.Release|Any CPU.Build.0 = Release|Any CPU
		{E3A22309-B2C5-46E1-8BBB-07995C0A272F}.Debug|Any CPU.ActiveCfg = Debug|Any CPU
		{E3A22309-B2C5-46E1-8BBB-07995C0A272F}.Debug|Any CPU.Build.0 = Debug|Any CPU
		{E3A22309-B2C5-46E1-8BBB-07995C0A272F}.Release|Any CPU.ActiveCfg = Release|Any CPU
		{E3A22309-B2C5-46E1-8BBB-07995C0A272F}.Release|Any CPU.Build.0 = Release|Any CPU
		{330C9C32-2CB2-4CE0-A58E-D16E3F68820E}.Debug|Any CPU.ActiveCfg = Debug|Any CPU
		{330C9C32-2CB2-4CE0-A58E-D16E3F68820E}.Debug|Any CPU.Build.0 = Debug|Any CPU
		{330C9C32-2CB2-4CE0-A58E-D16E3F68820E}.Release|Any CPU.ActiveCfg = Release|Any CPU
		{330C9C32-2CB2-4CE0-A58E-D16E3F68820E}.Release|Any CPU.Build.0 = Release|Any CPU
		{7037CED2-9498-4445-AC1D-BC0F268141DA}.Debug|Any CPU.ActiveCfg = Debug|Any CPU
		{7037CED2-9498-4445-AC1D-BC0F268141DA}.Debug|Any CPU.Build.0 = Debug|Any CPU
		{7037CED2-9498-4445-AC1D-BC0F268141DA}.Release|Any CPU.ActiveCfg = Release|Any CPU
		{7037CED2-9498-4445-AC1D-BC0F268141DA}.Release|Any CPU.Build.0 = Release|Any CPU
		{B671281A-244B-40C0-8011-E3042D4B20C8}.Debug|Any CPU.ActiveCfg = Debug|Any CPU
		{B671281A-244B-40C0-8011-E3042D4B20C8}.Debug|Any CPU.Build.0 = Debug|Any CPU
		{B671281A-244B-40C0-8011-E3042D4B20C8}.Release|Any CPU.ActiveCfg = Release|Any CPU
		{B671281A-244B-40C0-8011-E3042D4B20C8}.Release|Any CPU.Build.0 = Release|Any CPU
		{2861CE2D-26AB-40CB-93BB-323326999239}.Debug|Any CPU.ActiveCfg = Debug|Any CPU
		{2861CE2D-26AB-40CB-93BB-323326999239}.Debug|Any CPU.Build.0 = Debug|Any CPU
		{2861CE2D-26AB-40CB-93BB-323326999239}.Release|Any CPU.ActiveCfg = Release|Any CPU
		{2861CE2D-26AB-40CB-93BB-323326999239}.Release|Any CPU.Build.0 = Release|Any CPU
		{FF9D1642-660E-47FB-A5BF-1708991C63FD}.Debug|Any CPU.ActiveCfg = Debug|Any CPU
		{FF9D1642-660E-47FB-A5BF-1708991C63FD}.Debug|Any CPU.Build.0 = Debug|Any CPU
		{FF9D1642-660E-47FB-A5BF-1708991C63FD}.Release|Any CPU.ActiveCfg = Release|Any CPU
		{FF9D1642-660E-47FB-A5BF-1708991C63FD}.Release|Any CPU.Build.0 = Release|Any CPU
		{95A1B955-6D6F-4CB9-9772-C07541416A3D}.Debug|Any CPU.ActiveCfg = Debug|Any CPU
		{95A1B955-6D6F-4CB9-9772-C07541416A3D}.Debug|Any CPU.Build.0 = Debug|Any CPU
		{95A1B955-6D6F-4CB9-9772-C07541416A3D}.Release|Any CPU.ActiveCfg = Release|Any CPU
		{95A1B955-6D6F-4CB9-9772-C07541416A3D}.Release|Any CPU.Build.0 = Release|Any CPU
		{2E3B78C0-8833-4AA2-8031-70E82FBAACCC}.Debug|Any CPU.ActiveCfg = Debug|Any CPU
		{2E3B78C0-8833-4AA2-8031-70E82FBAACCC}.Debug|Any CPU.Build.0 = Debug|Any CPU
		{2E3B78C0-8833-4AA2-8031-70E82FBAACCC}.Release|Any CPU.ActiveCfg = Release|Any CPU
		{2E3B78C0-8833-4AA2-8031-70E82FBAACCC}.Release|Any CPU.Build.0 = Release|Any CPU
		{C5AA8D15-AE54-44FC-BBE4-5B044BEF4A78}.Debug|Any CPU.ActiveCfg = Debug|Any CPU
		{C5AA8D15-AE54-44FC-BBE4-5B044BEF4A78}.Debug|Any CPU.Build.0 = Debug|Any CPU
		{C5AA8D15-AE54-44FC-BBE4-5B044BEF4A78}.Release|Any CPU.ActiveCfg = Release|Any CPU
		{C5AA8D15-AE54-44FC-BBE4-5B044BEF4A78}.Release|Any CPU.Build.0 = Release|Any CPU
		{C61F8C53-7D61-4AB1-B162-93D9DEA68ABE}.Debug|Any CPU.ActiveCfg = Debug|Any CPU
		{C61F8C53-7D61-4AB1-B162-93D9DEA68ABE}.Debug|Any CPU.Build.0 = Debug|Any CPU
		{C61F8C53-7D61-4AB1-B162-93D9DEA68ABE}.Release|Any CPU.ActiveCfg = Release|Any CPU
		{C61F8C53-7D61-4AB1-B162-93D9DEA68ABE}.Release|Any CPU.Build.0 = Release|Any CPU
		{308E92ED-F8FA-4319-BE72-358D4D0F9146}.Debug|Any CPU.ActiveCfg = Debug|Any CPU
		{308E92ED-F8FA-4319-BE72-358D4D0F9146}.Debug|Any CPU.Build.0 = Debug|Any CPU
		{308E92ED-F8FA-4319-BE72-358D4D0F9146}.Release|Any CPU.ActiveCfg = Release|Any CPU
		{308E92ED-F8FA-4319-BE72-358D4D0F9146}.Release|Any CPU.Build.0 = Release|Any CPU
		{6911C848-3856-45DD-AC0F-ED7929F38358}.Debug|Any CPU.ActiveCfg = Debug|Any CPU
		{6911C848-3856-45DD-AC0F-ED7929F38358}.Debug|Any CPU.Build.0 = Debug|Any CPU
		{6911C848-3856-45DD-AC0F-ED7929F38358}.Release|Any CPU.ActiveCfg = Release|Any CPU
		{6911C848-3856-45DD-AC0F-ED7929F38358}.Release|Any CPU.Build.0 = Release|Any CPU
		{DF406328-7D44-438F-897C-679E06C87F4F}.Debug|Any CPU.ActiveCfg = Debug|Any CPU
		{DF406328-7D44-438F-897C-679E06C87F4F}.Debug|Any CPU.Build.0 = Debug|Any CPU
		{DF406328-7D44-438F-897C-679E06C87F4F}.Release|Any CPU.ActiveCfg = Release|Any CPU
		{DF406328-7D44-438F-897C-679E06C87F4F}.Release|Any CPU.Build.0 = Release|Any CPU
		{BC786B12-3B4E-4B1D-BC93-09476B466B6F}.Debug|Any CPU.ActiveCfg = Debug|Any CPU
		{BC786B12-3B4E-4B1D-BC93-09476B466B6F}.Debug|Any CPU.Build.0 = Debug|Any CPU
		{BC786B12-3B4E-4B1D-BC93-09476B466B6F}.Release|Any CPU.ActiveCfg = Release|Any CPU
		{BC786B12-3B4E-4B1D-BC93-09476B466B6F}.Release|Any CPU.Build.0 = Release|Any CPU
		{C21E4660-335E-4426-A3F9-A7257A21483B}.Debug|Any CPU.ActiveCfg = Debug|Any CPU
		{C21E4660-335E-4426-A3F9-A7257A21483B}.Debug|Any CPU.Build.0 = Debug|Any CPU
		{C21E4660-335E-4426-A3F9-A7257A21483B}.Release|Any CPU.ActiveCfg = Release|Any CPU
		{C21E4660-335E-4426-A3F9-A7257A21483B}.Release|Any CPU.Build.0 = Release|Any CPU
		{C54B9483-AD74-4AA6-BF45-EC0D8FD348CF}.Debug|Any CPU.ActiveCfg = Debug|Any CPU
		{C54B9483-AD74-4AA6-BF45-EC0D8FD348CF}.Debug|Any CPU.Build.0 = Debug|Any CPU
		{C54B9483-AD74-4AA6-BF45-EC0D8FD348CF}.Release|Any CPU.ActiveCfg = Release|Any CPU
		{C54B9483-AD74-4AA6-BF45-EC0D8FD348CF}.Release|Any CPU.Build.0 = Release|Any CPU
		{D0386707-6A0E-4740-839A-E10307F405F2}.Debug|Any CPU.ActiveCfg = Debug|Any CPU
		{D0386707-6A0E-4740-839A-E10307F405F2}.Debug|Any CPU.Build.0 = Debug|Any CPU
		{D0386707-6A0E-4740-839A-E10307F405F2}.Release|Any CPU.ActiveCfg = Release|Any CPU
		{D0386707-6A0E-4740-839A-E10307F405F2}.Release|Any CPU.Build.0 = Release|Any CPU
		{268182A2-D14C-4A42-BA4A-F8DD7BADC32B}.Debug|Any CPU.ActiveCfg = Debug|Any CPU
		{268182A2-D14C-4A42-BA4A-F8DD7BADC32B}.Debug|Any CPU.Build.0 = Debug|Any CPU
		{268182A2-D14C-4A42-BA4A-F8DD7BADC32B}.Release|Any CPU.ActiveCfg = Release|Any CPU
		{268182A2-D14C-4A42-BA4A-F8DD7BADC32B}.Release|Any CPU.Build.0 = Release|Any CPU
		{469F164D-83AA-4AF5-A4B3-F429CC104417}.Debug|Any CPU.ActiveCfg = Debug|Any CPU
		{469F164D-83AA-4AF5-A4B3-F429CC104417}.Debug|Any CPU.Build.0 = Debug|Any CPU
		{469F164D-83AA-4AF5-A4B3-F429CC104417}.Release|Any CPU.ActiveCfg = Release|Any CPU
		{469F164D-83AA-4AF5-A4B3-F429CC104417}.Release|Any CPU.Build.0 = Release|Any CPU
		{2D1EAFCB-B061-4D23-8703-47E5EA1D06F4}.Debug|Any CPU.ActiveCfg = Debug|Any CPU
		{2D1EAFCB-B061-4D23-8703-47E5EA1D06F4}.Debug|Any CPU.Build.0 = Debug|Any CPU
		{2D1EAFCB-B061-4D23-8703-47E5EA1D06F4}.Release|Any CPU.ActiveCfg = Release|Any CPU
		{2D1EAFCB-B061-4D23-8703-47E5EA1D06F4}.Release|Any CPU.Build.0 = Release|Any CPU
		{42570FEF-64EC-47C3-9E93-B994A18AD8FF}.Debug|Any CPU.ActiveCfg = Debug|Any CPU
		{42570FEF-64EC-47C3-9E93-B994A18AD8FF}.Debug|Any CPU.Build.0 = Debug|Any CPU
		{42570FEF-64EC-47C3-9E93-B994A18AD8FF}.Release|Any CPU.ActiveCfg = Release|Any CPU
		{42570FEF-64EC-47C3-9E93-B994A18AD8FF}.Release|Any CPU.Build.0 = Release|Any CPU
		{AF7D42DE-0506-482E-9FEE-78C0ED186F47}.Debug|Any CPU.ActiveCfg = Debug|Any CPU
		{AF7D42DE-0506-482E-9FEE-78C0ED186F47}.Debug|Any CPU.Build.0 = Debug|Any CPU
		{AF7D42DE-0506-482E-9FEE-78C0ED186F47}.Release|Any CPU.ActiveCfg = Release|Any CPU
		{AF7D42DE-0506-482E-9FEE-78C0ED186F47}.Release|Any CPU.Build.0 = Release|Any CPU
		{762BD9FF-1C4A-4C0F-BBB9-B85D6FDBEBE1}.Debug|Any CPU.ActiveCfg = Debug|Any CPU
		{762BD9FF-1C4A-4C0F-BBB9-B85D6FDBEBE1}.Debug|Any CPU.Build.0 = Debug|Any CPU
		{762BD9FF-1C4A-4C0F-BBB9-B85D6FDBEBE1}.Release|Any CPU.ActiveCfg = Release|Any CPU
		{762BD9FF-1C4A-4C0F-BBB9-B85D6FDBEBE1}.Release|Any CPU.Build.0 = Release|Any CPU
		{EF39AA5D-3191-4B02-BB27-2BCFB6AD9A5E}.Debug|Any CPU.ActiveCfg = Debug|Any CPU
		{EF39AA5D-3191-4B02-BB27-2BCFB6AD9A5E}.Debug|Any CPU.Build.0 = Debug|Any CPU
		{EF39AA5D-3191-4B02-BB27-2BCFB6AD9A5E}.Release|Any CPU.ActiveCfg = Release|Any CPU
		{EF39AA5D-3191-4B02-BB27-2BCFB6AD9A5E}.Release|Any CPU.Build.0 = Release|Any CPU
		{346EDDAF-BF4E-4EAD-BD44-BACC9EC3BFB9}.Debug|Any CPU.ActiveCfg = Debug|Any CPU
		{346EDDAF-BF4E-4EAD-BD44-BACC9EC3BFB9}.Debug|Any CPU.Build.0 = Debug|Any CPU
		{346EDDAF-BF4E-4EAD-BD44-BACC9EC3BFB9}.Release|Any CPU.ActiveCfg = Release|Any CPU
		{346EDDAF-BF4E-4EAD-BD44-BACC9EC3BFB9}.Release|Any CPU.Build.0 = Release|Any CPU
		{609AB37E-C261-4515-88D7-225F8FCEDE32}.Debug|Any CPU.ActiveCfg = Debug|Any CPU
		{609AB37E-C261-4515-88D7-225F8FCEDE32}.Debug|Any CPU.Build.0 = Debug|Any CPU
		{609AB37E-C261-4515-88D7-225F8FCEDE32}.Release|Any CPU.ActiveCfg = Release|Any CPU
		{609AB37E-C261-4515-88D7-225F8FCEDE32}.Release|Any CPU.Build.0 = Release|Any CPU
		{828E208B-A3AC-425B-81C2-D2905983313C}.Debug|Any CPU.ActiveCfg = Debug|Any CPU
		{828E208B-A3AC-425B-81C2-D2905983313C}.Debug|Any CPU.Build.0 = Debug|Any CPU
		{828E208B-A3AC-425B-81C2-D2905983313C}.Release|Any CPU.ActiveCfg = Release|Any CPU
		{828E208B-A3AC-425B-81C2-D2905983313C}.Release|Any CPU.Build.0 = Release|Any CPU
		{38FD33A4-4570-41E2-B5B0-7513FD12DF4C}.Debug|Any CPU.ActiveCfg = Debug|Any CPU
		{38FD33A4-4570-41E2-B5B0-7513FD12DF4C}.Debug|Any CPU.Build.0 = Debug|Any CPU
		{38FD33A4-4570-41E2-B5B0-7513FD12DF4C}.Release|Any CPU.ActiveCfg = Release|Any CPU
		{38FD33A4-4570-41E2-B5B0-7513FD12DF4C}.Release|Any CPU.Build.0 = Release|Any CPU
		{CD58EB77-18F4-4A57-A092-B30F1C3B7E86}.Debug|Any CPU.ActiveCfg = Debug|Any CPU
		{CD58EB77-18F4-4A57-A092-B30F1C3B7E86}.Debug|Any CPU.Build.0 = Debug|Any CPU
		{CD58EB77-18F4-4A57-A092-B30F1C3B7E86}.Release|Any CPU.ActiveCfg = Release|Any CPU
		{CD58EB77-18F4-4A57-A092-B30F1C3B7E86}.Release|Any CPU.Build.0 = Release|Any CPU
		{D11C70EB-D5BC-4F69-91D8-749BC7B91723}.Debug|Any CPU.ActiveCfg = Debug|Any CPU
		{D11C70EB-D5BC-4F69-91D8-749BC7B91723}.Debug|Any CPU.Build.0 = Debug|Any CPU
		{D11C70EB-D5BC-4F69-91D8-749BC7B91723}.Release|Any CPU.ActiveCfg = Release|Any CPU
		{D11C70EB-D5BC-4F69-91D8-749BC7B91723}.Release|Any CPU.Build.0 = Release|Any CPU
		{504C73A9-FEBD-461E-BC7E-27E700F9BEF2}.Debug|Any CPU.ActiveCfg = Debug|Any CPU
		{504C73A9-FEBD-461E-BC7E-27E700F9BEF2}.Debug|Any CPU.Build.0 = Debug|Any CPU
		{504C73A9-FEBD-461E-BC7E-27E700F9BEF2}.Release|Any CPU.ActiveCfg = Release|Any CPU
		{504C73A9-FEBD-461E-BC7E-27E700F9BEF2}.Release|Any CPU.Build.0 = Release|Any CPU
		{CEB068E3-6F30-4F01-93AE-B76F3CEF473C}.Debug|Any CPU.ActiveCfg = Debug|Any CPU
		{CEB068E3-6F30-4F01-93AE-B76F3CEF473C}.Debug|Any CPU.Build.0 = Debug|Any CPU
		{CEB068E3-6F30-4F01-93AE-B76F3CEF473C}.Release|Any CPU.ActiveCfg = Release|Any CPU
		{CEB068E3-6F30-4F01-93AE-B76F3CEF473C}.Release|Any CPU.Build.0 = Release|Any CPU
		{0E05DD2A-72C5-4E21-8163-A6EF7D34C64C}.Debug|Any CPU.ActiveCfg = Debug|Any CPU
		{0E05DD2A-72C5-4E21-8163-A6EF7D34C64C}.Debug|Any CPU.Build.0 = Debug|Any CPU
		{0E05DD2A-72C5-4E21-8163-A6EF7D34C64C}.Release|Any CPU.ActiveCfg = Release|Any CPU
		{0E05DD2A-72C5-4E21-8163-A6EF7D34C64C}.Release|Any CPU.Build.0 = Release|Any CPU
		{740893B8-F43C-46F9-9169-1D004FB41861}.Debug|Any CPU.ActiveCfg = Debug|Any CPU
		{740893B8-F43C-46F9-9169-1D004FB41861}.Debug|Any CPU.Build.0 = Debug|Any CPU
		{740893B8-F43C-46F9-9169-1D004FB41861}.Release|Any CPU.ActiveCfg = Release|Any CPU
		{740893B8-F43C-46F9-9169-1D004FB41861}.Release|Any CPU.Build.0 = Release|Any CPU
		{F56F52BD-58EE-451B-A4FC-4D56CF5D26BD}.Debug|Any CPU.ActiveCfg = Debug|Any CPU
		{F56F52BD-58EE-451B-A4FC-4D56CF5D26BD}.Debug|Any CPU.Build.0 = Debug|Any CPU
		{F56F52BD-58EE-451B-A4FC-4D56CF5D26BD}.Release|Any CPU.ActiveCfg = Release|Any CPU
		{F56F52BD-58EE-451B-A4FC-4D56CF5D26BD}.Release|Any CPU.Build.0 = Release|Any CPU
		{BCD46425-7CDC-4DB1-AEAA-2571673930C0}.Debug|Any CPU.ActiveCfg = Debug|Any CPU
		{BCD46425-7CDC-4DB1-AEAA-2571673930C0}.Debug|Any CPU.Build.0 = Debug|Any CPU
		{BCD46425-7CDC-4DB1-AEAA-2571673930C0}.Release|Any CPU.ActiveCfg = Release|Any CPU
		{BCD46425-7CDC-4DB1-AEAA-2571673930C0}.Release|Any CPU.Build.0 = Release|Any CPU
		{F5D3B873-B9EC-4713-900A-F1E673440E0F}.Debug|Any CPU.ActiveCfg = Debug|Any CPU
		{F5D3B873-B9EC-4713-900A-F1E673440E0F}.Debug|Any CPU.Build.0 = Debug|Any CPU
		{F5D3B873-B9EC-4713-900A-F1E673440E0F}.Release|Any CPU.ActiveCfg = Release|Any CPU
		{F5D3B873-B9EC-4713-900A-F1E673440E0F}.Release|Any CPU.Build.0 = Release|Any CPU
		{3A901877-3C3D-49AB-BC77-B65360D15529}.Debug|Any CPU.ActiveCfg = Debug|Any CPU
		{3A901877-3C3D-49AB-BC77-B65360D15529}.Debug|Any CPU.Build.0 = Debug|Any CPU
		{3A901877-3C3D-49AB-BC77-B65360D15529}.Release|Any CPU.ActiveCfg = Release|Any CPU
		{3A901877-3C3D-49AB-BC77-B65360D15529}.Release|Any CPU.Build.0 = Release|Any CPU
		{73B19A4B-2D10-4FC2-B231-8FC779956DB3}.Debug|Any CPU.ActiveCfg = Debug|Any CPU
		{73B19A4B-2D10-4FC2-B231-8FC779956DB3}.Debug|Any CPU.Build.0 = Debug|Any CPU
		{73B19A4B-2D10-4FC2-B231-8FC779956DB3}.Release|Any CPU.ActiveCfg = Release|Any CPU
		{73B19A4B-2D10-4FC2-B231-8FC779956DB3}.Release|Any CPU.Build.0 = Release|Any CPU
		{5B3A934D-1AC3-4300-A83E-6C70A5FAADBB}.Debug|Any CPU.ActiveCfg = Debug|Any CPU
		{5B3A934D-1AC3-4300-A83E-6C70A5FAADBB}.Debug|Any CPU.Build.0 = Debug|Any CPU
		{5B3A934D-1AC3-4300-A83E-6C70A5FAADBB}.Release|Any CPU.ActiveCfg = Release|Any CPU
		{5B3A934D-1AC3-4300-A83E-6C70A5FAADBB}.Release|Any CPU.Build.0 = Release|Any CPU
		{1F608DE6-E0D8-4289-B142-6D6C4097B47F}.Debug|Any CPU.ActiveCfg = Debug|Any CPU
		{1F608DE6-E0D8-4289-B142-6D6C4097B47F}.Debug|Any CPU.Build.0 = Debug|Any CPU
		{1F608DE6-E0D8-4289-B142-6D6C4097B47F}.Release|Any CPU.ActiveCfg = Release|Any CPU
		{1F608DE6-E0D8-4289-B142-6D6C4097B47F}.Release|Any CPU.Build.0 = Release|Any CPU
		{57016186-AC24-4705-9C78-B19348AAD635}.Debug|Any CPU.ActiveCfg = Debug|Any CPU
		{57016186-AC24-4705-9C78-B19348AAD635}.Debug|Any CPU.Build.0 = Debug|Any CPU
		{57016186-AC24-4705-9C78-B19348AAD635}.Release|Any CPU.ActiveCfg = Release|Any CPU
		{57016186-AC24-4705-9C78-B19348AAD635}.Release|Any CPU.Build.0 = Release|Any CPU
		{D76B2A5A-7034-46A7-A450-BCCB389773BB}.Debug|Any CPU.ActiveCfg = Debug|Any CPU
		{D76B2A5A-7034-46A7-A450-BCCB389773BB}.Debug|Any CPU.Build.0 = Debug|Any CPU
		{D76B2A5A-7034-46A7-A450-BCCB389773BB}.Release|Any CPU.ActiveCfg = Release|Any CPU
		{D76B2A5A-7034-46A7-A450-BCCB389773BB}.Release|Any CPU.Build.0 = Release|Any CPU
		{AA492CD0-8DFC-4D90-AEE1-A6D835F6CF22}.Debug|Any CPU.ActiveCfg = Debug|Any CPU
		{AA492CD0-8DFC-4D90-AEE1-A6D835F6CF22}.Debug|Any CPU.Build.0 = Debug|Any CPU
		{AA492CD0-8DFC-4D90-AEE1-A6D835F6CF22}.Release|Any CPU.ActiveCfg = Release|Any CPU
		{AA492CD0-8DFC-4D90-AEE1-A6D835F6CF22}.Release|Any CPU.Build.0 = Release|Any CPU
		{E6378E65-F49E-4059-A91D-59390AAA9DD7}.Debug|Any CPU.ActiveCfg = Debug|Any CPU
		{E6378E65-F49E-4059-A91D-59390AAA9DD7}.Debug|Any CPU.Build.0 = Debug|Any CPU
		{E6378E65-F49E-4059-A91D-59390AAA9DD7}.Release|Any CPU.ActiveCfg = Release|Any CPU
		{E6378E65-F49E-4059-A91D-59390AAA9DD7}.Release|Any CPU.Build.0 = Release|Any CPU
		{B3F1BA14-BC08-424B-B00F-C58E46725F44}.Debug|Any CPU.ActiveCfg = Debug|Any CPU
		{B3F1BA14-BC08-424B-B00F-C58E46725F44}.Debug|Any CPU.Build.0 = Debug|Any CPU
		{B3F1BA14-BC08-424B-B00F-C58E46725F44}.Release|Any CPU.ActiveCfg = Release|Any CPU
		{B3F1BA14-BC08-424B-B00F-C58E46725F44}.Release|Any CPU.Build.0 = Release|Any CPU
		{22F6C06E-786C-4E27-90BA-C5E13B071E99}.Debug|Any CPU.ActiveCfg = Debug|Any CPU
		{22F6C06E-786C-4E27-90BA-C5E13B071E99}.Debug|Any CPU.Build.0 = Debug|Any CPU
		{22F6C06E-786C-4E27-90BA-C5E13B071E99}.Release|Any CPU.ActiveCfg = Release|Any CPU
		{22F6C06E-786C-4E27-90BA-C5E13B071E99}.Release|Any CPU.Build.0 = Release|Any CPU
		{7858850A-7B8F-4067-AEE2-CF3EE9E82323}.Debug|Any CPU.ActiveCfg = Debug|Any CPU
		{7858850A-7B8F-4067-AEE2-CF3EE9E82323}.Debug|Any CPU.Build.0 = Debug|Any CPU
		{7858850A-7B8F-4067-AEE2-CF3EE9E82323}.Release|Any CPU.ActiveCfg = Release|Any CPU
		{7858850A-7B8F-4067-AEE2-CF3EE9E82323}.Release|Any CPU.Build.0 = Release|Any CPU
		{4ABB6951-1C9E-42D7-BE92-88CA84ADDDDC}.Debug|Any CPU.ActiveCfg = Debug|Any CPU
		{4ABB6951-1C9E-42D7-BE92-88CA84ADDDDC}.Debug|Any CPU.Build.0 = Debug|Any CPU
		{4ABB6951-1C9E-42D7-BE92-88CA84ADDDDC}.Release|Any CPU.ActiveCfg = Release|Any CPU
		{4ABB6951-1C9E-42D7-BE92-88CA84ADDDDC}.Release|Any CPU.Build.0 = Release|Any CPU
		{D93BC387-0E3B-4A4B-B3D0-E8A3E25F4653}.Debug|Any CPU.ActiveCfg = Debug|Any CPU
		{D93BC387-0E3B-4A4B-B3D0-E8A3E25F4653}.Debug|Any CPU.Build.0 = Debug|Any CPU
		{D93BC387-0E3B-4A4B-B3D0-E8A3E25F4653}.Release|Any CPU.ActiveCfg = Release|Any CPU
		{D93BC387-0E3B-4A4B-B3D0-E8A3E25F4653}.Release|Any CPU.Build.0 = Release|Any CPU
		{8F296CC2-F411-421D-9BFD-AEE77548BD5F}.Debug|Any CPU.ActiveCfg = Debug|Any CPU
		{8F296CC2-F411-421D-9BFD-AEE77548BD5F}.Debug|Any CPU.Build.0 = Debug|Any CPU
		{8F296CC2-F411-421D-9BFD-AEE77548BD5F}.Release|Any CPU.ActiveCfg = Release|Any CPU
		{8F296CC2-F411-421D-9BFD-AEE77548BD5F}.Release|Any CPU.Build.0 = Release|Any CPU
		{513CFDF3-995D-4505-A9F0-FE7A10B6FF6B}.Debug|Any CPU.ActiveCfg = Debug|Any CPU
		{513CFDF3-995D-4505-A9F0-FE7A10B6FF6B}.Debug|Any CPU.Build.0 = Debug|Any CPU
		{513CFDF3-995D-4505-A9F0-FE7A10B6FF6B}.Release|Any CPU.ActiveCfg = Release|Any CPU
		{513CFDF3-995D-4505-A9F0-FE7A10B6FF6B}.Release|Any CPU.Build.0 = Release|Any CPU
		{A268D202-87D0-4B7A-ACBA-FDC2F9535EF9}.Debug|Any CPU.ActiveCfg = Debug|Any CPU
		{A268D202-87D0-4B7A-ACBA-FDC2F9535EF9}.Debug|Any CPU.Build.0 = Debug|Any CPU
		{A268D202-87D0-4B7A-ACBA-FDC2F9535EF9}.Release|Any CPU.ActiveCfg = Release|Any CPU
		{A268D202-87D0-4B7A-ACBA-FDC2F9535EF9}.Release|Any CPU.Build.0 = Release|Any CPU
		{FC250DF8-EEB1-4857-A5F5-AE0E4806CAE6}.Debug|Any CPU.ActiveCfg = Debug|Any CPU
		{FC250DF8-EEB1-4857-A5F5-AE0E4806CAE6}.Debug|Any CPU.Build.0 = Debug|Any CPU
		{FC250DF8-EEB1-4857-A5F5-AE0E4806CAE6}.Release|Any CPU.ActiveCfg = Release|Any CPU
		{FC250DF8-EEB1-4857-A5F5-AE0E4806CAE6}.Release|Any CPU.Build.0 = Release|Any CPU
		{70969129-2153-470A-8AB3-C0B590FC588E}.Debug|Any CPU.ActiveCfg = Debug|Any CPU
		{70969129-2153-470A-8AB3-C0B590FC588E}.Debug|Any CPU.Build.0 = Debug|Any CPU
		{70969129-2153-470A-8AB3-C0B590FC588E}.Release|Any CPU.ActiveCfg = Release|Any CPU
		{70969129-2153-470A-8AB3-C0B590FC588E}.Release|Any CPU.Build.0 = Release|Any CPU
		{0C41DF9F-A1B8-4D26-90C2-20E447573C80}.Debug|Any CPU.ActiveCfg = Debug|Any CPU
		{0C41DF9F-A1B8-4D26-90C2-20E447573C80}.Debug|Any CPU.Build.0 = Debug|Any CPU
		{0C41DF9F-A1B8-4D26-90C2-20E447573C80}.Release|Any CPU.ActiveCfg = Release|Any CPU
		{0C41DF9F-A1B8-4D26-90C2-20E447573C80}.Release|Any CPU.Build.0 = Release|Any CPU
		{BEB52278-65A6-4142-B1F4-1B5F079EC1F6}.Debug|Any CPU.ActiveCfg = Debug|Any CPU
		{BEB52278-65A6-4142-B1F4-1B5F079EC1F6}.Debug|Any CPU.Build.0 = Debug|Any CPU
		{BEB52278-65A6-4142-B1F4-1B5F079EC1F6}.Release|Any CPU.ActiveCfg = Release|Any CPU
		{BEB52278-65A6-4142-B1F4-1B5F079EC1F6}.Release|Any CPU.Build.0 = Release|Any CPU
		{8C1606DD-EB08-423A-B2F6-66D4DC06E18D}.Debug|Any CPU.ActiveCfg = Debug|Any CPU
		{8C1606DD-EB08-423A-B2F6-66D4DC06E18D}.Debug|Any CPU.Build.0 = Debug|Any CPU
		{8C1606DD-EB08-423A-B2F6-66D4DC06E18D}.Release|Any CPU.ActiveCfg = Release|Any CPU
		{8C1606DD-EB08-423A-B2F6-66D4DC06E18D}.Release|Any CPU.Build.0 = Release|Any CPU
		{8CD00116-0D88-4472-B219-FCC242AAA4B0}.Debug|Any CPU.ActiveCfg = Debug|Any CPU
		{8CD00116-0D88-4472-B219-FCC242AAA4B0}.Debug|Any CPU.Build.0 = Debug|Any CPU
		{8CD00116-0D88-4472-B219-FCC242AAA4B0}.Release|Any CPU.ActiveCfg = Release|Any CPU
		{8CD00116-0D88-4472-B219-FCC242AAA4B0}.Release|Any CPU.Build.0 = Release|Any CPU
		{A89F46E0-5233-4042-AF96-81FB8455D385}.Debug|Any CPU.ActiveCfg = Debug|Any CPU
		{A89F46E0-5233-4042-AF96-81FB8455D385}.Debug|Any CPU.Build.0 = Debug|Any CPU
		{A89F46E0-5233-4042-AF96-81FB8455D385}.Release|Any CPU.ActiveCfg = Release|Any CPU
		{A89F46E0-5233-4042-AF96-81FB8455D385}.Release|Any CPU.Build.0 = Release|Any CPU
		{7CB577D1-2E6E-45E8-9F53-CD86D29C4202}.Debug|Any CPU.ActiveCfg = Debug|Any CPU
		{7CB577D1-2E6E-45E8-9F53-CD86D29C4202}.Debug|Any CPU.Build.0 = Debug|Any CPU
		{7CB577D1-2E6E-45E8-9F53-CD86D29C4202}.Release|Any CPU.ActiveCfg = Release|Any CPU
		{7CB577D1-2E6E-45E8-9F53-CD86D29C4202}.Release|Any CPU.Build.0 = Release|Any CPU
		{145014E1-E789-480F-91C5-2820159516B4}.Debug|Any CPU.ActiveCfg = Debug|Any CPU
		{145014E1-E789-480F-91C5-2820159516B4}.Debug|Any CPU.Build.0 = Debug|Any CPU
		{145014E1-E789-480F-91C5-2820159516B4}.Release|Any CPU.ActiveCfg = Release|Any CPU
		{145014E1-E789-480F-91C5-2820159516B4}.Release|Any CPU.Build.0 = Release|Any CPU
		{210E607B-B035-48B3-933C-0B7B78F1401C}.Debug|Any CPU.ActiveCfg = Debug|Any CPU
		{210E607B-B035-48B3-933C-0B7B78F1401C}.Debug|Any CPU.Build.0 = Debug|Any CPU
		{210E607B-B035-48B3-933C-0B7B78F1401C}.Release|Any CPU.ActiveCfg = Release|Any CPU
		{210E607B-B035-48B3-933C-0B7B78F1401C}.Release|Any CPU.Build.0 = Release|Any CPU
		{F66DBD0A-9529-4800-BA96-10872E0AE80B}.Debug|Any CPU.ActiveCfg = Debug|Any CPU
		{F66DBD0A-9529-4800-BA96-10872E0AE80B}.Debug|Any CPU.Build.0 = Debug|Any CPU
		{F66DBD0A-9529-4800-BA96-10872E0AE80B}.Release|Any CPU.ActiveCfg = Release|Any CPU
		{F66DBD0A-9529-4800-BA96-10872E0AE80B}.Release|Any CPU.Build.0 = Release|Any CPU
		{35AD46FC-6EDA-4747-8B44-A7E0A8A85D10}.Debug|Any CPU.ActiveCfg = Debug|Any CPU
		{35AD46FC-6EDA-4747-8B44-A7E0A8A85D10}.Debug|Any CPU.Build.0 = Debug|Any CPU
		{35AD46FC-6EDA-4747-8B44-A7E0A8A85D10}.Release|Any CPU.ActiveCfg = Release|Any CPU
		{35AD46FC-6EDA-4747-8B44-A7E0A8A85D10}.Release|Any CPU.Build.0 = Release|Any CPU
		{808241A1-328D-4715-B88D-5F5AC34AF5E7}.Debug|Any CPU.ActiveCfg = Debug|Any CPU
		{808241A1-328D-4715-B88D-5F5AC34AF5E7}.Debug|Any CPU.Build.0 = Debug|Any CPU
		{808241A1-328D-4715-B88D-5F5AC34AF5E7}.Release|Any CPU.ActiveCfg = Release|Any CPU
		{808241A1-328D-4715-B88D-5F5AC34AF5E7}.Release|Any CPU.Build.0 = Release|Any CPU
		{11B38090-563C-4450-BDC8-A84FD011E06F}.Debug|Any CPU.ActiveCfg = Debug|Any CPU
		{11B38090-563C-4450-BDC8-A84FD011E06F}.Debug|Any CPU.Build.0 = Debug|Any CPU
		{11B38090-563C-4450-BDC8-A84FD011E06F}.Release|Any CPU.ActiveCfg = Release|Any CPU
		{11B38090-563C-4450-BDC8-A84FD011E06F}.Release|Any CPU.Build.0 = Release|Any CPU
		{44D8DCBE-CD68-4529-AEB4-C57027753A0E}.Debug|Any CPU.ActiveCfg = Debug|Any CPU
		{44D8DCBE-CD68-4529-AEB4-C57027753A0E}.Debug|Any CPU.Build.0 = Debug|Any CPU
		{44D8DCBE-CD68-4529-AEB4-C57027753A0E}.Release|Any CPU.ActiveCfg = Release|Any CPU
		{44D8DCBE-CD68-4529-AEB4-C57027753A0E}.Release|Any CPU.Build.0 = Release|Any CPU
		{516B73D2-AD08-4EB6-A592-AC517D5CBA09}.Debug|Any CPU.ActiveCfg = Debug|Any CPU
		{516B73D2-AD08-4EB6-A592-AC517D5CBA09}.Debug|Any CPU.Build.0 = Debug|Any CPU
		{516B73D2-AD08-4EB6-A592-AC517D5CBA09}.Release|Any CPU.ActiveCfg = Release|Any CPU
		{516B73D2-AD08-4EB6-A592-AC517D5CBA09}.Release|Any CPU.Build.0 = Release|Any CPU
		{5871CE87-2CD8-4273-903F-EA2AE33FAA95}.Debug|Any CPU.ActiveCfg = Debug|Any CPU
		{5871CE87-2CD8-4273-903F-EA2AE33FAA95}.Debug|Any CPU.Build.0 = Debug|Any CPU
		{5871CE87-2CD8-4273-903F-EA2AE33FAA95}.Release|Any CPU.ActiveCfg = Release|Any CPU
		{5871CE87-2CD8-4273-903F-EA2AE33FAA95}.Release|Any CPU.Build.0 = Release|Any CPU
		{5AD0D316-29D5-408B-8186-4368519F6DA2}.Debug|Any CPU.ActiveCfg = Debug|Any CPU
		{5AD0D316-29D5-408B-8186-4368519F6DA2}.Debug|Any CPU.Build.0 = Debug|Any CPU
		{5AD0D316-29D5-408B-8186-4368519F6DA2}.Release|Any CPU.ActiveCfg = Release|Any CPU
		{5AD0D316-29D5-408B-8186-4368519F6DA2}.Release|Any CPU.Build.0 = Release|Any CPU
		{BDA85C38-55E2-4A89-9B3C-BB0294C52F29}.Debug|Any CPU.ActiveCfg = Debug|Any CPU
		{BDA85C38-55E2-4A89-9B3C-BB0294C52F29}.Debug|Any CPU.Build.0 = Debug|Any CPU
		{BDA85C38-55E2-4A89-9B3C-BB0294C52F29}.Release|Any CPU.ActiveCfg = Release|Any CPU
		{BDA85C38-55E2-4A89-9B3C-BB0294C52F29}.Release|Any CPU.Build.0 = Release|Any CPU
		{B3C2278D-D1FF-4779-B937-B00BF38882FB}.Debug|Any CPU.ActiveCfg = Debug|Any CPU
		{B3C2278D-D1FF-4779-B937-B00BF38882FB}.Debug|Any CPU.Build.0 = Debug|Any CPU
		{B3C2278D-D1FF-4779-B937-B00BF38882FB}.Release|Any CPU.ActiveCfg = Release|Any CPU
		{B3C2278D-D1FF-4779-B937-B00BF38882FB}.Release|Any CPU.Build.0 = Release|Any CPU
		{2B478EA3-D6E6-4C5D-ABF1-EDE5667BB281}.Debug|Any CPU.ActiveCfg = Debug|Any CPU
		{2B478EA3-D6E6-4C5D-ABF1-EDE5667BB281}.Debug|Any CPU.Build.0 = Debug|Any CPU
		{2B478EA3-D6E6-4C5D-ABF1-EDE5667BB281}.Release|Any CPU.ActiveCfg = Release|Any CPU
		{2B478EA3-D6E6-4C5D-ABF1-EDE5667BB281}.Release|Any CPU.Build.0 = Release|Any CPU
		{A3B41B63-78DC-49DF-9758-71CB3DFADBC9}.Debug|Any CPU.ActiveCfg = Debug|Any CPU
		{A3B41B63-78DC-49DF-9758-71CB3DFADBC9}.Debug|Any CPU.Build.0 = Debug|Any CPU
		{A3B41B63-78DC-49DF-9758-71CB3DFADBC9}.Release|Any CPU.ActiveCfg = Release|Any CPU
		{A3B41B63-78DC-49DF-9758-71CB3DFADBC9}.Release|Any CPU.Build.0 = Release|Any CPU
		{DB2E98E6-D367-4057-A2E7-7BA178B099B6}.Debug|Any CPU.ActiveCfg = Debug|Any CPU
		{DB2E98E6-D367-4057-A2E7-7BA178B099B6}.Debug|Any CPU.Build.0 = Debug|Any CPU
		{DB2E98E6-D367-4057-A2E7-7BA178B099B6}.Release|Any CPU.ActiveCfg = Release|Any CPU
		{DB2E98E6-D367-4057-A2E7-7BA178B099B6}.Release|Any CPU.Build.0 = Release|Any CPU
		{49530869-3985-469E-8BD9-7120934755E4}.Debug|Any CPU.ActiveCfg = Debug|Any CPU
		{49530869-3985-469E-8BD9-7120934755E4}.Debug|Any CPU.Build.0 = Debug|Any CPU
		{49530869-3985-469E-8BD9-7120934755E4}.Release|Any CPU.ActiveCfg = Release|Any CPU
		{49530869-3985-469E-8BD9-7120934755E4}.Release|Any CPU.Build.0 = Release|Any CPU
		{E26761A7-322B-4C8D-B32A-FE3EBD82E630}.Debug|Any CPU.ActiveCfg = Debug|Any CPU
		{E26761A7-322B-4C8D-B32A-FE3EBD82E630}.Debug|Any CPU.Build.0 = Debug|Any CPU
		{E26761A7-322B-4C8D-B32A-FE3EBD82E630}.Release|Any CPU.ActiveCfg = Release|Any CPU
		{E26761A7-322B-4C8D-B32A-FE3EBD82E630}.Release|Any CPU.Build.0 = Release|Any CPU
		{7D8B8E02-0063-4EB6-AD86-4BED6065936D}.Debug|Any CPU.ActiveCfg = Debug|Any CPU
		{7D8B8E02-0063-4EB6-AD86-4BED6065936D}.Debug|Any CPU.Build.0 = Debug|Any CPU
		{7D8B8E02-0063-4EB6-AD86-4BED6065936D}.Release|Any CPU.ActiveCfg = Release|Any CPU
		{7D8B8E02-0063-4EB6-AD86-4BED6065936D}.Release|Any CPU.Build.0 = Release|Any CPU
		{89284CDF-829F-47DA-8E2D-274E57BE437B}.Debug|Any CPU.ActiveCfg = Debug|Any CPU
		{89284CDF-829F-47DA-8E2D-274E57BE437B}.Debug|Any CPU.Build.0 = Debug|Any CPU
		{89284CDF-829F-47DA-8E2D-274E57BE437B}.Release|Any CPU.ActiveCfg = Release|Any CPU
		{89284CDF-829F-47DA-8E2D-274E57BE437B}.Release|Any CPU.Build.0 = Release|Any CPU
		{6D71FF8C-F2E1-488D-8D0B-84AB6B49F490}.Debug|Any CPU.ActiveCfg = Debug|Any CPU
		{6D71FF8C-F2E1-488D-8D0B-84AB6B49F490}.Debug|Any CPU.Build.0 = Debug|Any CPU
		{6D71FF8C-F2E1-488D-8D0B-84AB6B49F490}.Release|Any CPU.ActiveCfg = Release|Any CPU
		{6D71FF8C-F2E1-488D-8D0B-84AB6B49F490}.Release|Any CPU.Build.0 = Release|Any CPU
		{F8481320-AF73-4D13-A696-41B7E5DB536A}.Debug|Any CPU.ActiveCfg = Debug|Any CPU
		{F8481320-AF73-4D13-A696-41B7E5DB536A}.Debug|Any CPU.Build.0 = Debug|Any CPU
		{F8481320-AF73-4D13-A696-41B7E5DB536A}.Release|Any CPU.ActiveCfg = Release|Any CPU
		{F8481320-AF73-4D13-A696-41B7E5DB536A}.Release|Any CPU.Build.0 = Release|Any CPU
		{1ED8BBED-1F05-41E9-8AB0-B938F27A0D8E}.Debug|Any CPU.ActiveCfg = Debug|Any CPU
		{1ED8BBED-1F05-41E9-8AB0-B938F27A0D8E}.Debug|Any CPU.Build.0 = Debug|Any CPU
		{1ED8BBED-1F05-41E9-8AB0-B938F27A0D8E}.Release|Any CPU.ActiveCfg = Release|Any CPU
		{1ED8BBED-1F05-41E9-8AB0-B938F27A0D8E}.Release|Any CPU.Build.0 = Release|Any CPU
		{F46D16DF-15F8-45E2-B4CC-34A7CB457A3F}.Debug|Any CPU.ActiveCfg = Debug|Any CPU
		{F46D16DF-15F8-45E2-B4CC-34A7CB457A3F}.Debug|Any CPU.Build.0 = Debug|Any CPU
		{F46D16DF-15F8-45E2-B4CC-34A7CB457A3F}.Release|Any CPU.ActiveCfg = Release|Any CPU
		{F46D16DF-15F8-45E2-B4CC-34A7CB457A3F}.Release|Any CPU.Build.0 = Release|Any CPU
		{A61107FD-0BFF-4C13-871C-F6830A75C967}.Debug|Any CPU.ActiveCfg = Debug|Any CPU
		{A61107FD-0BFF-4C13-871C-F6830A75C967}.Debug|Any CPU.Build.0 = Debug|Any CPU
		{A61107FD-0BFF-4C13-871C-F6830A75C967}.Release|Any CPU.ActiveCfg = Release|Any CPU
		{A61107FD-0BFF-4C13-871C-F6830A75C967}.Release|Any CPU.Build.0 = Release|Any CPU
		{CF14C20A-F70D-41D4-91A2-B4751495640D}.Debug|Any CPU.ActiveCfg = Debug|Any CPU
		{CF14C20A-F70D-41D4-91A2-B4751495640D}.Debug|Any CPU.Build.0 = Debug|Any CPU
		{CF14C20A-F70D-41D4-91A2-B4751495640D}.Release|Any CPU.ActiveCfg = Release|Any CPU
		{CF14C20A-F70D-41D4-91A2-B4751495640D}.Release|Any CPU.Build.0 = Release|Any CPU
		{BDE99F02-9C46-4AC0-8904-B3B49398D176}.Debug|Any CPU.ActiveCfg = Debug|Any CPU
		{BDE99F02-9C46-4AC0-8904-B3B49398D176}.Debug|Any CPU.Build.0 = Debug|Any CPU
		{BDE99F02-9C46-4AC0-8904-B3B49398D176}.Release|Any CPU.ActiveCfg = Release|Any CPU
		{BDE99F02-9C46-4AC0-8904-B3B49398D176}.Release|Any CPU.Build.0 = Release|Any CPU
		{DCDD71F1-614D-48B8-8F54-338EA22859AF}.Debug|Any CPU.ActiveCfg = Debug|Any CPU
		{DCDD71F1-614D-48B8-8F54-338EA22859AF}.Debug|Any CPU.Build.0 = Debug|Any CPU
		{DCDD71F1-614D-48B8-8F54-338EA22859AF}.Release|Any CPU.ActiveCfg = Release|Any CPU
		{DCDD71F1-614D-48B8-8F54-338EA22859AF}.Release|Any CPU.Build.0 = Release|Any CPU
		{637CB485-7EC7-421D-B1ED-1A1ED7029F70}.Debug|Any CPU.ActiveCfg = Debug|Any CPU
		{637CB485-7EC7-421D-B1ED-1A1ED7029F70}.Debug|Any CPU.Build.0 = Debug|Any CPU
		{637CB485-7EC7-421D-B1ED-1A1ED7029F70}.Release|Any CPU.ActiveCfg = Release|Any CPU
		{637CB485-7EC7-421D-B1ED-1A1ED7029F70}.Release|Any CPU.Build.0 = Release|Any CPU
		{67D89321-2AB5-490E-B9D0-74B84D203AEA}.Debug|Any CPU.ActiveCfg = Debug|Any CPU
		{67D89321-2AB5-490E-B9D0-74B84D203AEA}.Debug|Any CPU.Build.0 = Debug|Any CPU
		{67D89321-2AB5-490E-B9D0-74B84D203AEA}.Release|Any CPU.ActiveCfg = Release|Any CPU
		{67D89321-2AB5-490E-B9D0-74B84D203AEA}.Release|Any CPU.Build.0 = Release|Any CPU
		{46FD017B-DA8A-458A-A76B-1D020CBCC777}.Debug|Any CPU.ActiveCfg = Debug|Any CPU
		{46FD017B-DA8A-458A-A76B-1D020CBCC777}.Debug|Any CPU.Build.0 = Debug|Any CPU
		{46FD017B-DA8A-458A-A76B-1D020CBCC777}.Release|Any CPU.ActiveCfg = Release|Any CPU
		{46FD017B-DA8A-458A-A76B-1D020CBCC777}.Release|Any CPU.Build.0 = Release|Any CPU
		{36FE4C67-5A38-4966-AE86-682702C779F7}.Debug|Any CPU.ActiveCfg = Debug|Any CPU
		{36FE4C67-5A38-4966-AE86-682702C779F7}.Debug|Any CPU.Build.0 = Debug|Any CPU
		{36FE4C67-5A38-4966-AE86-682702C779F7}.Release|Any CPU.ActiveCfg = Release|Any CPU
		{36FE4C67-5A38-4966-AE86-682702C779F7}.Release|Any CPU.Build.0 = Release|Any CPU
		{528C9D04-B0CE-49CD-8CD6-0C0FC6C205CE}.Debug|Any CPU.ActiveCfg = Debug|Any CPU
		{528C9D04-B0CE-49CD-8CD6-0C0FC6C205CE}.Debug|Any CPU.Build.0 = Debug|Any CPU
		{528C9D04-B0CE-49CD-8CD6-0C0FC6C205CE}.Release|Any CPU.ActiveCfg = Release|Any CPU
		{528C9D04-B0CE-49CD-8CD6-0C0FC6C205CE}.Release|Any CPU.Build.0 = Release|Any CPU
		{88C77B4F-E76F-4E93-99BD-81AA3BAE8DB5}.Debug|Any CPU.ActiveCfg = Debug|Any CPU
		{88C77B4F-E76F-4E93-99BD-81AA3BAE8DB5}.Debug|Any CPU.Build.0 = Debug|Any CPU
		{88C77B4F-E76F-4E93-99BD-81AA3BAE8DB5}.Release|Any CPU.ActiveCfg = Release|Any CPU
		{88C77B4F-E76F-4E93-99BD-81AA3BAE8DB5}.Release|Any CPU.Build.0 = Release|Any CPU
		{C3BB1F5D-179F-443F-AD67-E467B13EFD42}.Debug|Any CPU.ActiveCfg = Debug|Any CPU
		{C3BB1F5D-179F-443F-AD67-E467B13EFD42}.Debug|Any CPU.Build.0 = Debug|Any CPU
		{C3BB1F5D-179F-443F-AD67-E467B13EFD42}.Release|Any CPU.ActiveCfg = Release|Any CPU
		{C3BB1F5D-179F-443F-AD67-E467B13EFD42}.Release|Any CPU.Build.0 = Release|Any CPU
		{62D97570-01A3-4748-A808-C321805C7F1C}.Debug|Any CPU.ActiveCfg = Debug|Any CPU
		{62D97570-01A3-4748-A808-C321805C7F1C}.Debug|Any CPU.Build.0 = Debug|Any CPU
		{62D97570-01A3-4748-A808-C321805C7F1C}.Release|Any CPU.ActiveCfg = Release|Any CPU
		{62D97570-01A3-4748-A808-C321805C7F1C}.Release|Any CPU.Build.0 = Release|Any CPU
		{5896FBC4-34B9-4DED-A264-A8A893A983E9}.Debug|Any CPU.ActiveCfg = Debug|Any CPU
		{5896FBC4-34B9-4DED-A264-A8A893A983E9}.Debug|Any CPU.Build.0 = Debug|Any CPU
		{5896FBC4-34B9-4DED-A264-A8A893A983E9}.Release|Any CPU.ActiveCfg = Release|Any CPU
		{5896FBC4-34B9-4DED-A264-A8A893A983E9}.Release|Any CPU.Build.0 = Release|Any CPU
		{DE9AE442-C3FE-4268-90DE-ECA5226ED81E}.Debug|Any CPU.ActiveCfg = Debug|Any CPU
		{DE9AE442-C3FE-4268-90DE-ECA5226ED81E}.Debug|Any CPU.Build.0 = Debug|Any CPU
		{DE9AE442-C3FE-4268-90DE-ECA5226ED81E}.Release|Any CPU.ActiveCfg = Release|Any CPU
		{DE9AE442-C3FE-4268-90DE-ECA5226ED81E}.Release|Any CPU.Build.0 = Release|Any CPU
		{8D219853-752F-401F-987C-A7B8B7190A9F}.Debug|Any CPU.ActiveCfg = Debug|Any CPU
		{8D219853-752F-401F-987C-A7B8B7190A9F}.Debug|Any CPU.Build.0 = Debug|Any CPU
		{8D219853-752F-401F-987C-A7B8B7190A9F}.Release|Any CPU.ActiveCfg = Release|Any CPU
		{8D219853-752F-401F-987C-A7B8B7190A9F}.Release|Any CPU.Build.0 = Release|Any CPU
		{5760884E-258C-433A-B459-6655DB9BBCB7}.Debug|Any CPU.ActiveCfg = Debug|Any CPU
		{5760884E-258C-433A-B459-6655DB9BBCB7}.Debug|Any CPU.Build.0 = Debug|Any CPU
		{5760884E-258C-433A-B459-6655DB9BBCB7}.Release|Any CPU.ActiveCfg = Release|Any CPU
		{5760884E-258C-433A-B459-6655DB9BBCB7}.Release|Any CPU.Build.0 = Release|Any CPU
		{B586C44B-B9F0-44F7-A122-D44B11431882}.Debug|Any CPU.ActiveCfg = Debug|Any CPU
		{B586C44B-B9F0-44F7-A122-D44B11431882}.Debug|Any CPU.Build.0 = Debug|Any CPU
		{B586C44B-B9F0-44F7-A122-D44B11431882}.Release|Any CPU.ActiveCfg = Release|Any CPU
		{B586C44B-B9F0-44F7-A122-D44B11431882}.Release|Any CPU.Build.0 = Release|Any CPU
		{E7998684-1725-4B41-9479-AFDD0876A456}.Debug|Any CPU.ActiveCfg = Debug|Any CPU
		{E7998684-1725-4B41-9479-AFDD0876A456}.Debug|Any CPU.Build.0 = Debug|Any CPU
		{E7998684-1725-4B41-9479-AFDD0876A456}.Release|Any CPU.ActiveCfg = Release|Any CPU
		{E7998684-1725-4B41-9479-AFDD0876A456}.Release|Any CPU.Build.0 = Release|Any CPU
		{0B61837B-DF98-45AC-AF53-7D93FE505E53}.Debug|Any CPU.ActiveCfg = Debug|Any CPU
		{0B61837B-DF98-45AC-AF53-7D93FE505E53}.Debug|Any CPU.Build.0 = Debug|Any CPU
		{0B61837B-DF98-45AC-AF53-7D93FE505E53}.Release|Any CPU.ActiveCfg = Release|Any CPU
		{0B61837B-DF98-45AC-AF53-7D93FE505E53}.Release|Any CPU.Build.0 = Release|Any CPU
		{4B0FF8F6-C8C1-4FF6-BD5C-8E50E223D9B1}.Debug|Any CPU.ActiveCfg = Debug|Any CPU
		{4B0FF8F6-C8C1-4FF6-BD5C-8E50E223D9B1}.Debug|Any CPU.Build.0 = Debug|Any CPU
		{4B0FF8F6-C8C1-4FF6-BD5C-8E50E223D9B1}.Release|Any CPU.ActiveCfg = Release|Any CPU
		{4B0FF8F6-C8C1-4FF6-BD5C-8E50E223D9B1}.Release|Any CPU.Build.0 = Release|Any CPU
		{E8410C5C-A074-4D6D-A80B-EF3238CE0186}.Debug|Any CPU.ActiveCfg = Debug|Any CPU
		{E8410C5C-A074-4D6D-A80B-EF3238CE0186}.Debug|Any CPU.Build.0 = Debug|Any CPU
		{E8410C5C-A074-4D6D-A80B-EF3238CE0186}.Release|Any CPU.ActiveCfg = Release|Any CPU
		{E8410C5C-A074-4D6D-A80B-EF3238CE0186}.Release|Any CPU.Build.0 = Release|Any CPU
		{EAE2C7C1-076E-4FC7-BC96-E714028E4888}.Debug|Any CPU.ActiveCfg = Debug|Any CPU
		{EAE2C7C1-076E-4FC7-BC96-E714028E4888}.Debug|Any CPU.Build.0 = Debug|Any CPU
		{EAE2C7C1-076E-4FC7-BC96-E714028E4888}.Release|Any CPU.ActiveCfg = Release|Any CPU
		{EAE2C7C1-076E-4FC7-BC96-E714028E4888}.Release|Any CPU.Build.0 = Release|Any CPU
		{7A050C59-A793-4158-ADA0-B899875C8A5A}.Debug|Any CPU.ActiveCfg = Debug|Any CPU
		{7A050C59-A793-4158-ADA0-B899875C8A5A}.Debug|Any CPU.Build.0 = Debug|Any CPU
		{7A050C59-A793-4158-ADA0-B899875C8A5A}.Release|Any CPU.ActiveCfg = Release|Any CPU
		{7A050C59-A793-4158-ADA0-B899875C8A5A}.Release|Any CPU.Build.0 = Release|Any CPU
		{7CEF60E2-5A92-4C40-B4C5-29715BB1AAB4}.Debug|Any CPU.ActiveCfg = Debug|Any CPU
		{7CEF60E2-5A92-4C40-B4C5-29715BB1AAB4}.Debug|Any CPU.Build.0 = Debug|Any CPU
		{7CEF60E2-5A92-4C40-B4C5-29715BB1AAB4}.Release|Any CPU.ActiveCfg = Release|Any CPU
		{7CEF60E2-5A92-4C40-B4C5-29715BB1AAB4}.Release|Any CPU.Build.0 = Release|Any CPU
		{ED2304F5-F74B-4D35-BC52-A9736196E6AD}.Debug|Any CPU.ActiveCfg = Debug|Any CPU
		{ED2304F5-F74B-4D35-BC52-A9736196E6AD}.Debug|Any CPU.Build.0 = Debug|Any CPU
		{ED2304F5-F74B-4D35-BC52-A9736196E6AD}.Release|Any CPU.ActiveCfg = Release|Any CPU
		{ED2304F5-F74B-4D35-BC52-A9736196E6AD}.Release|Any CPU.Build.0 = Release|Any CPU
		{2BFDFDF4-CC29-4622-A613-C00538DFEE7D}.Debug|Any CPU.ActiveCfg = Debug|Any CPU
		{2BFDFDF4-CC29-4622-A613-C00538DFEE7D}.Debug|Any CPU.Build.0 = Debug|Any CPU
		{2BFDFDF4-CC29-4622-A613-C00538DFEE7D}.Release|Any CPU.ActiveCfg = Release|Any CPU
		{2BFDFDF4-CC29-4622-A613-C00538DFEE7D}.Release|Any CPU.Build.0 = Release|Any CPU
		{22277E76-7600-4883-9F30-2DAEC6073735}.Debug|Any CPU.ActiveCfg = Debug|Any CPU
		{22277E76-7600-4883-9F30-2DAEC6073735}.Debug|Any CPU.Build.0 = Debug|Any CPU
		{22277E76-7600-4883-9F30-2DAEC6073735}.Release|Any CPU.ActiveCfg = Release|Any CPU
		{22277E76-7600-4883-9F30-2DAEC6073735}.Release|Any CPU.Build.0 = Release|Any CPU
		{8BFBA7D1-31DB-4B99-9DCE-567B92D14C90}.Debug|Any CPU.ActiveCfg = Debug|Any CPU
		{8BFBA7D1-31DB-4B99-9DCE-567B92D14C90}.Debug|Any CPU.Build.0 = Debug|Any CPU
		{8BFBA7D1-31DB-4B99-9DCE-567B92D14C90}.Release|Any CPU.ActiveCfg = Release|Any CPU
		{8BFBA7D1-31DB-4B99-9DCE-567B92D14C90}.Release|Any CPU.Build.0 = Release|Any CPU
		{68C72521-39BD-41F8-9BD2-762DD2E9F768}.Debug|Any CPU.ActiveCfg = Debug|Any CPU
		{68C72521-39BD-41F8-9BD2-762DD2E9F768}.Debug|Any CPU.Build.0 = Debug|Any CPU
		{68C72521-39BD-41F8-9BD2-762DD2E9F768}.Release|Any CPU.ActiveCfg = Release|Any CPU
		{68C72521-39BD-41F8-9BD2-762DD2E9F768}.Release|Any CPU.Build.0 = Release|Any CPU
		{735C31C8-93C5-44C8-85ED-D1AF29045C71}.Debug|Any CPU.ActiveCfg = Debug|Any CPU
		{735C31C8-93C5-44C8-85ED-D1AF29045C71}.Debug|Any CPU.Build.0 = Debug|Any CPU
		{735C31C8-93C5-44C8-85ED-D1AF29045C71}.Release|Any CPU.ActiveCfg = Release|Any CPU
		{735C31C8-93C5-44C8-85ED-D1AF29045C71}.Release|Any CPU.Build.0 = Release|Any CPU
		{9315DFD9-6455-4CF4-9A32-D54FD6C9C831}.Debug|Any CPU.ActiveCfg = Debug|Any CPU
		{9315DFD9-6455-4CF4-9A32-D54FD6C9C831}.Debug|Any CPU.Build.0 = Debug|Any CPU
		{9315DFD9-6455-4CF4-9A32-D54FD6C9C831}.Release|Any CPU.ActiveCfg = Release|Any CPU
		{9315DFD9-6455-4CF4-9A32-D54FD6C9C831}.Release|Any CPU.Build.0 = Release|Any CPU
		{8EBD44DD-CA55-4A36-9F8A-50AE4058812F}.Debug|Any CPU.ActiveCfg = Debug|Any CPU
		{8EBD44DD-CA55-4A36-9F8A-50AE4058812F}.Debug|Any CPU.Build.0 = Debug|Any CPU
		{8EBD44DD-CA55-4A36-9F8A-50AE4058812F}.Release|Any CPU.ActiveCfg = Release|Any CPU
		{8EBD44DD-CA55-4A36-9F8A-50AE4058812F}.Release|Any CPU.Build.0 = Release|Any CPU
		{D7DF7929-E1B5-4A4C-A846-8B37254707A2}.Debug|Any CPU.ActiveCfg = Debug|Any CPU
		{D7DF7929-E1B5-4A4C-A846-8B37254707A2}.Debug|Any CPU.Build.0 = Debug|Any CPU
		{D7DF7929-E1B5-4A4C-A846-8B37254707A2}.Release|Any CPU.ActiveCfg = Release|Any CPU
		{D7DF7929-E1B5-4A4C-A846-8B37254707A2}.Release|Any CPU.Build.0 = Release|Any CPU
		{D7158CF6-C6AB-4025-920A-0B0C8AF6F7C9}.Debug|Any CPU.ActiveCfg = Debug|Any CPU
		{D7158CF6-C6AB-4025-920A-0B0C8AF6F7C9}.Debug|Any CPU.Build.0 = Debug|Any CPU
		{D7158CF6-C6AB-4025-920A-0B0C8AF6F7C9}.Release|Any CPU.ActiveCfg = Release|Any CPU
		{D7158CF6-C6AB-4025-920A-0B0C8AF6F7C9}.Release|Any CPU.Build.0 = Release|Any CPU
		{48C8CCEE-2C9F-4D65-87C6-772206863416}.Debug|Any CPU.ActiveCfg = Debug|Any CPU
		{48C8CCEE-2C9F-4D65-87C6-772206863416}.Debug|Any CPU.Build.0 = Debug|Any CPU
		{48C8CCEE-2C9F-4D65-87C6-772206863416}.Release|Any CPU.ActiveCfg = Release|Any CPU
		{48C8CCEE-2C9F-4D65-87C6-772206863416}.Release|Any CPU.Build.0 = Release|Any CPU
		{61389443-7080-4598-BE4D-DA86B3005EA4}.Debug|Any CPU.ActiveCfg = Debug|Any CPU
		{61389443-7080-4598-BE4D-DA86B3005EA4}.Debug|Any CPU.Build.0 = Debug|Any CPU
		{61389443-7080-4598-BE4D-DA86B3005EA4}.Release|Any CPU.ActiveCfg = Release|Any CPU
		{61389443-7080-4598-BE4D-DA86B3005EA4}.Release|Any CPU.Build.0 = Release|Any CPU
		{2CC93345-329F-454C-9E6A-7FDD287C8FEA}.Debug|Any CPU.ActiveCfg = Debug|Any CPU
		{2CC93345-329F-454C-9E6A-7FDD287C8FEA}.Debug|Any CPU.Build.0 = Debug|Any CPU
		{2CC93345-329F-454C-9E6A-7FDD287C8FEA}.Release|Any CPU.ActiveCfg = Release|Any CPU
		{2CC93345-329F-454C-9E6A-7FDD287C8FEA}.Release|Any CPU.Build.0 = Release|Any CPU
		{0F2518D0-A06A-42AA-9423-4D6FB94F34F2}.Debug|Any CPU.ActiveCfg = Debug|Any CPU
		{0F2518D0-A06A-42AA-9423-4D6FB94F34F2}.Debug|Any CPU.Build.0 = Debug|Any CPU
		{0F2518D0-A06A-42AA-9423-4D6FB94F34F2}.Release|Any CPU.ActiveCfg = Release|Any CPU
		{0F2518D0-A06A-42AA-9423-4D6FB94F34F2}.Release|Any CPU.Build.0 = Release|Any CPU
		{6A7CBD78-B839-4627-9498-92190F678D86}.Debug|Any CPU.ActiveCfg = Debug|Any CPU
		{6A7CBD78-B839-4627-9498-92190F678D86}.Debug|Any CPU.Build.0 = Debug|Any CPU
		{6A7CBD78-B839-4627-9498-92190F678D86}.Release|Any CPU.ActiveCfg = Release|Any CPU
		{6A7CBD78-B839-4627-9498-92190F678D86}.Release|Any CPU.Build.0 = Release|Any CPU
		{3FB1F14E-4C85-48E9-BBD3-DF687692ADC8}.Debug|Any CPU.ActiveCfg = Debug|Any CPU
		{3FB1F14E-4C85-48E9-BBD3-DF687692ADC8}.Debug|Any CPU.Build.0 = Debug|Any CPU
		{3FB1F14E-4C85-48E9-BBD3-DF687692ADC8}.Release|Any CPU.ActiveCfg = Release|Any CPU
		{3FB1F14E-4C85-48E9-BBD3-DF687692ADC8}.Release|Any CPU.Build.0 = Release|Any CPU
		{20664696-413E-49ED-A40A-01A59209728C}.Debug|Any CPU.ActiveCfg = Debug|Any CPU
		{20664696-413E-49ED-A40A-01A59209728C}.Debug|Any CPU.Build.0 = Debug|Any CPU
		{20664696-413E-49ED-A40A-01A59209728C}.Release|Any CPU.ActiveCfg = Release|Any CPU
		{20664696-413E-49ED-A40A-01A59209728C}.Release|Any CPU.Build.0 = Release|Any CPU
		{E6F0B516-38E0-481B-B4F8-AED839B91301}.Debug|Any CPU.ActiveCfg = Debug|Any CPU
		{E6F0B516-38E0-481B-B4F8-AED839B91301}.Debug|Any CPU.Build.0 = Debug|Any CPU
		{E6F0B516-38E0-481B-B4F8-AED839B91301}.Release|Any CPU.ActiveCfg = Release|Any CPU
		{E6F0B516-38E0-481B-B4F8-AED839B91301}.Release|Any CPU.Build.0 = Release|Any CPU
		{E4FE7A2C-5612-46B1-9102-CDE77F27F3E7}.Debug|Any CPU.ActiveCfg = Debug|Any CPU
		{E4FE7A2C-5612-46B1-9102-CDE77F27F3E7}.Debug|Any CPU.Build.0 = Debug|Any CPU
		{E4FE7A2C-5612-46B1-9102-CDE77F27F3E7}.Release|Any CPU.ActiveCfg = Release|Any CPU
		{E4FE7A2C-5612-46B1-9102-CDE77F27F3E7}.Release|Any CPU.Build.0 = Release|Any CPU
		{76201572-CD1B-4710-8FD3-3E121A28BD1A}.Debug|Any CPU.ActiveCfg = Debug|Any CPU
		{76201572-CD1B-4710-8FD3-3E121A28BD1A}.Debug|Any CPU.Build.0 = Debug|Any CPU
		{76201572-CD1B-4710-8FD3-3E121A28BD1A}.Release|Any CPU.ActiveCfg = Release|Any CPU
		{76201572-CD1B-4710-8FD3-3E121A28BD1A}.Release|Any CPU.Build.0 = Release|Any CPU
		{1A1A94B9-CD61-4710-AC71-F9DAE5266330}.Debug|Any CPU.ActiveCfg = Debug|Any CPU
		{1A1A94B9-CD61-4710-AC71-F9DAE5266330}.Debug|Any CPU.Build.0 = Debug|Any CPU
		{1A1A94B9-CD61-4710-AC71-F9DAE5266330}.Release|Any CPU.ActiveCfg = Release|Any CPU
		{1A1A94B9-CD61-4710-AC71-F9DAE5266330}.Release|Any CPU.Build.0 = Release|Any CPU
		{D775E8DB-4873-4911-994C-9C94CEF08E88}.Debug|Any CPU.ActiveCfg = Debug|Any CPU
		{D775E8DB-4873-4911-994C-9C94CEF08E88}.Debug|Any CPU.Build.0 = Debug|Any CPU
		{D775E8DB-4873-4911-994C-9C94CEF08E88}.Release|Any CPU.ActiveCfg = Release|Any CPU
		{D775E8DB-4873-4911-994C-9C94CEF08E88}.Release|Any CPU.Build.0 = Release|Any CPU
		{A36F765B-0996-473A-9939-6DB1AB3AD459}.Debug|Any CPU.ActiveCfg = Debug|Any CPU
		{A36F765B-0996-473A-9939-6DB1AB3AD459}.Debug|Any CPU.Build.0 = Debug|Any CPU
		{A36F765B-0996-473A-9939-6DB1AB3AD459}.Release|Any CPU.ActiveCfg = Release|Any CPU
		{A36F765B-0996-473A-9939-6DB1AB3AD459}.Release|Any CPU.Build.0 = Release|Any CPU
		{11D4562F-C57C-4689-A440-7BE05C897C43}.Debug|Any CPU.ActiveCfg = Debug|Any CPU
		{11D4562F-C57C-4689-A440-7BE05C897C43}.Debug|Any CPU.Build.0 = Debug|Any CPU
		{11D4562F-C57C-4689-A440-7BE05C897C43}.Release|Any CPU.ActiveCfg = Release|Any CPU
		{11D4562F-C57C-4689-A440-7BE05C897C43}.Release|Any CPU.Build.0 = Release|Any CPU
		{716376DC-E77B-45C6-B954-B5A672428517}.Debug|Any CPU.ActiveCfg = Debug|Any CPU
		{716376DC-E77B-45C6-B954-B5A672428517}.Debug|Any CPU.Build.0 = Debug|Any CPU
		{716376DC-E77B-45C6-B954-B5A672428517}.Release|Any CPU.ActiveCfg = Release|Any CPU
		{716376DC-E77B-45C6-B954-B5A672428517}.Release|Any CPU.Build.0 = Release|Any CPU
		{CD60247C-D563-4278-8CA1-327F906989D9}.Debug|Any CPU.ActiveCfg = Debug|Any CPU
		{CD60247C-D563-4278-8CA1-327F906989D9}.Debug|Any CPU.Build.0 = Debug|Any CPU
		{CD60247C-D563-4278-8CA1-327F906989D9}.Release|Any CPU.ActiveCfg = Release|Any CPU
		{CD60247C-D563-4278-8CA1-327F906989D9}.Release|Any CPU.Build.0 = Release|Any CPU
		{22C37054-2A00-4968-9967-DDAC703EB981}.Debug|Any CPU.ActiveCfg = Debug|Any CPU
		{22C37054-2A00-4968-9967-DDAC703EB981}.Debug|Any CPU.Build.0 = Debug|Any CPU
		{22C37054-2A00-4968-9967-DDAC703EB981}.Release|Any CPU.ActiveCfg = Release|Any CPU
		{22C37054-2A00-4968-9967-DDAC703EB981}.Release|Any CPU.Build.0 = Release|Any CPU
		{8D07D6CE-FB9B-43CA-A323-F82339C93812}.Debug|Any CPU.ActiveCfg = Debug|Any CPU
		{8D07D6CE-FB9B-43CA-A323-F82339C93812}.Debug|Any CPU.Build.0 = Debug|Any CPU
		{8D07D6CE-FB9B-43CA-A323-F82339C93812}.Release|Any CPU.ActiveCfg = Release|Any CPU
		{8D07D6CE-FB9B-43CA-A323-F82339C93812}.Release|Any CPU.Build.0 = Release|Any CPU
		{BB3F5F17-E9D2-4DC2-A2DB-CA77C349D72D}.Debug|Any CPU.ActiveCfg = Debug|Any CPU
		{BB3F5F17-E9D2-4DC2-A2DB-CA77C349D72D}.Debug|Any CPU.Build.0 = Debug|Any CPU
		{BB3F5F17-E9D2-4DC2-A2DB-CA77C349D72D}.Release|Any CPU.ActiveCfg = Release|Any CPU
		{BB3F5F17-E9D2-4DC2-A2DB-CA77C349D72D}.Release|Any CPU.Build.0 = Release|Any CPU
		{C9B2E73F-FA18-4ECC-9567-FFF700F5C49C}.Debug|Any CPU.ActiveCfg = Debug|Any CPU
		{C9B2E73F-FA18-4ECC-9567-FFF700F5C49C}.Debug|Any CPU.Build.0 = Debug|Any CPU
		{C9B2E73F-FA18-4ECC-9567-FFF700F5C49C}.Release|Any CPU.ActiveCfg = Release|Any CPU
		{C9B2E73F-FA18-4ECC-9567-FFF700F5C49C}.Release|Any CPU.Build.0 = Release|Any CPU
		{03AC1230-E3E8-40B9-971E-366B45ECD322}.Debug|Any CPU.ActiveCfg = Debug|Any CPU
		{03AC1230-E3E8-40B9-971E-366B45ECD322}.Debug|Any CPU.Build.0 = Debug|Any CPU
		{03AC1230-E3E8-40B9-971E-366B45ECD322}.Release|Any CPU.ActiveCfg = Release|Any CPU
		{03AC1230-E3E8-40B9-971E-366B45ECD322}.Release|Any CPU.Build.0 = Release|Any CPU
		{252AEE86-C9AB-4E07-8FC8-0C1CF4C25A96}.Debug|Any CPU.ActiveCfg = Debug|Any CPU
		{252AEE86-C9AB-4E07-8FC8-0C1CF4C25A96}.Debug|Any CPU.Build.0 = Debug|Any CPU
		{252AEE86-C9AB-4E07-8FC8-0C1CF4C25A96}.Release|Any CPU.ActiveCfg = Release|Any CPU
		{252AEE86-C9AB-4E07-8FC8-0C1CF4C25A96}.Release|Any CPU.Build.0 = Release|Any CPU
		{49D4BD8F-4B3D-4717-9C2E-BF879BB9851D}.Debug|Any CPU.ActiveCfg = Debug|Any CPU
		{49D4BD8F-4B3D-4717-9C2E-BF879BB9851D}.Debug|Any CPU.Build.0 = Debug|Any CPU
		{49D4BD8F-4B3D-4717-9C2E-BF879BB9851D}.Release|Any CPU.ActiveCfg = Release|Any CPU
		{49D4BD8F-4B3D-4717-9C2E-BF879BB9851D}.Release|Any CPU.Build.0 = Release|Any CPU
		{37D3C4CF-44D5-4638-AF5F-F20B6D62DA4B}.Debug|Any CPU.ActiveCfg = Debug|Any CPU
		{37D3C4CF-44D5-4638-AF5F-F20B6D62DA4B}.Debug|Any CPU.Build.0 = Debug|Any CPU
		{37D3C4CF-44D5-4638-AF5F-F20B6D62DA4B}.Release|Any CPU.ActiveCfg = Release|Any CPU
		{37D3C4CF-44D5-4638-AF5F-F20B6D62DA4B}.Release|Any CPU.Build.0 = Release|Any CPU
		{235718ED-7428-4352-B51D-6ADDCF945C03}.Debug|Any CPU.ActiveCfg = Debug|Any CPU
		{235718ED-7428-4352-B51D-6ADDCF945C03}.Debug|Any CPU.Build.0 = Debug|Any CPU
		{235718ED-7428-4352-B51D-6ADDCF945C03}.Release|Any CPU.ActiveCfg = Release|Any CPU
		{235718ED-7428-4352-B51D-6ADDCF945C03}.Release|Any CPU.Build.0 = Release|Any CPU
		{5F0453D1-67B0-4198-869E-F7401815A29F}.Debug|Any CPU.ActiveCfg = Debug|Any CPU
		{5F0453D1-67B0-4198-869E-F7401815A29F}.Debug|Any CPU.Build.0 = Debug|Any CPU
		{5F0453D1-67B0-4198-869E-F7401815A29F}.Release|Any CPU.ActiveCfg = Release|Any CPU
		{5F0453D1-67B0-4198-869E-F7401815A29F}.Release|Any CPU.Build.0 = Release|Any CPU
		{6E92A701-F2F7-4D06-99FE-CF6DB6F3CD91}.Debug|Any CPU.ActiveCfg = Debug|Any CPU
		{6E92A701-F2F7-4D06-99FE-CF6DB6F3CD91}.Debug|Any CPU.Build.0 = Debug|Any CPU
		{6E92A701-F2F7-4D06-99FE-CF6DB6F3CD91}.Release|Any CPU.ActiveCfg = Release|Any CPU
		{6E92A701-F2F7-4D06-99FE-CF6DB6F3CD91}.Release|Any CPU.Build.0 = Release|Any CPU
	EndGlobalSection
	GlobalSection(SolutionProperties) = preSolution
		HideSolutionNode = FALSE
	EndGlobalSection
	GlobalSection(NestedProjects) = preSolution
		{60BE2971-F7CD-49A9-BB74-F809D5EF82C0} = {F381346F-CB49-4CAF-A918-8FD38443DCE5}
		{805746A5-42D1-4BAA-A758-784FAFF3A2C9} = {F381346F-CB49-4CAF-A918-8FD38443DCE5}
		{7440A620-1CB4-4AE0-951D-A2A9A990AB2E} = {F381346F-CB49-4CAF-A918-8FD38443DCE5}
		{8D397DB0-317B-4038-88E1-192D3F9C93C0} = {F381346F-CB49-4CAF-A918-8FD38443DCE5}
		{64D8C3CE-70B1-44B2-8FDE-7EA3FDA3E5AE} = {F381346F-CB49-4CAF-A918-8FD38443DCE5}
		{FA59AA1C-F857-4065-B41E-A87DBE490073} = {F381346F-CB49-4CAF-A918-8FD38443DCE5}
		{081C77EE-FE6A-46AB-A791-5F75A6207F19} = {F381346F-CB49-4CAF-A918-8FD38443DCE5}
		{0FA0BD18-719B-4A84-A12A-9E76C508EA2F} = {F381346F-CB49-4CAF-A918-8FD38443DCE5}
		{F8A11544-BB7A-4E75-AB2B-E7AADDBF3686} = {F381346F-CB49-4CAF-A918-8FD38443DCE5}
		{95CC91D9-F210-4524-A1DB-CE32F9FA46EF} = {8E962A73-9F01-4EF3-9F6F-02B7A8F4BA0D}
		{DD52DD6B-EEC3-47CE-96AF-52F30AB035DE} = {8E962A73-9F01-4EF3-9F6F-02B7A8F4BA0D}
		{0C42DDA3-B6F2-4031-AF12-B13A591A61B3} = {8E962A73-9F01-4EF3-9F6F-02B7A8F4BA0D}
		{20A15A87-7C7D-44B9-8B60-F37CE26B82F4} = {8E962A73-9F01-4EF3-9F6F-02B7A8F4BA0D}
		{E3A22309-B2C5-46E1-8BBB-07995C0A272F} = {8E962A73-9F01-4EF3-9F6F-02B7A8F4BA0D}
		{330C9C32-2CB2-4CE0-A58E-D16E3F68820E} = {8E962A73-9F01-4EF3-9F6F-02B7A8F4BA0D}
		{7037CED2-9498-4445-AC1D-BC0F268141DA} = {8E962A73-9F01-4EF3-9F6F-02B7A8F4BA0D}
		{B671281A-244B-40C0-8011-E3042D4B20C8} = {8E962A73-9F01-4EF3-9F6F-02B7A8F4BA0D}
		{2861CE2D-26AB-40CB-93BB-323326999239} = {8E962A73-9F01-4EF3-9F6F-02B7A8F4BA0D}
		{FF9D1642-660E-47FB-A5BF-1708991C63FD} = {8E962A73-9F01-4EF3-9F6F-02B7A8F4BA0D}
		{95A1B955-6D6F-4CB9-9772-C07541416A3D} = {FC9ED863-B440-430A-8549-1CFB5EAC8D7E}
		{2E3B78C0-8833-4AA2-8031-70E82FBAACCC} = {FC9ED863-B440-430A-8549-1CFB5EAC8D7E}
		{C5AA8D15-AE54-44FC-BBE4-5B044BEF4A78} = {FC9ED863-B440-430A-8549-1CFB5EAC8D7E}
		{C61F8C53-7D61-4AB1-B162-93D9DEA68ABE} = {FC9ED863-B440-430A-8549-1CFB5EAC8D7E}
		{308E92ED-F8FA-4319-BE72-358D4D0F9146} = {FC9ED863-B440-430A-8549-1CFB5EAC8D7E}
		{6911C848-3856-45DD-AC0F-ED7929F38358} = {FC9ED863-B440-430A-8549-1CFB5EAC8D7E}
		{DF406328-7D44-438F-897C-679E06C87F4F} = {FC9ED863-B440-430A-8549-1CFB5EAC8D7E}
		{BC786B12-3B4E-4B1D-BC93-09476B466B6F} = {DD6D8C6F-2256-4E43-83D7-A18FD033A02C}
		{C21E4660-335E-4426-A3F9-A7257A21483B} = {DD6D8C6F-2256-4E43-83D7-A18FD033A02C}
		{C54B9483-AD74-4AA6-BF45-EC0D8FD348CF} = {DD6D8C6F-2256-4E43-83D7-A18FD033A02C}
		{D0386707-6A0E-4740-839A-E10307F405F2} = {DD6D8C6F-2256-4E43-83D7-A18FD033A02C}
		{268182A2-D14C-4A42-BA4A-F8DD7BADC32B} = {DD6D8C6F-2256-4E43-83D7-A18FD033A02C}
		{469F164D-83AA-4AF5-A4B3-F429CC104417} = {DD6D8C6F-2256-4E43-83D7-A18FD033A02C}
		{2D1EAFCB-B061-4D23-8703-47E5EA1D06F4} = {DD6D8C6F-2256-4E43-83D7-A18FD033A02C}
		{42570FEF-64EC-47C3-9E93-B994A18AD8FF} = {DD6D8C6F-2256-4E43-83D7-A18FD033A02C}
		{AF7D42DE-0506-482E-9FEE-78C0ED186F47} = {6F218E2A-4C89-4A24-A1FF-BD648DB95BEF}
		{762BD9FF-1C4A-4C0F-BBB9-B85D6FDBEBE1} = {6F218E2A-4C89-4A24-A1FF-BD648DB95BEF}
		{EF39AA5D-3191-4B02-BB27-2BCFB6AD9A5E} = {6F218E2A-4C89-4A24-A1FF-BD648DB95BEF}
		{346EDDAF-BF4E-4EAD-BD44-BACC9EC3BFB9} = {6F218E2A-4C89-4A24-A1FF-BD648DB95BEF}
		{609AB37E-C261-4515-88D7-225F8FCEDE32} = {6F218E2A-4C89-4A24-A1FF-BD648DB95BEF}
		{828E208B-A3AC-425B-81C2-D2905983313C} = {6F218E2A-4C89-4A24-A1FF-BD648DB95BEF}
		{38FD33A4-4570-41E2-B5B0-7513FD12DF4C} = {6F218E2A-4C89-4A24-A1FF-BD648DB95BEF}
		{CD58EB77-18F4-4A57-A092-B30F1C3B7E86} = {6F218E2A-4C89-4A24-A1FF-BD648DB95BEF}
		{D11C70EB-D5BC-4F69-91D8-749BC7B91723} = {6F218E2A-4C89-4A24-A1FF-BD648DB95BEF}
		{504C73A9-FEBD-461E-BC7E-27E700F9BEF2} = {6F218E2A-4C89-4A24-A1FF-BD648DB95BEF}
		{CEB068E3-6F30-4F01-93AE-B76F3CEF473C} = {6F218E2A-4C89-4A24-A1FF-BD648DB95BEF}
		{0E05DD2A-72C5-4E21-8163-A6EF7D34C64C} = {6F218E2A-4C89-4A24-A1FF-BD648DB95BEF}
		{740893B8-F43C-46F9-9169-1D004FB41861} = {7F1F4F02-23FC-4347-A379-70C04A27BBB8}
		{F56F52BD-58EE-451B-A4FC-4D56CF5D26BD} = {7F1F4F02-23FC-4347-A379-70C04A27BBB8}
		{BCD46425-7CDC-4DB1-AEAA-2571673930C0} = {7F1F4F02-23FC-4347-A379-70C04A27BBB8}
		{F5D3B873-B9EC-4713-900A-F1E673440E0F} = {7F1F4F02-23FC-4347-A379-70C04A27BBB8}
		{3A901877-3C3D-49AB-BC77-B65360D15529} = {7F1F4F02-23FC-4347-A379-70C04A27BBB8}
		{73B19A4B-2D10-4FC2-B231-8FC779956DB3} = {7F1F4F02-23FC-4347-A379-70C04A27BBB8}
		{5B3A934D-1AC3-4300-A83E-6C70A5FAADBB} = {7F1F4F02-23FC-4347-A379-70C04A27BBB8}
		{1F608DE6-E0D8-4289-B142-6D6C4097B47F} = {7F1F4F02-23FC-4347-A379-70C04A27BBB8}
		{57016186-AC24-4705-9C78-B19348AAD635} = {7F1F4F02-23FC-4347-A379-70C04A27BBB8}
		{D76B2A5A-7034-46A7-A450-BCCB389773BB} = {5512518C-D303-4DAE-BF02-EB7E0C59CEFD}
		{AA492CD0-8DFC-4D90-AEE1-A6D835F6CF22} = {5512518C-D303-4DAE-BF02-EB7E0C59CEFD}
		{E6378E65-F49E-4059-A91D-59390AAA9DD7} = {5512518C-D303-4DAE-BF02-EB7E0C59CEFD}
		{B3F1BA14-BC08-424B-B00F-C58E46725F44} = {5512518C-D303-4DAE-BF02-EB7E0C59CEFD}
		{22F6C06E-786C-4E27-90BA-C5E13B071E99} = {5512518C-D303-4DAE-BF02-EB7E0C59CEFD}
		{7858850A-7B8F-4067-AEE2-CF3EE9E82323} = {5512518C-D303-4DAE-BF02-EB7E0C59CEFD}
		{4ABB6951-1C9E-42D7-BE92-88CA84ADDDDC} = {5512518C-D303-4DAE-BF02-EB7E0C59CEFD}
		{D93BC387-0E3B-4A4B-B3D0-E8A3E25F4653} = {5512518C-D303-4DAE-BF02-EB7E0C59CEFD}
		{8F296CC2-F411-421D-9BFD-AEE77548BD5F} = {5512518C-D303-4DAE-BF02-EB7E0C59CEFD}
		{513CFDF3-995D-4505-A9F0-FE7A10B6FF6B} = {5512518C-D303-4DAE-BF02-EB7E0C59CEFD}
		{A268D202-87D0-4B7A-ACBA-FDC2F9535EF9} = {49F0DADE-8BF5-4F6E-BDD5-21AB50B077DE}
		{FC250DF8-EEB1-4857-A5F5-AE0E4806CAE6} = {49F0DADE-8BF5-4F6E-BDD5-21AB50B077DE}
		{70969129-2153-470A-8AB3-C0B590FC588E} = {49F0DADE-8BF5-4F6E-BDD5-21AB50B077DE}
		{0C41DF9F-A1B8-4D26-90C2-20E447573C80} = {49F0DADE-8BF5-4F6E-BDD5-21AB50B077DE}
		{BEB52278-65A6-4142-B1F4-1B5F079EC1F6} = {49F0DADE-8BF5-4F6E-BDD5-21AB50B077DE}
		{8C1606DD-EB08-423A-B2F6-66D4DC06E18D} = {49F0DADE-8BF5-4F6E-BDD5-21AB50B077DE}
		{8CD00116-0D88-4472-B219-FCC242AAA4B0} = {49F0DADE-8BF5-4F6E-BDD5-21AB50B077DE}
		{A89F46E0-5233-4042-AF96-81FB8455D385} = {49F0DADE-8BF5-4F6E-BDD5-21AB50B077DE}
		{7CB577D1-2E6E-45E8-9F53-CD86D29C4202} = {115AEA38-196D-4683-A1FB-9A8E3A4BF298}
		{145014E1-E789-480F-91C5-2820159516B4} = {115AEA38-196D-4683-A1FB-9A8E3A4BF298}
		{210E607B-B035-48B3-933C-0B7B78F1401C} = {115AEA38-196D-4683-A1FB-9A8E3A4BF298}
		{F66DBD0A-9529-4800-BA96-10872E0AE80B} = {115AEA38-196D-4683-A1FB-9A8E3A4BF298}
		{35AD46FC-6EDA-4747-8B44-A7E0A8A85D10} = {115AEA38-196D-4683-A1FB-9A8E3A4BF298}
		{808241A1-328D-4715-B88D-5F5AC34AF5E7} = {115AEA38-196D-4683-A1FB-9A8E3A4BF298}
		{11B38090-563C-4450-BDC8-A84FD011E06F} = {115AEA38-196D-4683-A1FB-9A8E3A4BF298}
		{44D8DCBE-CD68-4529-AEB4-C57027753A0E} = {115AEA38-196D-4683-A1FB-9A8E3A4BF298}
		{516B73D2-AD08-4EB6-A592-AC517D5CBA09} = {6BC99A86-5965-4E11-9B84-601B4A463F85}
		{5871CE87-2CD8-4273-903F-EA2AE33FAA95} = {6BC99A86-5965-4E11-9B84-601B4A463F85}
		{5AD0D316-29D5-408B-8186-4368519F6DA2} = {6BC99A86-5965-4E11-9B84-601B4A463F85}
		{BDA85C38-55E2-4A89-9B3C-BB0294C52F29} = {6BC99A86-5965-4E11-9B84-601B4A463F85}
		{B3C2278D-D1FF-4779-B937-B00BF38882FB} = {6BC99A86-5965-4E11-9B84-601B4A463F85}
		{2B478EA3-D6E6-4C5D-ABF1-EDE5667BB281} = {6BC99A86-5965-4E11-9B84-601B4A463F85}
		{A3B41B63-78DC-49DF-9758-71CB3DFADBC9} = {6BC99A86-5965-4E11-9B84-601B4A463F85}
		{DB2E98E6-D367-4057-A2E7-7BA178B099B6} = {A3B60715-0DA1-4E51-A87A-F2B5ED51EA75}
		{49530869-3985-469E-8BD9-7120934755E4} = {A3B60715-0DA1-4E51-A87A-F2B5ED51EA75}
		{E26761A7-322B-4C8D-B32A-FE3EBD82E630} = {A3B60715-0DA1-4E51-A87A-F2B5ED51EA75}
		{7D8B8E02-0063-4EB6-AD86-4BED6065936D} = {A3B60715-0DA1-4E51-A87A-F2B5ED51EA75}
		{89284CDF-829F-47DA-8E2D-274E57BE437B} = {A3B60715-0DA1-4E51-A87A-F2B5ED51EA75}
		{6D71FF8C-F2E1-488D-8D0B-84AB6B49F490} = {A3B60715-0DA1-4E51-A87A-F2B5ED51EA75}
		{F8481320-AF73-4D13-A696-41B7E5DB536A} = {901AFC11-E3FF-470B-AB0A-7585A56BB42E}
		{1ED8BBED-1F05-41E9-8AB0-B938F27A0D8E} = {901AFC11-E3FF-470B-AB0A-7585A56BB42E}
		{F46D16DF-15F8-45E2-B4CC-34A7CB457A3F} = {901AFC11-E3FF-470B-AB0A-7585A56BB42E}
		{A61107FD-0BFF-4C13-871C-F6830A75C967} = {901AFC11-E3FF-470B-AB0A-7585A56BB42E}
		{CF14C20A-F70D-41D4-91A2-B4751495640D} = {901AFC11-E3FF-470B-AB0A-7585A56BB42E}
		{BDE99F02-9C46-4AC0-8904-B3B49398D176} = {901AFC11-E3FF-470B-AB0A-7585A56BB42E}
		{DCDD71F1-614D-48B8-8F54-338EA22859AF} = {5A48384C-5F52-417D-90D7-0F6FA184FBAA}
		{637CB485-7EC7-421D-B1ED-1A1ED7029F70} = {5A48384C-5F52-417D-90D7-0F6FA184FBAA}
		{67D89321-2AB5-490E-B9D0-74B84D203AEA} = {5A48384C-5F52-417D-90D7-0F6FA184FBAA}
		{46FD017B-DA8A-458A-A76B-1D020CBCC777} = {5A48384C-5F52-417D-90D7-0F6FA184FBAA}
		{36FE4C67-5A38-4966-AE86-682702C779F7} = {5A48384C-5F52-417D-90D7-0F6FA184FBAA}
		{528C9D04-B0CE-49CD-8CD6-0C0FC6C205CE} = {5A48384C-5F52-417D-90D7-0F6FA184FBAA}
		{88C77B4F-E76F-4E93-99BD-81AA3BAE8DB5} = {5A48384C-5F52-417D-90D7-0F6FA184FBAA}
		{C3BB1F5D-179F-443F-AD67-E467B13EFD42} = {5A48384C-5F52-417D-90D7-0F6FA184FBAA}
		{62D97570-01A3-4748-A808-C321805C7F1C} = {5A48384C-5F52-417D-90D7-0F6FA184FBAA}
		{5896FBC4-34B9-4DED-A264-A8A893A983E9} = {5A48384C-5F52-417D-90D7-0F6FA184FBAA}
		{DE9AE442-C3FE-4268-90DE-ECA5226ED81E} = {C4DF4E9A-3CB4-48CE-93B2-1E3CA21463DD}
		{8D219853-752F-401F-987C-A7B8B7190A9F} = {C4DF4E9A-3CB4-48CE-93B2-1E3CA21463DD}
		{5760884E-258C-433A-B459-6655DB9BBCB7} = {C4DF4E9A-3CB4-48CE-93B2-1E3CA21463DD}
		{B586C44B-B9F0-44F7-A122-D44B11431882} = {C4DF4E9A-3CB4-48CE-93B2-1E3CA21463DD}
		{E7998684-1725-4B41-9479-AFDD0876A456} = {C4DF4E9A-3CB4-48CE-93B2-1E3CA21463DD}
		{0B61837B-DF98-45AC-AF53-7D93FE505E53} = {C4DF4E9A-3CB4-48CE-93B2-1E3CA21463DD}
		{4B0FF8F6-C8C1-4FF6-BD5C-8E50E223D9B1} = {C4DF4E9A-3CB4-48CE-93B2-1E3CA21463DD}
		{E8410C5C-A074-4D6D-A80B-EF3238CE0186} = {C4DF4E9A-3CB4-48CE-93B2-1E3CA21463DD}
		{EAE2C7C1-076E-4FC7-BC96-E714028E4888} = {B024A72F-798B-4E26-A6DC-C20D57BC187B}
		{7A050C59-A793-4158-ADA0-B899875C8A5A} = {B024A72F-798B-4E26-A6DC-C20D57BC187B}
		{7CEF60E2-5A92-4C40-B4C5-29715BB1AAB4} = {B024A72F-798B-4E26-A6DC-C20D57BC187B}
		{ED2304F5-F74B-4D35-BC52-A9736196E6AD} = {B024A72F-798B-4E26-A6DC-C20D57BC187B}
		{2BFDFDF4-CC29-4622-A613-C00538DFEE7D} = {B024A72F-798B-4E26-A6DC-C20D57BC187B}
		{22277E76-7600-4883-9F30-2DAEC6073735} = {B024A72F-798B-4E26-A6DC-C20D57BC187B}
		{8BFBA7D1-31DB-4B99-9DCE-567B92D14C90} = {B024A72F-798B-4E26-A6DC-C20D57BC187B}
		{68C72521-39BD-41F8-9BD2-762DD2E9F768} = {B024A72F-798B-4E26-A6DC-C20D57BC187B}
		{735C31C8-93C5-44C8-85ED-D1AF29045C71} = {B024A72F-798B-4E26-A6DC-C20D57BC187B}
		{9315DFD9-6455-4CF4-9A32-D54FD6C9C831} = {B024A72F-798B-4E26-A6DC-C20D57BC187B}
		{8EBD44DD-CA55-4A36-9F8A-50AE4058812F} = {9CF70B41-E007-4053-83DA-B4D0728ABD76}
		{D7DF7929-E1B5-4A4C-A846-8B37254707A2} = {9CF70B41-E007-4053-83DA-B4D0728ABD76}
		{D7158CF6-C6AB-4025-920A-0B0C8AF6F7C9} = {9CF70B41-E007-4053-83DA-B4D0728ABD76}
		{48C8CCEE-2C9F-4D65-87C6-772206863416} = {9CF70B41-E007-4053-83DA-B4D0728ABD76}
		{61389443-7080-4598-BE4D-DA86B3005EA4} = {9CF70B41-E007-4053-83DA-B4D0728ABD76}
		{2CC93345-329F-454C-9E6A-7FDD287C8FEA} = {0934B832-D505-43B7-AAF3-B49BEBA9457A}
		{0F2518D0-A06A-42AA-9423-4D6FB94F34F2} = {0934B832-D505-43B7-AAF3-B49BEBA9457A}
		{6A7CBD78-B839-4627-9498-92190F678D86} = {0934B832-D505-43B7-AAF3-B49BEBA9457A}
		{3FB1F14E-4C85-48E9-BBD3-DF687692ADC8} = {0934B832-D505-43B7-AAF3-B49BEBA9457A}
		{20664696-413E-49ED-A40A-01A59209728C} = {0934B832-D505-43B7-AAF3-B49BEBA9457A}
		{E6F0B516-38E0-481B-B4F8-AED839B91301} = {0934B832-D505-43B7-AAF3-B49BEBA9457A}
		{E4FE7A2C-5612-46B1-9102-CDE77F27F3E7} = {0934B832-D505-43B7-AAF3-B49BEBA9457A}
		{76201572-CD1B-4710-8FD3-3E121A28BD1A} = {0934B832-D505-43B7-AAF3-B49BEBA9457A}
		{1A1A94B9-CD61-4710-AC71-F9DAE5266330} = {0934B832-D505-43B7-AAF3-B49BEBA9457A}
		{D775E8DB-4873-4911-994C-9C94CEF08E88} = {0934B832-D505-43B7-AAF3-B49BEBA9457A}
		{A36F765B-0996-473A-9939-6DB1AB3AD459} = {0934B832-D505-43B7-AAF3-B49BEBA9457A}
		{11D4562F-C57C-4689-A440-7BE05C897C43} = {ACE9B9DD-6570-4D61-9645-6329DA205987}
		{716376DC-E77B-45C6-B954-B5A672428517} = {ACE9B9DD-6570-4D61-9645-6329DA205987}
		{CD60247C-D563-4278-8CA1-327F906989D9} = {ACE9B9DD-6570-4D61-9645-6329DA205987}
		{22C37054-2A00-4968-9967-DDAC703EB981} = {ACE9B9DD-6570-4D61-9645-6329DA205987}
		{8D07D6CE-FB9B-43CA-A323-F82339C93812} = {ACE9B9DD-6570-4D61-9645-6329DA205987}
		{BB3F5F17-E9D2-4DC2-A2DB-CA77C349D72D} = {ACE9B9DD-6570-4D61-9645-6329DA205987}
		{C9B2E73F-FA18-4ECC-9567-FFF700F5C49C} = {ACE9B9DD-6570-4D61-9645-6329DA205987}
		{03AC1230-E3E8-40B9-971E-366B45ECD322} = {ACE9B9DD-6570-4D61-9645-6329DA205987}
		{252AEE86-C9AB-4E07-8FC8-0C1CF4C25A96} = {ACE9B9DD-6570-4D61-9645-6329DA205987}
		{49D4BD8F-4B3D-4717-9C2E-BF879BB9851D} = {ACE9B9DD-6570-4D61-9645-6329DA205987}
		{37D3C4CF-44D5-4638-AF5F-F20B6D62DA4B} = {ACE9B9DD-6570-4D61-9645-6329DA205987}
		{235718ED-7428-4352-B51D-6ADDCF945C03} = {ACE9B9DD-6570-4D61-9645-6329DA205987}
		{5F0453D1-67B0-4198-869E-F7401815A29F} = {ACE9B9DD-6570-4D61-9645-6329DA205987}
		{6E92A701-F2F7-4D06-99FE-CF6DB6F3CD91} = {ACE9B9DD-6570-4D61-9645-6329DA205987}
	EndGlobalSection
	GlobalSection(ExtensibilityGlobals) = postSolution
		SolutionGuid = {1F4A9316-599B-4454-AEFF-ADFED7382526}
	EndGlobalSection
EndGlobal
