
Microsoft Visual Studio Solution File, Format Version 12.00
# Visual Studio Version 16
VisualStudioVersion = 16.0.32413.511
MinimumVisualStudioVersion = 10.0.40219.1
Project("{2150E333-8FDC-42A3-9474-1A3956D46DE8}") = "01.First Steps in Coding-Lab", "01.First Steps in Coding-Lab", "{F381346F-CB49-4CAF-A918-8FD38443DCE5}"
EndProject
Project("{FAE04EC0-301F-11D3-BF4B-00C04F79EFBC}") = "01. Hello SoftUni", "01. Hello SoftUni\01. Hello SoftUni.csproj", "{60BE2971-F7CD-49A9-BB74-F809D5EF82C0}"
EndProject
Project("{FAE04EC0-301F-11D3-BF4B-00C04F79EFBC}") = "02. Nums 1to10", "02. Nums 1to10\02. Nums 1to10.csproj", "{805746A5-42D1-4BAA-A758-784FAFF3A2C9}"
EndProject
Project("{FAE04EC0-301F-11D3-BF4B-00C04F79EFBC}") = "03. Rectangle Area", "03. Rectangle Area\03. Rectangle Area.csproj", "{7440A620-1CB4-4AE0-951D-A2A9A990AB2E}"
EndProject
Project("{FAE04EC0-301F-11D3-BF4B-00C04F79EFBC}") = "04. Inches to Centimeters", "04. Inches to Centimeters\04. Inches to Centimeters.csproj", "{8D397DB0-317B-4038-88E1-192D3F9C93C0}"
EndProject
Project("{FAE04EC0-301F-11D3-BF4B-00C04F79EFBC}") = "05. Greeting by Name", "05. Greeting by Name\05. Greeting by Name.csproj", "{64D8C3CE-70B1-44B2-8FDE-7EA3FDA3E5AE}"
EndProject
Project("{FAE04EC0-301F-11D3-BF4B-00C04F79EFBC}") = "06. Concatenate Data", "06. Concatenate Data\06. Concatenate Data.csproj", "{FA59AA1C-F857-4065-B41E-A87DBE490073}"
EndProject
Project("{FAE04EC0-301F-11D3-BF4B-00C04F79EFBC}") = "07. Projects Creation", "07. Projects Creation\07. Projects Creation.csproj", "{081C77EE-FE6A-46AB-A791-5F75A6207F19}"
EndProject
Project("{FAE04EC0-301F-11D3-BF4B-00C04F79EFBC}") = "08. Pet Shop", "08. Pet Shop\08. Pet Shop.csproj", "{0FA0BD18-719B-4A84-A12A-9E76C508EA2F}"
EndProject
Project("{FAE04EC0-301F-11D3-BF4B-00C04F79EFBC}") = "09. Yard Greening", "09. Yard Greening\09. Yard Greening.csproj", "{F8A11544-BB7A-4E75-AB2B-E7AADDBF3686}"
EndProject
Project("{2150E333-8FDC-42A3-9474-1A3956D46DE8}") = "01.First Steps in Coding-Exersice", "01.First Steps in Coding-Exersice", "{8E962A73-9F01-4EF3-9F6F-02B7A8F4BA0D}"
EndProject
Project("{FAE04EC0-301F-11D3-BF4B-00C04F79EFBC}") = "01. USD to BGN", "01. USD to BGN\01. USD to BGN.csproj", "{95CC91D9-F210-4524-A1DB-CE32F9FA46EF}"
EndProject
Project("{FAE04EC0-301F-11D3-BF4B-00C04F79EFBC}") = "02. Radians to Degrees", "02. Radians to Degrees\02. Radians to Degrees.csproj", "{DD52DD6B-EEC3-47CE-96AF-52F30AB035DE}"
EndProject
Project("{FAE04EC0-301F-11D3-BF4B-00C04F79EFBC}") = "03. Deposit Calculator", "03. Deposit Calculator\03. Deposit Calculator.csproj", "{0C42DDA3-B6F2-4031-AF12-B13A591A61B3}"
EndProject
Project("{FAE04EC0-301F-11D3-BF4B-00C04F79EFBC}") = "04. Vacation Books List", "04. Vacation Books List\04. Vacation Books List.csproj", "{20A15A87-7C7D-44B9-8B60-F37CE26B82F4}"
EndProject
Global
	GlobalSection(SolutionConfigurationPlatforms) = preSolution
		Debug|Any CPU = Debug|Any CPU
		Release|Any CPU = Release|Any CPU
	EndGlobalSection
	GlobalSection(ProjectConfigurationPlatforms) = postSolution
		{60BE2971-F7CD-49A9-BB74-F809D5EF82C0}.Debug|Any CPU.ActiveCfg = Debug|Any CPU
		{60BE2971-F7CD-49A9-BB74-F809D5EF82C0}.Debug|Any CPU.Build.0 = Debug|Any CPU
		{60BE2971-F7CD-49A9-BB74-F809D5EF82C0}.Release|Any CPU.ActiveCfg = Release|Any CPU
		{60BE2971-F7CD-49A9-BB74-F809D5EF82C0}.Release|Any CPU.Build.0 = Release|Any CPU
		{805746A5-42D1-4BAA-A758-784FAFF3A2C9}.Debug|Any CPU.ActiveCfg = Debug|Any CPU
		{805746A5-42D1-4BAA-A758-784FAFF3A2C9}.Debug|Any CPU.Build.0 = Debug|Any CPU
		{805746A5-42D1-4BAA-A758-784FAFF3A2C9}.Release|Any CPU.ActiveCfg = Release|Any CPU
		{805746A5-42D1-4BAA-A758-784FAFF3A2C9}.Release|Any CPU.Build.0 = Release|Any CPU
		{7440A620-1CB4-4AE0-951D-A2A9A990AB2E}.Debug|Any CPU.ActiveCfg = Debug|Any CPU
		{7440A620-1CB4-4AE0-951D-A2A9A990AB2E}.Debug|Any CPU.Build.0 = Debug|Any CPU
		{7440A620-1CB4-4AE0-951D-A2A9A990AB2E}.Release|Any CPU.ActiveCfg = Release|Any CPU
		{7440A620-1CB4-4AE0-951D-A2A9A990AB2E}.Release|Any CPU.Build.0 = Release|Any CPU
		{8D397DB0-317B-4038-88E1-192D3F9C93C0}.Debug|Any CPU.ActiveCfg = Debug|Any CPU
		{8D397DB0-317B-4038-88E1-192D3F9C93C0}.Debug|Any CPU.Build.0 = Debug|Any CPU
		{8D397DB0-317B-4038-88E1-192D3F9C93C0}.Release|Any CPU.ActiveCfg = Release|Any CPU
		{8D397DB0-317B-4038-88E1-192D3F9C93C0}.Release|Any CPU.Build.0 = Release|Any CPU
		{64D8C3CE-70B1-44B2-8FDE-7EA3FDA3E5AE}.Debug|Any CPU.ActiveCfg = Debug|Any CPU
		{64D8C3CE-70B1-44B2-8FDE-7EA3FDA3E5AE}.Debug|Any CPU.Build.0 = Debug|Any CPU
		{64D8C3CE-70B1-44B2-8FDE-7EA3FDA3E5AE}.Release|Any CPU.ActiveCfg = Release|Any CPU
		{64D8C3CE-70B1-44B2-8FDE-7EA3FDA3E5AE}.Release|Any CPU.Build.0 = Release|Any CPU
		{FA59AA1C-F857-4065-B41E-A87DBE490073}.Debug|Any CPU.ActiveCfg = Debug|Any CPU
		{FA59AA1C-F857-4065-B41E-A87DBE490073}.Debug|Any CPU.Build.0 = Debug|Any CPU
		{FA59AA1C-F857-4065-B41E-A87DBE490073}.Release|Any CPU.ActiveCfg = Release|Any CPU
		{FA59AA1C-F857-4065-B41E-A87DBE490073}.Release|Any CPU.Build.0 = Release|Any CPU
		{081C77EE-FE6A-46AB-A791-5F75A6207F19}.Debug|Any CPU.ActiveCfg = Debug|Any CPU
		{081C77EE-FE6A-46AB-A791-5F75A6207F19}.Debug|Any CPU.Build.0 = Debug|Any CPU
		{081C77EE-FE6A-46AB-A791-5F75A6207F19}.Release|Any CPU.ActiveCfg = Release|Any CPU
		{081C77EE-FE6A-46AB-A791-5F75A6207F19}.Release|Any CPU.Build.0 = Release|Any CPU
		{0FA0BD18-719B-4A84-A12A-9E76C508EA2F}.Debug|Any CPU.ActiveCfg = Debug|Any CPU
		{0FA0BD18-719B-4A84-A12A-9E76C508EA2F}.Debug|Any CPU.Build.0 = Debug|Any CPU
		{0FA0BD18-719B-4A84-A12A-9E76C508EA2F}.Release|Any CPU.ActiveCfg = Release|Any CPU
		{0FA0BD18-719B-4A84-A12A-9E76C508EA2F}.Release|Any CPU.Build.0 = Release|Any CPU
		{F8A11544-BB7A-4E75-AB2B-E7AADDBF3686}.Debug|Any CPU.ActiveCfg = Debug|Any CPU
		{F8A11544-BB7A-4E75-AB2B-E7AADDBF3686}.Debug|Any CPU.Build.0 = Debug|Any CPU
		{F8A11544-BB7A-4E75-AB2B-E7AADDBF3686}.Release|Any CPU.ActiveCfg = Release|Any CPU
		{F8A11544-BB7A-4E75-AB2B-E7AADDBF3686}.Release|Any CPU.Build.0 = Release|Any CPU
		{95CC91D9-F210-4524-A1DB-CE32F9FA46EF}.Debug|Any CPU.ActiveCfg = Debug|Any CPU
		{95CC91D9-F210-4524-A1DB-CE32F9FA46EF}.Debug|Any CPU.Build.0 = Debug|Any CPU
		{95CC91D9-F210-4524-A1DB-CE32F9FA46EF}.Release|Any CPU.ActiveCfg = Release|Any CPU
		{95CC91D9-F210-4524-A1DB-CE32F9FA46EF}.Release|Any CPU.Build.0 = Release|Any CPU
		{DD52DD6B-EEC3-47CE-96AF-52F30AB035DE}.Debug|Any CPU.ActiveCfg = Debug|Any CPU
		{DD52DD6B-EEC3-47CE-96AF-52F30AB035DE}.Debug|Any CPU.Build.0 = Debug|Any CPU
		{DD52DD6B-EEC3-47CE-96AF-52F30AB035DE}.Release|Any CPU.ActiveCfg = Release|Any CPU
		{DD52DD6B-EEC3-47CE-96AF-52F30AB035DE}.Release|Any CPU.Build.0 = Release|Any CPU
		{0C42DDA3-B6F2-4031-AF12-B13A591A61B3}.Debug|Any CPU.ActiveCfg = Debug|Any CPU
		{0C42DDA3-B6F2-4031-AF12-B13A591A61B3}.Debug|Any CPU.Build.0 = Debug|Any CPU
		{0C42DDA3-B6F2-4031-AF12-B13A591A61B3}.Release|Any CPU.ActiveCfg = Release|Any CPU
		{0C42DDA3-B6F2-4031-AF12-B13A591A61B3}.Release|Any CPU.Build.0 = Release|Any CPU
		{20A15A87-7C7D-44B9-8B60-F37CE26B82F4}.Debug|Any CPU.ActiveCfg = Debug|Any CPU
		{20A15A87-7C7D-44B9-8B60-F37CE26B82F4}.Debug|Any CPU.Build.0 = Debug|Any CPU
		{20A15A87-7C7D-44B9-8B60-F37CE26B82F4}.Release|Any CPU.ActiveCfg = Release|Any CPU
		{20A15A87-7C7D-44B9-8B60-F37CE26B82F4}.Release|Any CPU.Build.0 = Release|Any CPU
	EndGlobalSection
	GlobalSection(SolutionProperties) = preSolution
		HideSolutionNode = FALSE
	EndGlobalSection
	GlobalSection(NestedProjects) = preSolution
		{60BE2971-F7CD-49A9-BB74-F809D5EF82C0} = {F381346F-CB49-4CAF-A918-8FD38443DCE5}
		{805746A5-42D1-4BAA-A758-784FAFF3A2C9} = {F381346F-CB49-4CAF-A918-8FD38443DCE5}
		{7440A620-1CB4-4AE0-951D-A2A9A990AB2E} = {F381346F-CB49-4CAF-A918-8FD38443DCE5}
		{8D397DB0-317B-4038-88E1-192D3F9C93C0} = {F381346F-CB49-4CAF-A918-8FD38443DCE5}
		{64D8C3CE-70B1-44B2-8FDE-7EA3FDA3E5AE} = {F381346F-CB49-4CAF-A918-8FD38443DCE5}
		{FA59AA1C-F857-4065-B41E-A87DBE490073} = {F381346F-CB49-4CAF-A918-8FD38443DCE5}
		{081C77EE-FE6A-46AB-A791-5F75A6207F19} = {F381346F-CB49-4CAF-A918-8FD38443DCE5}
		{0FA0BD18-719B-4A84-A12A-9E76C508EA2F} = {F381346F-CB49-4CAF-A918-8FD38443DCE5}
		{F8A11544-BB7A-4E75-AB2B-E7AADDBF3686} = {F381346F-CB49-4CAF-A918-8FD38443DCE5}
		{95CC91D9-F210-4524-A1DB-CE32F9FA46EF} = {8E962A73-9F01-4EF3-9F6F-02B7A8F4BA0D}
		{DD52DD6B-EEC3-47CE-96AF-52F30AB035DE} = {8E962A73-9F01-4EF3-9F6F-02B7A8F4BA0D}
		{0C42DDA3-B6F2-4031-AF12-B13A591A61B3} = {8E962A73-9F01-4EF3-9F6F-02B7A8F4BA0D}
		{20A15A87-7C7D-44B9-8B60-F37CE26B82F4} = {8E962A73-9F01-4EF3-9F6F-02B7A8F4BA0D}
	EndGlobalSection
	GlobalSection(ExtensibilityGlobals) = postSolution
		SolutionGuid = {1F4A9316-599B-4454-AEFF-ADFED7382526}
	EndGlobalSection
EndGlobal
