
Microsoft Visual Studio Solution File, Format Version 12.00
# Visual Studio Version 17
VisualStudioVersion = 17.2.32630.192
MinimumVisualStudioVersion = 10.0.40219.1
Project("{2150E333-8FDC-42A3-9474-1A3956D46DE8}") = "01.First Steps in Coding-Lab", "01.First Steps in Coding-Lab", "{F381346F-CB49-4CAF-A918-8FD38443DCE5}"
EndProject
Project("{9A19103F-16F7-4668-BE54-9A1E7A4F7556}") = "01. Hello SoftUni", "01. Hello SoftUni\01. Hello SoftUni.csproj", "{60BE2971-F7CD-49A9-BB74-F809D5EF82C0}"
EndProject
Project("{9A19103F-16F7-4668-BE54-9A1E7A4F7556}") = "02. Nums 1to10", "02. Nums 1to10\02. Nums 1to10.csproj", "{805746A5-42D1-4BAA-A758-784FAFF3A2C9}"
EndProject
Project("{9A19103F-16F7-4668-BE54-9A1E7A4F7556}") = "03. Rectangle Area", "03. Rectangle Area\03. Rectangle Area.csproj", "{7440A620-1CB4-4AE0-951D-A2A9A990AB2E}"
EndProject
Project("{9A19103F-16F7-4668-BE54-9A1E7A4F7556}") = "04. Inches to Centimeters", "04. Inches to Centimeters\04. Inches to Centimeters.csproj", "{8D397DB0-317B-4038-88E1-192D3F9C93C0}"
EndProject
Project("{9A19103F-16F7-4668-BE54-9A1E7A4F7556}") = "05. Greeting by Name", "05. Greeting by Name\05. Greeting by Name.csproj", "{64D8C3CE-70B1-44B2-8FDE-7EA3FDA3E5AE}"
EndProject
Project("{9A19103F-16F7-4668-BE54-9A1E7A4F7556}") = "06. Concatenate Data", "06. Concatenate Data\06. Concatenate Data.csproj", "{FA59AA1C-F857-4065-B41E-A87DBE490073}"
EndProject
Project("{9A19103F-16F7-4668-BE54-9A1E7A4F7556}") = "07. Projects Creation", "07. Projects Creation\07. Projects Creation.csproj", "{081C77EE-FE6A-46AB-A791-5F75A6207F19}"
EndProject
Project("{9A19103F-16F7-4668-BE54-9A1E7A4F7556}") = "08. Pet Shop", "08. Pet Shop\08. Pet Shop.csproj", "{0FA0BD18-719B-4A84-A12A-9E76C508EA2F}"
EndProject
Project("{9A19103F-16F7-4668-BE54-9A1E7A4F7556}") = "09. Yard Greening", "09. Yard Greening\09. Yard Greening.csproj", "{F8A11544-BB7A-4E75-AB2B-E7AADDBF3686}"
EndProject
Project("{2150E333-8FDC-42A3-9474-1A3956D46DE8}") = "01.First Steps in Coding-Exersice", "01.First Steps in Coding-Exersice", "{8E962A73-9F01-4EF3-9F6F-02B7A8F4BA0D}"
EndProject
Project("{9A19103F-16F7-4668-BE54-9A1E7A4F7556}") = "01. USD to BGN", "01. USD to BGN\01. USD to BGN.csproj", "{95CC91D9-F210-4524-A1DB-CE32F9FA46EF}"
EndProject
Project("{9A19103F-16F7-4668-BE54-9A1E7A4F7556}") = "02. Radians to Degrees", "02. Radians to Degrees\02. Radians to Degrees.csproj", "{DD52DD6B-EEC3-47CE-96AF-52F30AB035DE}"
EndProject
Project("{9A19103F-16F7-4668-BE54-9A1E7A4F7556}") = "03. Deposit Calculator", "03. Deposit Calculator\03. Deposit Calculator.csproj", "{0C42DDA3-B6F2-4031-AF12-B13A591A61B3}"
EndProject
Project("{9A19103F-16F7-4668-BE54-9A1E7A4F7556}") = "04. Vacation Books List", "04. Vacation Books List\04. Vacation Books List.csproj", "{20A15A87-7C7D-44B9-8B60-F37CE26B82F4}"
EndProject
Project("{9A19103F-16F7-4668-BE54-9A1E7A4F7556}") = "05. Supplies for School", "05. Supplies for School\05. Supplies for School.csproj", "{E3A22309-B2C5-46E1-8BBB-07995C0A272F}"
EndProject
Project("{9A19103F-16F7-4668-BE54-9A1E7A4F7556}") = "06. Repainting", "06. Repainting\06. Repainting.csproj", "{330C9C32-2CB2-4CE0-A58E-D16E3F68820E}"
EndProject
Project("{9A19103F-16F7-4668-BE54-9A1E7A4F7556}") = "07. Food Delivery", "07. Food Delivery\07. Food Delivery.csproj", "{7037CED2-9498-4445-AC1D-BC0F268141DA}"
EndProject
Project("{9A19103F-16F7-4668-BE54-9A1E7A4F7556}") = "08. Basketball Equipment", "08. Basketball Equipment\08. Basketball Equipment.csproj", "{B671281A-244B-40C0-8011-E3042D4B20C8}"
EndProject
Project("{9A19103F-16F7-4668-BE54-9A1E7A4F7556}") = "09.Fish Tank", "09.Fish Tank\09.Fish Tank.csproj", "{2861CE2D-26AB-40CB-93BB-323326999239}"
EndProject
Project("{9A19103F-16F7-4668-BE54-9A1E7A4F7556}") = "091.Tasks", "091.Tasks\091.Tasks.csproj", "{FF9D1642-660E-47FB-A5BF-1708991C63FD}"
EndProject
Project("{2150E333-8FDC-42A3-9474-1A3956D46DE8}") = "02.Conditional Statements-Lab", "02.Conditional Statements-Lab", "{FC9ED863-B440-430A-8549-1CFB5EAC8D7E}"
EndProject
Project("{2150E333-8FDC-42A3-9474-1A3956D46DE8}") = "02.Conditional Statements-Exe", "02.Conditional Statements-Exe", "{DD6D8C6F-2256-4E43-83D7-A18FD033A02C}"
EndProject
Project("{9A19103F-16F7-4668-BE54-9A1E7A4F7556}") = "01. Excellent Resulttt", "01. Excellent Resulttt\01. Excellent Resulttt.csproj", "{95A1B955-6D6F-4CB9-9772-C07541416A3D}"
EndProject
Project("{9A19103F-16F7-4668-BE54-9A1E7A4F7556}") = "02. Greater Number", "02. Greater Number\02. Greater Number.csproj", "{2E3B78C0-8833-4AA2-8031-70E82FBAACCC}"
EndProject
Project("{9A19103F-16F7-4668-BE54-9A1E7A4F7556}") = "03. Even or Odd", "03. Even or Odd\03. Even or Odd.csproj", "{C5AA8D15-AE54-44FC-BBE4-5B044BEF4A78}"
EndProject
Project("{9A19103F-16F7-4668-BE54-9A1E7A4F7556}") = "04. Password Guess", "04. Password Guess\04. Password Guess.csproj", "{C61F8C53-7D61-4AB1-B162-93D9DEA68ABE}"
EndProject
Project("{9A19103F-16F7-4668-BE54-9A1E7A4F7556}") = "05. Number 100 to 200", "05. Number 100 to 200\05. Number 100 to 200.csproj", "{308E92ED-F8FA-4319-BE72-358D4D0F9146}"
EndProject
Project("{9A19103F-16F7-4668-BE54-9A1E7A4F7556}") = "06. Speed Info", "06. Speed Info\06. Speed Info.csproj", "{6911C848-3856-45DD-AC0F-ED7929F38358}"
EndProject
Project("{9A19103F-16F7-4668-BE54-9A1E7A4F7556}") = "07. Area of Figures", "07. Area of Figures\07. Area of Figures.csproj", "{DF406328-7D44-438F-897C-679E06C87F4F}"
EndProject
Project("{9A19103F-16F7-4668-BE54-9A1E7A4F7556}") = "01. Sum Seconds", "01. Sum Seconds\01. Sum Seconds.csproj", "{BC786B12-3B4E-4B1D-BC93-09476B466B6F}"
EndProject
Project("{9A19103F-16F7-4668-BE54-9A1E7A4F7556}") = "02. Bonus Score", "02. Bonus Score\02. Bonus Score.csproj", "{C21E4660-335E-4426-A3F9-A7257A21483B}"
EndProject
Project("{9A19103F-16F7-4668-BE54-9A1E7A4F7556}") = "03. Time + 15 Minutes", "03. Time + 15 Minutes\03. Time + 15 Minutes.csproj", "{C54B9483-AD74-4AA6-BF45-EC0D8FD348CF}"
EndProject
Project("{9A19103F-16F7-4668-BE54-9A1E7A4F7556}") = "04. Toy Shop", "04. Toy Shop\04. Toy Shop.csproj", "{D0386707-6A0E-4740-839A-E10307F405F2}"
EndProject
Project("{9A19103F-16F7-4668-BE54-9A1E7A4F7556}") = "05. Godzilla vs. Kong", "05. Godzilla vs. Kong\05. Godzilla vs. Kong.csproj", "{268182A2-D14C-4A42-BA4A-F8DD7BADC32B}"
EndProject
Project("{9A19103F-16F7-4668-BE54-9A1E7A4F7556}") = "06. World Swimming Record", "06. World Swimming Record\06. World Swimming Record.csproj", "{469F164D-83AA-4AF5-A4B3-F429CC104417}"
EndProject
Project("{9A19103F-16F7-4668-BE54-9A1E7A4F7556}") = "07. Shopping", "07. Shopping\07. Shopping.csproj", "{2D1EAFCB-B061-4D23-8703-47E5EA1D06F4}"
EndProject
Project("{9A19103F-16F7-4668-BE54-9A1E7A4F7556}") = "08. Lunch Break", "08. Lunch Break\08. Lunch Break.csproj", "{42570FEF-64EC-47C3-9E93-B994A18AD8FF}"
EndProject
Project("{2150E333-8FDC-42A3-9474-1A3956D46DE8}") = "03.Conditional Statements Advanced-Lab", "03.Conditional Statements Advanced-Lab", "{6F218E2A-4C89-4A24-A1FF-BD648DB95BEF}"
EndProject
Project("{2150E333-8FDC-42A3-9474-1A3956D46DE8}") = "03.Conditional Statements Advanced-Exe", "03.Conditional Statements Advanced-Exe", "{7F1F4F02-23FC-4347-A379-70C04A27BBB8}"
EndProject
Project("{9A19103F-16F7-4668-BE54-9A1E7A4F7556}") = "01. Day of Week", "01. Day of Week\01. Day of Week.csproj", "{AF7D42DE-0506-482E-9FEE-78C0ED186F47}"
EndProject
Project("{9A19103F-16F7-4668-BE54-9A1E7A4F7556}") = "02.Weekend or Working Day", "02.Weekend or Working Day\02.Weekend or Working Day.csproj", "{762BD9FF-1C4A-4C0F-BBB9-B85D6FDBEBE1}"
EndProject
Project("{9A19103F-16F7-4668-BE54-9A1E7A4F7556}") = "03. Animal Type", "03. Animal Type\03. Animal Type.csproj", "{EF39AA5D-3191-4B02-BB27-2BCFB6AD9A5E}"
EndProject
Project("{9A19103F-16F7-4668-BE54-9A1E7A4F7556}") = "04. Personal Titles", "04. Personal Titles\04. Personal Titles.csproj", "{346EDDAF-BF4E-4EAD-BD44-BACC9EC3BFB9}"
EndProject
Project("{9A19103F-16F7-4668-BE54-9A1E7A4F7556}") = "05. Small Shop", "05. Small Shop\05. Small Shop.csproj", "{609AB37E-C261-4515-88D7-225F8FCEDE32}"
EndProject
Project("{9A19103F-16F7-4668-BE54-9A1E7A4F7556}") = "06. Number in Range", "06. Number in Range\06. Number in Range.csproj", "{828E208B-A3AC-425B-81C2-D2905983313C}"
EndProject
Project("{9A19103F-16F7-4668-BE54-9A1E7A4F7556}") = "07.Working Hours", "07.Working Hours\07.Working Hours.csproj", "{38FD33A4-4570-41E2-B5B0-7513FD12DF4C}"
EndProject
Project("{9A19103F-16F7-4668-BE54-9A1E7A4F7556}") = "08.Cinema Ticket", "08.Cinema Ticket\08.Cinema Ticket.csproj", "{CD58EB77-18F4-4A57-A092-B30F1C3B7E86}"
EndProject
Project("{9A19103F-16F7-4668-BE54-9A1E7A4F7556}") = "09. Fruit or Vegetable", "09. Fruit or Vegetable\09. Fruit or Vegetable.csproj", "{D11C70EB-D5BC-4F69-91D8-749BC7B91723}"
EndProject
Project("{9A19103F-16F7-4668-BE54-9A1E7A4F7556}") = "10. Invalid Number", "10. Invalid Number\10. Invalid Number.csproj", "{504C73A9-FEBD-461E-BC7E-27E700F9BEF2}"
EndProject
Project("{9A19103F-16F7-4668-BE54-9A1E7A4F7556}") = "11. Fruit Shop", "11. Fruit Shop\11. Fruit Shop.csproj", "{CEB068E3-6F30-4F01-93AE-B76F3CEF473C}"
EndProject
Project("{9A19103F-16F7-4668-BE54-9A1E7A4F7556}") = "12. Trade Commissions", "12. Trade Commissions\12. Trade Commissions.csproj", "{0E05DD2A-72C5-4E21-8163-A6EF7D34C64C}"
EndProject
Project("{9A19103F-16F7-4668-BE54-9A1E7A4F7556}") = "01. Cinema", "01. Cinema\01. Cinema.csproj", "{740893B8-F43C-46F9-9169-1D004FB41861}"
EndProject
Project("{9A19103F-16F7-4668-BE54-9A1E7A4F7556}") = "02. Summer Outfit", "02. Summer Outfit\02. Summer Outfit.csproj", "{F56F52BD-58EE-451B-A4FC-4D56CF5D26BD}"
EndProject
Project("{9A19103F-16F7-4668-BE54-9A1E7A4F7556}") = "03. New House", "03. New House\03. New House.csproj", "{BCD46425-7CDC-4DB1-AEAA-2571673930C0}"
EndProject
Project("{9A19103F-16F7-4668-BE54-9A1E7A4F7556}") = "04. Fishing Boat", "04. Fishing Boat\04. Fishing Boat.csproj", "{F5D3B873-B9EC-4713-900A-F1E673440E0F}"
EndProject
Project("{9A19103F-16F7-4668-BE54-9A1E7A4F7556}") = "05. Journey", "05. Journey\05. Journey.csproj", "{3A901877-3C3D-49AB-BC77-B65360D15529}"
EndProject
Project("{9A19103F-16F7-4668-BE54-9A1E7A4F7556}") = "06. Operations Between Numbers", "06. Operations Between Numbers\06. Operations Between Numbers.csproj", "{73B19A4B-2D10-4FC2-B231-8FC779956DB3}"
EndProject
Project("{9A19103F-16F7-4668-BE54-9A1E7A4F7556}") = "07. Hotel Room", "07. Hotel Room\07. Hotel Room.csproj", "{5B3A934D-1AC3-4300-A83E-6C70A5FAADBB}"
EndProject
Project("{9A19103F-16F7-4668-BE54-9A1E7A4F7556}") = "08. On Time for the Exam", "08. On Time for the Exam\08. On Time for the Exam.csproj", "{1F608DE6-E0D8-4289-B142-6D6C4097B47F}"
EndProject
Project("{9A19103F-16F7-4668-BE54-9A1E7A4F7556}") = "09. Ski Trip", "09. Ski Trip\09. Ski Trip.csproj", "{57016186-AC24-4705-9C78-B19348AAD635}"
EndProject
Project("{2150E333-8FDC-42A3-9474-1A3956D46DE8}") = "04.For Loop-Lab", "04.For Loop-Lab", "{5512518C-D303-4DAE-BF02-EB7E0C59CEFD}"
EndProject
Project("{2150E333-8FDC-42A3-9474-1A3956D46DE8}") = "04.For Loop-Exe", "04.For Loop-Exe", "{49F0DADE-8BF5-4F6E-BDD5-21AB50B077DE}"
EndProject
Project("{FAE04EC0-301F-11D3-BF4B-00C04F79EFBC}") = "01. Numbers from 1 to 100", "01. Numbers from 1 to 100\01. Numbers from 1 to 100.csproj", "{D76B2A5A-7034-46A7-A450-BCCB389773BB}"
EndProject
Project("{FAE04EC0-301F-11D3-BF4B-00C04F79EFBC}") = "02. Numbers N. to 1", "02. Numbers N. to 1\02. Numbers N. to 1.csproj", "{AA492CD0-8DFC-4D90-AEE1-A6D835F6CF22}"
EndProject
Project("{FAE04EC0-301F-11D3-BF4B-00C04F79EFBC}") = "03. Numbers 1.N with Step 3", "03. Numbers 1.N with Step 3\03. Numbers 1.N with Step 3.csproj", "{E6378E65-F49E-4059-A91D-59390AAA9DD7}"
EndProject
Project("{FAE04EC0-301F-11D3-BF4B-00C04F79EFBC}") = "04. Even Powers of 2", "04. Even Powers of 2\04. Even Powers of 2.csproj", "{B3F1BA14-BC08-424B-B00F-C58E46725F44}"
EndProject
Project("{FAE04EC0-301F-11D3-BF4B-00C04F79EFBC}") = "05. Character Sequence", "05. Character Sequence\05. Character Sequence.csproj", "{22F6C06E-786C-4E27-90BA-C5E13B071E99}"
EndProject
Project("{FAE04EC0-301F-11D3-BF4B-00C04F79EFBC}") = "06. Vowels Sum", "06. Vowels Sum\06. Vowels Sum.csproj", "{7858850A-7B8F-4067-AEE2-CF3EE9E82323}"
EndProject
Project("{FAE04EC0-301F-11D3-BF4B-00C04F79EFBC}") = "07. Sum Numbers", "07. Sum Numbers\07. Sum Numbers.csproj", "{4ABB6951-1C9E-42D7-BE92-88CA84ADDDDC}"
EndProject
Project("{FAE04EC0-301F-11D3-BF4B-00C04F79EFBC}") = "08. Number sequence", "08. Number sequence\08. Number sequence.csproj", "{D93BC387-0E3B-4A4B-B3D0-E8A3E25F4653}"
EndProject
Project("{FAE04EC0-301F-11D3-BF4B-00C04F79EFBC}") = "09. Left and Right Sum", "09. Left and Right Sum\09. Left and Right Sum.csproj", "{8F296CC2-F411-421D-9BFD-AEE77548BD5F}"
EndProject
Project("{FAE04EC0-301F-11D3-BF4B-00C04F79EFBC}") = "10. Odd Even Sum", "10. Odd Even Sum\10. Odd Even Sum.csproj", "{513CFDF3-995D-4505-A9F0-FE7A10B6FF6B}"
EndProject
Project("{FAE04EC0-301F-11D3-BF4B-00C04F79EFBC}") = "01. Numbers Ending in 7", "01. Numbers Ending in 7\01. Numbers Ending in 7.csproj", "{A268D202-87D0-4B7A-ACBA-FDC2F9535EF9}"
EndProject
Project("{FAE04EC0-301F-11D3-BF4B-00C04F79EFBC}") = "02. Half Sum Element", "02. Half Sum Element\02. Half Sum Element.csproj", "{FC250DF8-EEB1-4857-A5F5-AE0E4806CAE6}"
EndProject
Project("{FAE04EC0-301F-11D3-BF4B-00C04F79EFBC}") = "03. Histogram", "03. Histogram\03. Histogram.csproj", "{70969129-2153-470A-8AB3-C0B590FC588E}"
EndProject
Project("{FAE04EC0-301F-11D3-BF4B-00C04F79EFBC}") = "04. Clever Lily", "04. Clever Lily\04. Clever Lily.csproj", "{0C41DF9F-A1B8-4D26-90C2-20E447573C80}"
EndProject
Project("{FAE04EC0-301F-11D3-BF4B-00C04F79EFBC}") = "05. Salary", "05. Salary\05. Salary.csproj", "{BEB52278-65A6-4142-B1F4-1B5F079EC1F6}"
EndProject
Project("{FAE04EC0-301F-11D3-BF4B-00C04F79EFBC}") = "06. Oscars", "06. Oscars\06. Oscars.csproj", "{8C1606DD-EB08-423A-B2F6-66D4DC06E18D}"
EndProject
Project("{FAE04EC0-301F-11D3-BF4B-00C04F79EFBC}") = "07. Trekking Mania", "07. Trekking Mania\07. Trekking Mania.csproj", "{8CD00116-0D88-4472-B219-FCC242AAA4B0}"
EndProject
Project("{FAE04EC0-301F-11D3-BF4B-00C04F79EFBC}") = "08. Tennis Ranklist", "08. Tennis Ranklist\08. Tennis Ranklist.csproj", "{A89F46E0-5233-4042-AF96-81FB8455D385}"
EndProject
Global
	GlobalSection(SolutionConfigurationPlatforms) = preSolution
		Debug|Any CPU = Debug|Any CPU
		Release|Any CPU = Release|Any CPU
	EndGlobalSection
	GlobalSection(ProjectConfigurationPlatforms) = postSolution
		{60BE2971-F7CD-49A9-BB74-F809D5EF82C0}.Debug|Any CPU.ActiveCfg = Debug|Any CPU
		{60BE2971-F7CD-49A9-BB74-F809D5EF82C0}.Debug|Any CPU.Build.0 = Debug|Any CPU
		{60BE2971-F7CD-49A9-BB74-F809D5EF82C0}.Release|Any CPU.ActiveCfg = Release|Any CPU
		{60BE2971-F7CD-49A9-BB74-F809D5EF82C0}.Release|Any CPU.Build.0 = Release|Any CPU
		{805746A5-42D1-4BAA-A758-784FAFF3A2C9}.Debug|Any CPU.ActiveCfg = Debug|Any CPU
		{805746A5-42D1-4BAA-A758-784FAFF3A2C9}.Debug|Any CPU.Build.0 = Debug|Any CPU
		{805746A5-42D1-4BAA-A758-784FAFF3A2C9}.Release|Any CPU.ActiveCfg = Release|Any CPU
		{805746A5-42D1-4BAA-A758-784FAFF3A2C9}.Release|Any CPU.Build.0 = Release|Any CPU
		{7440A620-1CB4-4AE0-951D-A2A9A990AB2E}.Debug|Any CPU.ActiveCfg = Debug|Any CPU
		{7440A620-1CB4-4AE0-951D-A2A9A990AB2E}.Debug|Any CPU.Build.0 = Debug|Any CPU
		{7440A620-1CB4-4AE0-951D-A2A9A990AB2E}.Release|Any CPU.ActiveCfg = Release|Any CPU
		{7440A620-1CB4-4AE0-951D-A2A9A990AB2E}.Release|Any CPU.Build.0 = Release|Any CPU
		{8D397DB0-317B-4038-88E1-192D3F9C93C0}.Debug|Any CPU.ActiveCfg = Debug|Any CPU
		{8D397DB0-317B-4038-88E1-192D3F9C93C0}.Debug|Any CPU.Build.0 = Debug|Any CPU
		{8D397DB0-317B-4038-88E1-192D3F9C93C0}.Release|Any CPU.ActiveCfg = Release|Any CPU
		{8D397DB0-317B-4038-88E1-192D3F9C93C0}.Release|Any CPU.Build.0 = Release|Any CPU
		{64D8C3CE-70B1-44B2-8FDE-7EA3FDA3E5AE}.Debug|Any CPU.ActiveCfg = Debug|Any CPU
		{64D8C3CE-70B1-44B2-8FDE-7EA3FDA3E5AE}.Debug|Any CPU.Build.0 = Debug|Any CPU
		{64D8C3CE-70B1-44B2-8FDE-7EA3FDA3E5AE}.Release|Any CPU.ActiveCfg = Release|Any CPU
		{64D8C3CE-70B1-44B2-8FDE-7EA3FDA3E5AE}.Release|Any CPU.Build.0 = Release|Any CPU
		{FA59AA1C-F857-4065-B41E-A87DBE490073}.Debug|Any CPU.ActiveCfg = Debug|Any CPU
		{FA59AA1C-F857-4065-B41E-A87DBE490073}.Debug|Any CPU.Build.0 = Debug|Any CPU
		{FA59AA1C-F857-4065-B41E-A87DBE490073}.Release|Any CPU.ActiveCfg = Release|Any CPU
		{FA59AA1C-F857-4065-B41E-A87DBE490073}.Release|Any CPU.Build.0 = Release|Any CPU
		{081C77EE-FE6A-46AB-A791-5F75A6207F19}.Debug|Any CPU.ActiveCfg = Debug|Any CPU
		{081C77EE-FE6A-46AB-A791-5F75A6207F19}.Debug|Any CPU.Build.0 = Debug|Any CPU
		{081C77EE-FE6A-46AB-A791-5F75A6207F19}.Release|Any CPU.ActiveCfg = Release|Any CPU
		{081C77EE-FE6A-46AB-A791-5F75A6207F19}.Release|Any CPU.Build.0 = Release|Any CPU
		{0FA0BD18-719B-4A84-A12A-9E76C508EA2F}.Debug|Any CPU.ActiveCfg = Debug|Any CPU
		{0FA0BD18-719B-4A84-A12A-9E76C508EA2F}.Debug|Any CPU.Build.0 = Debug|Any CPU
		{0FA0BD18-719B-4A84-A12A-9E76C508EA2F}.Release|Any CPU.ActiveCfg = Release|Any CPU
		{0FA0BD18-719B-4A84-A12A-9E76C508EA2F}.Release|Any CPU.Build.0 = Release|Any CPU
		{F8A11544-BB7A-4E75-AB2B-E7AADDBF3686}.Debug|Any CPU.ActiveCfg = Debug|Any CPU
		{F8A11544-BB7A-4E75-AB2B-E7AADDBF3686}.Debug|Any CPU.Build.0 = Debug|Any CPU
		{F8A11544-BB7A-4E75-AB2B-E7AADDBF3686}.Release|Any CPU.ActiveCfg = Release|Any CPU
		{F8A11544-BB7A-4E75-AB2B-E7AADDBF3686}.Release|Any CPU.Build.0 = Release|Any CPU
		{95CC91D9-F210-4524-A1DB-CE32F9FA46EF}.Debug|Any CPU.ActiveCfg = Debug|Any CPU
		{95CC91D9-F210-4524-A1DB-CE32F9FA46EF}.Debug|Any CPU.Build.0 = Debug|Any CPU
		{95CC91D9-F210-4524-A1DB-CE32F9FA46EF}.Release|Any CPU.ActiveCfg = Release|Any CPU
		{95CC91D9-F210-4524-A1DB-CE32F9FA46EF}.Release|Any CPU.Build.0 = Release|Any CPU
		{DD52DD6B-EEC3-47CE-96AF-52F30AB035DE}.Debug|Any CPU.ActiveCfg = Debug|Any CPU
		{DD52DD6B-EEC3-47CE-96AF-52F30AB035DE}.Debug|Any CPU.Build.0 = Debug|Any CPU
		{DD52DD6B-EEC3-47CE-96AF-52F30AB035DE}.Release|Any CPU.ActiveCfg = Release|Any CPU
		{DD52DD6B-EEC3-47CE-96AF-52F30AB035DE}.Release|Any CPU.Build.0 = Release|Any CPU
		{0C42DDA3-B6F2-4031-AF12-B13A591A61B3}.Debug|Any CPU.ActiveCfg = Debug|Any CPU
		{0C42DDA3-B6F2-4031-AF12-B13A591A61B3}.Debug|Any CPU.Build.0 = Debug|Any CPU
		{0C42DDA3-B6F2-4031-AF12-B13A591A61B3}.Release|Any CPU.ActiveCfg = Release|Any CPU
		{0C42DDA3-B6F2-4031-AF12-B13A591A61B3}.Release|Any CPU.Build.0 = Release|Any CPU
		{20A15A87-7C7D-44B9-8B60-F37CE26B82F4}.Debug|Any CPU.ActiveCfg = Debug|Any CPU
		{20A15A87-7C7D-44B9-8B60-F37CE26B82F4}.Debug|Any CPU.Build.0 = Debug|Any CPU
		{20A15A87-7C7D-44B9-8B60-F37CE26B82F4}.Release|Any CPU.ActiveCfg = Release|Any CPU
		{20A15A87-7C7D-44B9-8B60-F37CE26B82F4}.Release|Any CPU.Build.0 = Release|Any CPU
		{E3A22309-B2C5-46E1-8BBB-07995C0A272F}.Debug|Any CPU.ActiveCfg = Debug|Any CPU
		{E3A22309-B2C5-46E1-8BBB-07995C0A272F}.Debug|Any CPU.Build.0 = Debug|Any CPU
		{E3A22309-B2C5-46E1-8BBB-07995C0A272F}.Release|Any CPU.ActiveCfg = Release|Any CPU
		{E3A22309-B2C5-46E1-8BBB-07995C0A272F}.Release|Any CPU.Build.0 = Release|Any CPU
		{330C9C32-2CB2-4CE0-A58E-D16E3F68820E}.Debug|Any CPU.ActiveCfg = Debug|Any CPU
		{330C9C32-2CB2-4CE0-A58E-D16E3F68820E}.Debug|Any CPU.Build.0 = Debug|Any CPU
		{330C9C32-2CB2-4CE0-A58E-D16E3F68820E}.Release|Any CPU.ActiveCfg = Release|Any CPU
		{330C9C32-2CB2-4CE0-A58E-D16E3F68820E}.Release|Any CPU.Build.0 = Release|Any CPU
		{7037CED2-9498-4445-AC1D-BC0F268141DA}.Debug|Any CPU.ActiveCfg = Debug|Any CPU
		{7037CED2-9498-4445-AC1D-BC0F268141DA}.Debug|Any CPU.Build.0 = Debug|Any CPU
		{7037CED2-9498-4445-AC1D-BC0F268141DA}.Release|Any CPU.ActiveCfg = Release|Any CPU
		{7037CED2-9498-4445-AC1D-BC0F268141DA}.Release|Any CPU.Build.0 = Release|Any CPU
		{B671281A-244B-40C0-8011-E3042D4B20C8}.Debug|Any CPU.ActiveCfg = Debug|Any CPU
		{B671281A-244B-40C0-8011-E3042D4B20C8}.Debug|Any CPU.Build.0 = Debug|Any CPU
		{B671281A-244B-40C0-8011-E3042D4B20C8}.Release|Any CPU.ActiveCfg = Release|Any CPU
		{B671281A-244B-40C0-8011-E3042D4B20C8}.Release|Any CPU.Build.0 = Release|Any CPU
		{2861CE2D-26AB-40CB-93BB-323326999239}.Debug|Any CPU.ActiveCfg = Debug|Any CPU
		{2861CE2D-26AB-40CB-93BB-323326999239}.Debug|Any CPU.Build.0 = Debug|Any CPU
		{2861CE2D-26AB-40CB-93BB-323326999239}.Release|Any CPU.ActiveCfg = Release|Any CPU
		{2861CE2D-26AB-40CB-93BB-323326999239}.Release|Any CPU.Build.0 = Release|Any CPU
		{FF9D1642-660E-47FB-A5BF-1708991C63FD}.Debug|Any CPU.ActiveCfg = Debug|Any CPU
		{FF9D1642-660E-47FB-A5BF-1708991C63FD}.Debug|Any CPU.Build.0 = Debug|Any CPU
		{FF9D1642-660E-47FB-A5BF-1708991C63FD}.Release|Any CPU.ActiveCfg = Release|Any CPU
		{FF9D1642-660E-47FB-A5BF-1708991C63FD}.Release|Any CPU.Build.0 = Release|Any CPU
		{95A1B955-6D6F-4CB9-9772-C07541416A3D}.Debug|Any CPU.ActiveCfg = Debug|Any CPU
		{95A1B955-6D6F-4CB9-9772-C07541416A3D}.Debug|Any CPU.Build.0 = Debug|Any CPU
		{95A1B955-6D6F-4CB9-9772-C07541416A3D}.Release|Any CPU.ActiveCfg = Release|Any CPU
		{95A1B955-6D6F-4CB9-9772-C07541416A3D}.Release|Any CPU.Build.0 = Release|Any CPU
		{2E3B78C0-8833-4AA2-8031-70E82FBAACCC}.Debug|Any CPU.ActiveCfg = Debug|Any CPU
		{2E3B78C0-8833-4AA2-8031-70E82FBAACCC}.Debug|Any CPU.Build.0 = Debug|Any CPU
		{2E3B78C0-8833-4AA2-8031-70E82FBAACCC}.Release|Any CPU.ActiveCfg = Release|Any CPU
		{2E3B78C0-8833-4AA2-8031-70E82FBAACCC}.Release|Any CPU.Build.0 = Release|Any CPU
		{C5AA8D15-AE54-44FC-BBE4-5B044BEF4A78}.Debug|Any CPU.ActiveCfg = Debug|Any CPU
		{C5AA8D15-AE54-44FC-BBE4-5B044BEF4A78}.Debug|Any CPU.Build.0 = Debug|Any CPU
		{C5AA8D15-AE54-44FC-BBE4-5B044BEF4A78}.Release|Any CPU.ActiveCfg = Release|Any CPU
		{C5AA8D15-AE54-44FC-BBE4-5B044BEF4A78}.Release|Any CPU.Build.0 = Release|Any CPU
		{C61F8C53-7D61-4AB1-B162-93D9DEA68ABE}.Debug|Any CPU.ActiveCfg = Debug|Any CPU
		{C61F8C53-7D61-4AB1-B162-93D9DEA68ABE}.Debug|Any CPU.Build.0 = Debug|Any CPU
		{C61F8C53-7D61-4AB1-B162-93D9DEA68ABE}.Release|Any CPU.ActiveCfg = Release|Any CPU
		{C61F8C53-7D61-4AB1-B162-93D9DEA68ABE}.Release|Any CPU.Build.0 = Release|Any CPU
		{308E92ED-F8FA-4319-BE72-358D4D0F9146}.Debug|Any CPU.ActiveCfg = Debug|Any CPU
		{308E92ED-F8FA-4319-BE72-358D4D0F9146}.Debug|Any CPU.Build.0 = Debug|Any CPU
		{308E92ED-F8FA-4319-BE72-358D4D0F9146}.Release|Any CPU.ActiveCfg = Release|Any CPU
		{308E92ED-F8FA-4319-BE72-358D4D0F9146}.Release|Any CPU.Build.0 = Release|Any CPU
		{6911C848-3856-45DD-AC0F-ED7929F38358}.Debug|Any CPU.ActiveCfg = Debug|Any CPU
		{6911C848-3856-45DD-AC0F-ED7929F38358}.Debug|Any CPU.Build.0 = Debug|Any CPU
		{6911C848-3856-45DD-AC0F-ED7929F38358}.Release|Any CPU.ActiveCfg = Release|Any CPU
		{6911C848-3856-45DD-AC0F-ED7929F38358}.Release|Any CPU.Build.0 = Release|Any CPU
		{DF406328-7D44-438F-897C-679E06C87F4F}.Debug|Any CPU.ActiveCfg = Debug|Any CPU
		{DF406328-7D44-438F-897C-679E06C87F4F}.Debug|Any CPU.Build.0 = Debug|Any CPU
		{DF406328-7D44-438F-897C-679E06C87F4F}.Release|Any CPU.ActiveCfg = Release|Any CPU
		{DF406328-7D44-438F-897C-679E06C87F4F}.Release|Any CPU.Build.0 = Release|Any CPU
		{BC786B12-3B4E-4B1D-BC93-09476B466B6F}.Debug|Any CPU.ActiveCfg = Debug|Any CPU
		{BC786B12-3B4E-4B1D-BC93-09476B466B6F}.Debug|Any CPU.Build.0 = Debug|Any CPU
		{BC786B12-3B4E-4B1D-BC93-09476B466B6F}.Release|Any CPU.ActiveCfg = Release|Any CPU
		{BC786B12-3B4E-4B1D-BC93-09476B466B6F}.Release|Any CPU.Build.0 = Release|Any CPU
		{C21E4660-335E-4426-A3F9-A7257A21483B}.Debug|Any CPU.ActiveCfg = Debug|Any CPU
		{C21E4660-335E-4426-A3F9-A7257A21483B}.Debug|Any CPU.Build.0 = Debug|Any CPU
		{C21E4660-335E-4426-A3F9-A7257A21483B}.Release|Any CPU.ActiveCfg = Release|Any CPU
		{C21E4660-335E-4426-A3F9-A7257A21483B}.Release|Any CPU.Build.0 = Release|Any CPU
		{C54B9483-AD74-4AA6-BF45-EC0D8FD348CF}.Debug|Any CPU.ActiveCfg = Debug|Any CPU
		{C54B9483-AD74-4AA6-BF45-EC0D8FD348CF}.Debug|Any CPU.Build.0 = Debug|Any CPU
		{C54B9483-AD74-4AA6-BF45-EC0D8FD348CF}.Release|Any CPU.ActiveCfg = Release|Any CPU
		{C54B9483-AD74-4AA6-BF45-EC0D8FD348CF}.Release|Any CPU.Build.0 = Release|Any CPU
		{D0386707-6A0E-4740-839A-E10307F405F2}.Debug|Any CPU.ActiveCfg = Debug|Any CPU
		{D0386707-6A0E-4740-839A-E10307F405F2}.Debug|Any CPU.Build.0 = Debug|Any CPU
		{D0386707-6A0E-4740-839A-E10307F405F2}.Release|Any CPU.ActiveCfg = Release|Any CPU
		{D0386707-6A0E-4740-839A-E10307F405F2}.Release|Any CPU.Build.0 = Release|Any CPU
		{268182A2-D14C-4A42-BA4A-F8DD7BADC32B}.Debug|Any CPU.ActiveCfg = Debug|Any CPU
		{268182A2-D14C-4A42-BA4A-F8DD7BADC32B}.Debug|Any CPU.Build.0 = Debug|Any CPU
		{268182A2-D14C-4A42-BA4A-F8DD7BADC32B}.Release|Any CPU.ActiveCfg = Release|Any CPU
		{268182A2-D14C-4A42-BA4A-F8DD7BADC32B}.Release|Any CPU.Build.0 = Release|Any CPU
		{469F164D-83AA-4AF5-A4B3-F429CC104417}.Debug|Any CPU.ActiveCfg = Debug|Any CPU
		{469F164D-83AA-4AF5-A4B3-F429CC104417}.Debug|Any CPU.Build.0 = Debug|Any CPU
		{469F164D-83AA-4AF5-A4B3-F429CC104417}.Release|Any CPU.ActiveCfg = Release|Any CPU
		{469F164D-83AA-4AF5-A4B3-F429CC104417}.Release|Any CPU.Build.0 = Release|Any CPU
		{2D1EAFCB-B061-4D23-8703-47E5EA1D06F4}.Debug|Any CPU.ActiveCfg = Debug|Any CPU
		{2D1EAFCB-B061-4D23-8703-47E5EA1D06F4}.Debug|Any CPU.Build.0 = Debug|Any CPU
		{2D1EAFCB-B061-4D23-8703-47E5EA1D06F4}.Release|Any CPU.ActiveCfg = Release|Any CPU
		{2D1EAFCB-B061-4D23-8703-47E5EA1D06F4}.Release|Any CPU.Build.0 = Release|Any CPU
		{42570FEF-64EC-47C3-9E93-B994A18AD8FF}.Debug|Any CPU.ActiveCfg = Debug|Any CPU
		{42570FEF-64EC-47C3-9E93-B994A18AD8FF}.Debug|Any CPU.Build.0 = Debug|Any CPU
		{42570FEF-64EC-47C3-9E93-B994A18AD8FF}.Release|Any CPU.ActiveCfg = Release|Any CPU
		{42570FEF-64EC-47C3-9E93-B994A18AD8FF}.Release|Any CPU.Build.0 = Release|Any CPU
		{AF7D42DE-0506-482E-9FEE-78C0ED186F47}.Debug|Any CPU.ActiveCfg = Debug|Any CPU
		{AF7D42DE-0506-482E-9FEE-78C0ED186F47}.Debug|Any CPU.Build.0 = Debug|Any CPU
		{AF7D42DE-0506-482E-9FEE-78C0ED186F47}.Release|Any CPU.ActiveCfg = Release|Any CPU
		{AF7D42DE-0506-482E-9FEE-78C0ED186F47}.Release|Any CPU.Build.0 = Release|Any CPU
		{762BD9FF-1C4A-4C0F-BBB9-B85D6FDBEBE1}.Debug|Any CPU.ActiveCfg = Debug|Any CPU
		{762BD9FF-1C4A-4C0F-BBB9-B85D6FDBEBE1}.Debug|Any CPU.Build.0 = Debug|Any CPU
		{762BD9FF-1C4A-4C0F-BBB9-B85D6FDBEBE1}.Release|Any CPU.ActiveCfg = Release|Any CPU
		{762BD9FF-1C4A-4C0F-BBB9-B85D6FDBEBE1}.Release|Any CPU.Build.0 = Release|Any CPU
		{EF39AA5D-3191-4B02-BB27-2BCFB6AD9A5E}.Debug|Any CPU.ActiveCfg = Debug|Any CPU
		{EF39AA5D-3191-4B02-BB27-2BCFB6AD9A5E}.Debug|Any CPU.Build.0 = Debug|Any CPU
		{EF39AA5D-3191-4B02-BB27-2BCFB6AD9A5E}.Release|Any CPU.ActiveCfg = Release|Any CPU
		{EF39AA5D-3191-4B02-BB27-2BCFB6AD9A5E}.Release|Any CPU.Build.0 = Release|Any CPU
		{346EDDAF-BF4E-4EAD-BD44-BACC9EC3BFB9}.Debug|Any CPU.ActiveCfg = Debug|Any CPU
		{346EDDAF-BF4E-4EAD-BD44-BACC9EC3BFB9}.Debug|Any CPU.Build.0 = Debug|Any CPU
		{346EDDAF-BF4E-4EAD-BD44-BACC9EC3BFB9}.Release|Any CPU.ActiveCfg = Release|Any CPU
		{346EDDAF-BF4E-4EAD-BD44-BACC9EC3BFB9}.Release|Any CPU.Build.0 = Release|Any CPU
		{609AB37E-C261-4515-88D7-225F8FCEDE32}.Debug|Any CPU.ActiveCfg = Debug|Any CPU
		{609AB37E-C261-4515-88D7-225F8FCEDE32}.Debug|Any CPU.Build.0 = Debug|Any CPU
		{609AB37E-C261-4515-88D7-225F8FCEDE32}.Release|Any CPU.ActiveCfg = Release|Any CPU
		{609AB37E-C261-4515-88D7-225F8FCEDE32}.Release|Any CPU.Build.0 = Release|Any CPU
		{828E208B-A3AC-425B-81C2-D2905983313C}.Debug|Any CPU.ActiveCfg = Debug|Any CPU
		{828E208B-A3AC-425B-81C2-D2905983313C}.Debug|Any CPU.Build.0 = Debug|Any CPU
		{828E208B-A3AC-425B-81C2-D2905983313C}.Release|Any CPU.ActiveCfg = Release|Any CPU
		{828E208B-A3AC-425B-81C2-D2905983313C}.Release|Any CPU.Build.0 = Release|Any CPU
		{38FD33A4-4570-41E2-B5B0-7513FD12DF4C}.Debug|Any CPU.ActiveCfg = Debug|Any CPU
		{38FD33A4-4570-41E2-B5B0-7513FD12DF4C}.Debug|Any CPU.Build.0 = Debug|Any CPU
		{38FD33A4-4570-41E2-B5B0-7513FD12DF4C}.Release|Any CPU.ActiveCfg = Release|Any CPU
		{38FD33A4-4570-41E2-B5B0-7513FD12DF4C}.Release|Any CPU.Build.0 = Release|Any CPU
		{CD58EB77-18F4-4A57-A092-B30F1C3B7E86}.Debug|Any CPU.ActiveCfg = Debug|Any CPU
		{CD58EB77-18F4-4A57-A092-B30F1C3B7E86}.Debug|Any CPU.Build.0 = Debug|Any CPU
		{CD58EB77-18F4-4A57-A092-B30F1C3B7E86}.Release|Any CPU.ActiveCfg = Release|Any CPU
		{CD58EB77-18F4-4A57-A092-B30F1C3B7E86}.Release|Any CPU.Build.0 = Release|Any CPU
		{D11C70EB-D5BC-4F69-91D8-749BC7B91723}.Debug|Any CPU.ActiveCfg = Debug|Any CPU
		{D11C70EB-D5BC-4F69-91D8-749BC7B91723}.Debug|Any CPU.Build.0 = Debug|Any CPU
		{D11C70EB-D5BC-4F69-91D8-749BC7B91723}.Release|Any CPU.ActiveCfg = Release|Any CPU
		{D11C70EB-D5BC-4F69-91D8-749BC7B91723}.Release|Any CPU.Build.0 = Release|Any CPU
		{504C73A9-FEBD-461E-BC7E-27E700F9BEF2}.Debug|Any CPU.ActiveCfg = Debug|Any CPU
		{504C73A9-FEBD-461E-BC7E-27E700F9BEF2}.Debug|Any CPU.Build.0 = Debug|Any CPU
		{504C73A9-FEBD-461E-BC7E-27E700F9BEF2}.Release|Any CPU.ActiveCfg = Release|Any CPU
		{504C73A9-FEBD-461E-BC7E-27E700F9BEF2}.Release|Any CPU.Build.0 = Release|Any CPU
		{CEB068E3-6F30-4F01-93AE-B76F3CEF473C}.Debug|Any CPU.ActiveCfg = Debug|Any CPU
		{CEB068E3-6F30-4F01-93AE-B76F3CEF473C}.Debug|Any CPU.Build.0 = Debug|Any CPU
		{CEB068E3-6F30-4F01-93AE-B76F3CEF473C}.Release|Any CPU.ActiveCfg = Release|Any CPU
		{CEB068E3-6F30-4F01-93AE-B76F3CEF473C}.Release|Any CPU.Build.0 = Release|Any CPU
		{0E05DD2A-72C5-4E21-8163-A6EF7D34C64C}.Debug|Any CPU.ActiveCfg = Debug|Any CPU
		{0E05DD2A-72C5-4E21-8163-A6EF7D34C64C}.Debug|Any CPU.Build.0 = Debug|Any CPU
		{0E05DD2A-72C5-4E21-8163-A6EF7D34C64C}.Release|Any CPU.ActiveCfg = Release|Any CPU
		{0E05DD2A-72C5-4E21-8163-A6EF7D34C64C}.Release|Any CPU.Build.0 = Release|Any CPU
		{740893B8-F43C-46F9-9169-1D004FB41861}.Debug|Any CPU.ActiveCfg = Debug|Any CPU
		{740893B8-F43C-46F9-9169-1D004FB41861}.Debug|Any CPU.Build.0 = Debug|Any CPU
		{740893B8-F43C-46F9-9169-1D004FB41861}.Release|Any CPU.ActiveCfg = Release|Any CPU
		{740893B8-F43C-46F9-9169-1D004FB41861}.Release|Any CPU.Build.0 = Release|Any CPU
		{F56F52BD-58EE-451B-A4FC-4D56CF5D26BD}.Debug|Any CPU.ActiveCfg = Debug|Any CPU
		{F56F52BD-58EE-451B-A4FC-4D56CF5D26BD}.Debug|Any CPU.Build.0 = Debug|Any CPU
		{F56F52BD-58EE-451B-A4FC-4D56CF5D26BD}.Release|Any CPU.ActiveCfg = Release|Any CPU
		{F56F52BD-58EE-451B-A4FC-4D56CF5D26BD}.Release|Any CPU.Build.0 = Release|Any CPU
		{BCD46425-7CDC-4DB1-AEAA-2571673930C0}.Debug|Any CPU.ActiveCfg = Debug|Any CPU
		{BCD46425-7CDC-4DB1-AEAA-2571673930C0}.Debug|Any CPU.Build.0 = Debug|Any CPU
		{BCD46425-7CDC-4DB1-AEAA-2571673930C0}.Release|Any CPU.ActiveCfg = Release|Any CPU
		{BCD46425-7CDC-4DB1-AEAA-2571673930C0}.Release|Any CPU.Build.0 = Release|Any CPU
		{F5D3B873-B9EC-4713-900A-F1E673440E0F}.Debug|Any CPU.ActiveCfg = Debug|Any CPU
		{F5D3B873-B9EC-4713-900A-F1E673440E0F}.Debug|Any CPU.Build.0 = Debug|Any CPU
		{F5D3B873-B9EC-4713-900A-F1E673440E0F}.Release|Any CPU.ActiveCfg = Release|Any CPU
		{F5D3B873-B9EC-4713-900A-F1E673440E0F}.Release|Any CPU.Build.0 = Release|Any CPU
		{3A901877-3C3D-49AB-BC77-B65360D15529}.Debug|Any CPU.ActiveCfg = Debug|Any CPU
		{3A901877-3C3D-49AB-BC77-B65360D15529}.Debug|Any CPU.Build.0 = Debug|Any CPU
		{3A901877-3C3D-49AB-BC77-B65360D15529}.Release|Any CPU.ActiveCfg = Release|Any CPU
		{3A901877-3C3D-49AB-BC77-B65360D15529}.Release|Any CPU.Build.0 = Release|Any CPU
		{73B19A4B-2D10-4FC2-B231-8FC779956DB3}.Debug|Any CPU.ActiveCfg = Debug|Any CPU
		{73B19A4B-2D10-4FC2-B231-8FC779956DB3}.Debug|Any CPU.Build.0 = Debug|Any CPU
		{73B19A4B-2D10-4FC2-B231-8FC779956DB3}.Release|Any CPU.ActiveCfg = Release|Any CPU
		{73B19A4B-2D10-4FC2-B231-8FC779956DB3}.Release|Any CPU.Build.0 = Release|Any CPU
		{5B3A934D-1AC3-4300-A83E-6C70A5FAADBB}.Debug|Any CPU.ActiveCfg = Debug|Any CPU
		{5B3A934D-1AC3-4300-A83E-6C70A5FAADBB}.Debug|Any CPU.Build.0 = Debug|Any CPU
		{5B3A934D-1AC3-4300-A83E-6C70A5FAADBB}.Release|Any CPU.ActiveCfg = Release|Any CPU
		{5B3A934D-1AC3-4300-A83E-6C70A5FAADBB}.Release|Any CPU.Build.0 = Release|Any CPU
		{1F608DE6-E0D8-4289-B142-6D6C4097B47F}.Debug|Any CPU.ActiveCfg = Debug|Any CPU
		{1F608DE6-E0D8-4289-B142-6D6C4097B47F}.Debug|Any CPU.Build.0 = Debug|Any CPU
		{1F608DE6-E0D8-4289-B142-6D6C4097B47F}.Release|Any CPU.ActiveCfg = Release|Any CPU
		{1F608DE6-E0D8-4289-B142-6D6C4097B47F}.Release|Any CPU.Build.0 = Release|Any CPU
		{57016186-AC24-4705-9C78-B19348AAD635}.Debug|Any CPU.ActiveCfg = Debug|Any CPU
		{57016186-AC24-4705-9C78-B19348AAD635}.Debug|Any CPU.Build.0 = Debug|Any CPU
		{57016186-AC24-4705-9C78-B19348AAD635}.Release|Any CPU.ActiveCfg = Release|Any CPU
		{57016186-AC24-4705-9C78-B19348AAD635}.Release|Any CPU.Build.0 = Release|Any CPU
		{D76B2A5A-7034-46A7-A450-BCCB389773BB}.Debug|Any CPU.ActiveCfg = Debug|Any CPU
		{D76B2A5A-7034-46A7-A450-BCCB389773BB}.Debug|Any CPU.Build.0 = Debug|Any CPU
		{D76B2A5A-7034-46A7-A450-BCCB389773BB}.Release|Any CPU.ActiveCfg = Release|Any CPU
		{D76B2A5A-7034-46A7-A450-BCCB389773BB}.Release|Any CPU.Build.0 = Release|Any CPU
		{AA492CD0-8DFC-4D90-AEE1-A6D835F6CF22}.Debug|Any CPU.ActiveCfg = Debug|Any CPU
		{AA492CD0-8DFC-4D90-AEE1-A6D835F6CF22}.Debug|Any CPU.Build.0 = Debug|Any CPU
		{AA492CD0-8DFC-4D90-AEE1-A6D835F6CF22}.Release|Any CPU.ActiveCfg = Release|Any CPU
		{AA492CD0-8DFC-4D90-AEE1-A6D835F6CF22}.Release|Any CPU.Build.0 = Release|Any CPU
		{E6378E65-F49E-4059-A91D-59390AAA9DD7}.Debug|Any CPU.ActiveCfg = Debug|Any CPU
		{E6378E65-F49E-4059-A91D-59390AAA9DD7}.Debug|Any CPU.Build.0 = Debug|Any CPU
		{E6378E65-F49E-4059-A91D-59390AAA9DD7}.Release|Any CPU.ActiveCfg = Release|Any CPU
		{E6378E65-F49E-4059-A91D-59390AAA9DD7}.Release|Any CPU.Build.0 = Release|Any CPU
		{B3F1BA14-BC08-424B-B00F-C58E46725F44}.Debug|Any CPU.ActiveCfg = Debug|Any CPU
		{B3F1BA14-BC08-424B-B00F-C58E46725F44}.Debug|Any CPU.Build.0 = Debug|Any CPU
		{B3F1BA14-BC08-424B-B00F-C58E46725F44}.Release|Any CPU.ActiveCfg = Release|Any CPU
		{B3F1BA14-BC08-424B-B00F-C58E46725F44}.Release|Any CPU.Build.0 = Release|Any CPU
		{22F6C06E-786C-4E27-90BA-C5E13B071E99}.Debug|Any CPU.ActiveCfg = Debug|Any CPU
		{22F6C06E-786C-4E27-90BA-C5E13B071E99}.Debug|Any CPU.Build.0 = Debug|Any CPU
		{22F6C06E-786C-4E27-90BA-C5E13B071E99}.Release|Any CPU.ActiveCfg = Release|Any CPU
		{22F6C06E-786C-4E27-90BA-C5E13B071E99}.Release|Any CPU.Build.0 = Release|Any CPU
		{7858850A-7B8F-4067-AEE2-CF3EE9E82323}.Debug|Any CPU.ActiveCfg = Debug|Any CPU
		{7858850A-7B8F-4067-AEE2-CF3EE9E82323}.Debug|Any CPU.Build.0 = Debug|Any CPU
		{7858850A-7B8F-4067-AEE2-CF3EE9E82323}.Release|Any CPU.ActiveCfg = Release|Any CPU
		{7858850A-7B8F-4067-AEE2-CF3EE9E82323}.Release|Any CPU.Build.0 = Release|Any CPU
		{4ABB6951-1C9E-42D7-BE92-88CA84ADDDDC}.Debug|Any CPU.ActiveCfg = Debug|Any CPU
		{4ABB6951-1C9E-42D7-BE92-88CA84ADDDDC}.Debug|Any CPU.Build.0 = Debug|Any CPU
		{4ABB6951-1C9E-42D7-BE92-88CA84ADDDDC}.Release|Any CPU.ActiveCfg = Release|Any CPU
		{4ABB6951-1C9E-42D7-BE92-88CA84ADDDDC}.Release|Any CPU.Build.0 = Release|Any CPU
		{D93BC387-0E3B-4A4B-B3D0-E8A3E25F4653}.Debug|Any CPU.ActiveCfg = Debug|Any CPU
		{D93BC387-0E3B-4A4B-B3D0-E8A3E25F4653}.Debug|Any CPU.Build.0 = Debug|Any CPU
		{D93BC387-0E3B-4A4B-B3D0-E8A3E25F4653}.Release|Any CPU.ActiveCfg = Release|Any CPU
		{D93BC387-0E3B-4A4B-B3D0-E8A3E25F4653}.Release|Any CPU.Build.0 = Release|Any CPU
		{8F296CC2-F411-421D-9BFD-AEE77548BD5F}.Debug|Any CPU.ActiveCfg = Debug|Any CPU
		{8F296CC2-F411-421D-9BFD-AEE77548BD5F}.Debug|Any CPU.Build.0 = Debug|Any CPU
		{8F296CC2-F411-421D-9BFD-AEE77548BD5F}.Release|Any CPU.ActiveCfg = Release|Any CPU
		{8F296CC2-F411-421D-9BFD-AEE77548BD5F}.Release|Any CPU.Build.0 = Release|Any CPU
		{513CFDF3-995D-4505-A9F0-FE7A10B6FF6B}.Debug|Any CPU.ActiveCfg = Debug|Any CPU
		{513CFDF3-995D-4505-A9F0-FE7A10B6FF6B}.Debug|Any CPU.Build.0 = Debug|Any CPU
		{513CFDF3-995D-4505-A9F0-FE7A10B6FF6B}.Release|Any CPU.ActiveCfg = Release|Any CPU
		{513CFDF3-995D-4505-A9F0-FE7A10B6FF6B}.Release|Any CPU.Build.0 = Release|Any CPU
		{A268D202-87D0-4B7A-ACBA-FDC2F9535EF9}.Debug|Any CPU.ActiveCfg = Debug|Any CPU
		{A268D202-87D0-4B7A-ACBA-FDC2F9535EF9}.Debug|Any CPU.Build.0 = Debug|Any CPU
		{A268D202-87D0-4B7A-ACBA-FDC2F9535EF9}.Release|Any CPU.ActiveCfg = Release|Any CPU
		{A268D202-87D0-4B7A-ACBA-FDC2F9535EF9}.Release|Any CPU.Build.0 = Release|Any CPU
		{FC250DF8-EEB1-4857-A5F5-AE0E4806CAE6}.Debug|Any CPU.ActiveCfg = Debug|Any CPU
		{FC250DF8-EEB1-4857-A5F5-AE0E4806CAE6}.Debug|Any CPU.Build.0 = Debug|Any CPU
		{FC250DF8-EEB1-4857-A5F5-AE0E4806CAE6}.Release|Any CPU.ActiveCfg = Release|Any CPU
		{FC250DF8-EEB1-4857-A5F5-AE0E4806CAE6}.Release|Any CPU.Build.0 = Release|Any CPU
		{70969129-2153-470A-8AB3-C0B590FC588E}.Debug|Any CPU.ActiveCfg = Debug|Any CPU
		{70969129-2153-470A-8AB3-C0B590FC588E}.Debug|Any CPU.Build.0 = Debug|Any CPU
		{70969129-2153-470A-8AB3-C0B590FC588E}.Release|Any CPU.ActiveCfg = Release|Any CPU
		{70969129-2153-470A-8AB3-C0B590FC588E}.Release|Any CPU.Build.0 = Release|Any CPU
		{0C41DF9F-A1B8-4D26-90C2-20E447573C80}.Debug|Any CPU.ActiveCfg = Debug|Any CPU
		{0C41DF9F-A1B8-4D26-90C2-20E447573C80}.Debug|Any CPU.Build.0 = Debug|Any CPU
		{0C41DF9F-A1B8-4D26-90C2-20E447573C80}.Release|Any CPU.ActiveCfg = Release|Any CPU
		{0C41DF9F-A1B8-4D26-90C2-20E447573C80}.Release|Any CPU.Build.0 = Release|Any CPU
		{BEB52278-65A6-4142-B1F4-1B5F079EC1F6}.Debug|Any CPU.ActiveCfg = Debug|Any CPU
		{BEB52278-65A6-4142-B1F4-1B5F079EC1F6}.Debug|Any CPU.Build.0 = Debug|Any CPU
		{BEB52278-65A6-4142-B1F4-1B5F079EC1F6}.Release|Any CPU.ActiveCfg = Release|Any CPU
		{BEB52278-65A6-4142-B1F4-1B5F079EC1F6}.Release|Any CPU.Build.0 = Release|Any CPU
		{8C1606DD-EB08-423A-B2F6-66D4DC06E18D}.Debug|Any CPU.ActiveCfg = Debug|Any CPU
		{8C1606DD-EB08-423A-B2F6-66D4DC06E18D}.Debug|Any CPU.Build.0 = Debug|Any CPU
		{8C1606DD-EB08-423A-B2F6-66D4DC06E18D}.Release|Any CPU.ActiveCfg = Release|Any CPU
		{8C1606DD-EB08-423A-B2F6-66D4DC06E18D}.Release|Any CPU.Build.0 = Release|Any CPU
		{8CD00116-0D88-4472-B219-FCC242AAA4B0}.Debug|Any CPU.ActiveCfg = Debug|Any CPU
		{8CD00116-0D88-4472-B219-FCC242AAA4B0}.Debug|Any CPU.Build.0 = Debug|Any CPU
		{8CD00116-0D88-4472-B219-FCC242AAA4B0}.Release|Any CPU.ActiveCfg = Release|Any CPU
		{8CD00116-0D88-4472-B219-FCC242AAA4B0}.Release|Any CPU.Build.0 = Release|Any CPU
		{A89F46E0-5233-4042-AF96-81FB8455D385}.Debug|Any CPU.ActiveCfg = Debug|Any CPU
		{A89F46E0-5233-4042-AF96-81FB8455D385}.Debug|Any CPU.Build.0 = Debug|Any CPU
		{A89F46E0-5233-4042-AF96-81FB8455D385}.Release|Any CPU.ActiveCfg = Release|Any CPU
		{A89F46E0-5233-4042-AF96-81FB8455D385}.Release|Any CPU.Build.0 = Release|Any CPU
	EndGlobalSection
	GlobalSection(SolutionProperties) = preSolution
		HideSolutionNode = FALSE
	EndGlobalSection
	GlobalSection(NestedProjects) = preSolution
		{60BE2971-F7CD-49A9-BB74-F809D5EF82C0} = {F381346F-CB49-4CAF-A918-8FD38443DCE5}
		{805746A5-42D1-4BAA-A758-784FAFF3A2C9} = {F381346F-CB49-4CAF-A918-8FD38443DCE5}
		{7440A620-1CB4-4AE0-951D-A2A9A990AB2E} = {F381346F-CB49-4CAF-A918-8FD38443DCE5}
		{8D397DB0-317B-4038-88E1-192D3F9C93C0} = {F381346F-CB49-4CAF-A918-8FD38443DCE5}
		{64D8C3CE-70B1-44B2-8FDE-7EA3FDA3E5AE} = {F381346F-CB49-4CAF-A918-8FD38443DCE5}
		{FA59AA1C-F857-4065-B41E-A87DBE490073} = {F381346F-CB49-4CAF-A918-8FD38443DCE5}
		{081C77EE-FE6A-46AB-A791-5F75A6207F19} = {F381346F-CB49-4CAF-A918-8FD38443DCE5}
		{0FA0BD18-719B-4A84-A12A-9E76C508EA2F} = {F381346F-CB49-4CAF-A918-8FD38443DCE5}
		{F8A11544-BB7A-4E75-AB2B-E7AADDBF3686} = {F381346F-CB49-4CAF-A918-8FD38443DCE5}
		{95CC91D9-F210-4524-A1DB-CE32F9FA46EF} = {8E962A73-9F01-4EF3-9F6F-02B7A8F4BA0D}
		{DD52DD6B-EEC3-47CE-96AF-52F30AB035DE} = {8E962A73-9F01-4EF3-9F6F-02B7A8F4BA0D}
		{0C42DDA3-B6F2-4031-AF12-B13A591A61B3} = {8E962A73-9F01-4EF3-9F6F-02B7A8F4BA0D}
		{20A15A87-7C7D-44B9-8B60-F37CE26B82F4} = {8E962A73-9F01-4EF3-9F6F-02B7A8F4BA0D}
		{E3A22309-B2C5-46E1-8BBB-07995C0A272F} = {8E962A73-9F01-4EF3-9F6F-02B7A8F4BA0D}
		{330C9C32-2CB2-4CE0-A58E-D16E3F68820E} = {8E962A73-9F01-4EF3-9F6F-02B7A8F4BA0D}
		{7037CED2-9498-4445-AC1D-BC0F268141DA} = {8E962A73-9F01-4EF3-9F6F-02B7A8F4BA0D}
		{B671281A-244B-40C0-8011-E3042D4B20C8} = {8E962A73-9F01-4EF3-9F6F-02B7A8F4BA0D}
		{2861CE2D-26AB-40CB-93BB-323326999239} = {8E962A73-9F01-4EF3-9F6F-02B7A8F4BA0D}
		{FF9D1642-660E-47FB-A5BF-1708991C63FD} = {8E962A73-9F01-4EF3-9F6F-02B7A8F4BA0D}
		{95A1B955-6D6F-4CB9-9772-C07541416A3D} = {FC9ED863-B440-430A-8549-1CFB5EAC8D7E}
		{2E3B78C0-8833-4AA2-8031-70E82FBAACCC} = {FC9ED863-B440-430A-8549-1CFB5EAC8D7E}
		{C5AA8D15-AE54-44FC-BBE4-5B044BEF4A78} = {FC9ED863-B440-430A-8549-1CFB5EAC8D7E}
		{C61F8C53-7D61-4AB1-B162-93D9DEA68ABE} = {FC9ED863-B440-430A-8549-1CFB5EAC8D7E}
		{308E92ED-F8FA-4319-BE72-358D4D0F9146} = {FC9ED863-B440-430A-8549-1CFB5EAC8D7E}
		{6911C848-3856-45DD-AC0F-ED7929F38358} = {FC9ED863-B440-430A-8549-1CFB5EAC8D7E}
		{DF406328-7D44-438F-897C-679E06C87F4F} = {FC9ED863-B440-430A-8549-1CFB5EAC8D7E}
		{BC786B12-3B4E-4B1D-BC93-09476B466B6F} = {DD6D8C6F-2256-4E43-83D7-A18FD033A02C}
		{C21E4660-335E-4426-A3F9-A7257A21483B} = {DD6D8C6F-2256-4E43-83D7-A18FD033A02C}
		{C54B9483-AD74-4AA6-BF45-EC0D8FD348CF} = {DD6D8C6F-2256-4E43-83D7-A18FD033A02C}
		{D0386707-6A0E-4740-839A-E10307F405F2} = {DD6D8C6F-2256-4E43-83D7-A18FD033A02C}
		{268182A2-D14C-4A42-BA4A-F8DD7BADC32B} = {DD6D8C6F-2256-4E43-83D7-A18FD033A02C}
		{469F164D-83AA-4AF5-A4B3-F429CC104417} = {DD6D8C6F-2256-4E43-83D7-A18FD033A02C}
		{2D1EAFCB-B061-4D23-8703-47E5EA1D06F4} = {DD6D8C6F-2256-4E43-83D7-A18FD033A02C}
		{42570FEF-64EC-47C3-9E93-B994A18AD8FF} = {DD6D8C6F-2256-4E43-83D7-A18FD033A02C}
		{AF7D42DE-0506-482E-9FEE-78C0ED186F47} = {6F218E2A-4C89-4A24-A1FF-BD648DB95BEF}
		{762BD9FF-1C4A-4C0F-BBB9-B85D6FDBEBE1} = {6F218E2A-4C89-4A24-A1FF-BD648DB95BEF}
		{EF39AA5D-3191-4B02-BB27-2BCFB6AD9A5E} = {6F218E2A-4C89-4A24-A1FF-BD648DB95BEF}
		{346EDDAF-BF4E-4EAD-BD44-BACC9EC3BFB9} = {6F218E2A-4C89-4A24-A1FF-BD648DB95BEF}
		{609AB37E-C261-4515-88D7-225F8FCEDE32} = {6F218E2A-4C89-4A24-A1FF-BD648DB95BEF}
		{828E208B-A3AC-425B-81C2-D2905983313C} = {6F218E2A-4C89-4A24-A1FF-BD648DB95BEF}
		{38FD33A4-4570-41E2-B5B0-7513FD12DF4C} = {6F218E2A-4C89-4A24-A1FF-BD648DB95BEF}
		{CD58EB77-18F4-4A57-A092-B30F1C3B7E86} = {6F218E2A-4C89-4A24-A1FF-BD648DB95BEF}
		{D11C70EB-D5BC-4F69-91D8-749BC7B91723} = {6F218E2A-4C89-4A24-A1FF-BD648DB95BEF}
		{504C73A9-FEBD-461E-BC7E-27E700F9BEF2} = {6F218E2A-4C89-4A24-A1FF-BD648DB95BEF}
		{CEB068E3-6F30-4F01-93AE-B76F3CEF473C} = {6F218E2A-4C89-4A24-A1FF-BD648DB95BEF}
		{0E05DD2A-72C5-4E21-8163-A6EF7D34C64C} = {6F218E2A-4C89-4A24-A1FF-BD648DB95BEF}
		{740893B8-F43C-46F9-9169-1D004FB41861} = {7F1F4F02-23FC-4347-A379-70C04A27BBB8}
		{F56F52BD-58EE-451B-A4FC-4D56CF5D26BD} = {7F1F4F02-23FC-4347-A379-70C04A27BBB8}
		{BCD46425-7CDC-4DB1-AEAA-2571673930C0} = {7F1F4F02-23FC-4347-A379-70C04A27BBB8}
		{F5D3B873-B9EC-4713-900A-F1E673440E0F} = {7F1F4F02-23FC-4347-A379-70C04A27BBB8}
		{3A901877-3C3D-49AB-BC77-B65360D15529} = {7F1F4F02-23FC-4347-A379-70C04A27BBB8}
		{73B19A4B-2D10-4FC2-B231-8FC779956DB3} = {7F1F4F02-23FC-4347-A379-70C04A27BBB8}
		{5B3A934D-1AC3-4300-A83E-6C70A5FAADBB} = {7F1F4F02-23FC-4347-A379-70C04A27BBB8}
		{1F608DE6-E0D8-4289-B142-6D6C4097B47F} = {7F1F4F02-23FC-4347-A379-70C04A27BBB8}
		{57016186-AC24-4705-9C78-B19348AAD635} = {7F1F4F02-23FC-4347-A379-70C04A27BBB8}
		{D76B2A5A-7034-46A7-A450-BCCB389773BB} = {5512518C-D303-4DAE-BF02-EB7E0C59CEFD}
		{AA492CD0-8DFC-4D90-AEE1-A6D835F6CF22} = {5512518C-D303-4DAE-BF02-EB7E0C59CEFD}
		{E6378E65-F49E-4059-A91D-59390AAA9DD7} = {5512518C-D303-4DAE-BF02-EB7E0C59CEFD}
		{B3F1BA14-BC08-424B-B00F-C58E46725F44} = {5512518C-D303-4DAE-BF02-EB7E0C59CEFD}
		{22F6C06E-786C-4E27-90BA-C5E13B071E99} = {5512518C-D303-4DAE-BF02-EB7E0C59CEFD}
		{7858850A-7B8F-4067-AEE2-CF3EE9E82323} = {5512518C-D303-4DAE-BF02-EB7E0C59CEFD}
		{4ABB6951-1C9E-42D7-BE92-88CA84ADDDDC} = {5512518C-D303-4DAE-BF02-EB7E0C59CEFD}
		{D93BC387-0E3B-4A4B-B3D0-E8A3E25F4653} = {5512518C-D303-4DAE-BF02-EB7E0C59CEFD}
		{8F296CC2-F411-421D-9BFD-AEE77548BD5F} = {5512518C-D303-4DAE-BF02-EB7E0C59CEFD}
		{513CFDF3-995D-4505-A9F0-FE7A10B6FF6B} = {5512518C-D303-4DAE-BF02-EB7E0C59CEFD}
		{A268D202-87D0-4B7A-ACBA-FDC2F9535EF9} = {49F0DADE-8BF5-4F6E-BDD5-21AB50B077DE}
		{FC250DF8-EEB1-4857-A5F5-AE0E4806CAE6} = {49F0DADE-8BF5-4F6E-BDD5-21AB50B077DE}
		{70969129-2153-470A-8AB3-C0B590FC588E} = {49F0DADE-8BF5-4F6E-BDD5-21AB50B077DE}
		{0C41DF9F-A1B8-4D26-90C2-20E447573C80} = {49F0DADE-8BF5-4F6E-BDD5-21AB50B077DE}
		{BEB52278-65A6-4142-B1F4-1B5F079EC1F6} = {49F0DADE-8BF5-4F6E-BDD5-21AB50B077DE}
		{8C1606DD-EB08-423A-B2F6-66D4DC06E18D} = {49F0DADE-8BF5-4F6E-BDD5-21AB50B077DE}
		{8CD00116-0D88-4472-B219-FCC242AAA4B0} = {49F0DADE-8BF5-4F6E-BDD5-21AB50B077DE}
		{A89F46E0-5233-4042-AF96-81FB8455D385} = {49F0DADE-8BF5-4F6E-BDD5-21AB50B077DE}
	EndGlobalSection
	GlobalSection(ExtensibilityGlobals) = postSolution
		SolutionGuid = {1F4A9316-599B-4454-AEFF-ADFED7382526}
	EndGlobalSection
EndGlobal
